{
  "name": "@cloudcomponents/cdk-static-website",
  "version": "1.0.4",
  "lockfileVersion": 1,
  "requires": true,
  "dependencies": {
    "@aws-cdk/assets": {
      "version": "0.25.0",
      "resolved": "https://registry.npmjs.org/@aws-cdk/assets/-/assets-0.25.0.tgz",
      "integrity": "sha512-NuNKvNnqeBa0q+UV/wBqw9PPut+K3e2/FHrh1GJY4dPK3QnFXPoDXf8ZI0Js2WbDHpgjwLaIMG6r5Zudk14nIg==",
      "requires": {
        "@aws-cdk/aws-iam": "^0.25.0",
        "@aws-cdk/aws-s3": "^0.25.0",
        "@aws-cdk/cdk": "^0.25.0",
        "@aws-cdk/cx-api": "^0.25.0"
      }
    },
    "@aws-cdk/aws-autoscaling-api": {
      "version": "0.25.0",
      "resolved": "https://registry.npmjs.org/@aws-cdk/aws-autoscaling-api/-/aws-autoscaling-api-0.25.0.tgz",
      "integrity": "sha512-U/1GvIAnHtlBuuKvAnaFk1w2a1PtZrjwb1EbIQ6bToHy12OiMnq5OqvsoqMwQS99MPGkPQ58YbJ2Khfol53kXQ==",
      "requires": {
        "@aws-cdk/aws-iam": "^0.25.0",
        "@aws-cdk/cdk": "^0.25.0"
      }
    },
    "@aws-cdk/aws-certificatemanager": {
      "version": "0.25.0",
      "resolved": "https://registry.npmjs.org/@aws-cdk/aws-certificatemanager/-/aws-certificatemanager-0.25.0.tgz",
      "integrity": "sha512-rKINMry0KpVRjYfz9tSEwGmkuRyINLVMdeHEv7+U69Lp6v1kkXaA7BhO22+UScaVqqMq3Q9CZI+rNALFA8QEiQ==",
      "requires": {
        "@aws-cdk/aws-iam": "^0.25.0",
        "@aws-cdk/cdk": "^0.25.0"
      }
    },
    "@aws-cdk/aws-cloudformation": {
      "version": "0.25.0",
      "resolved": "https://registry.npmjs.org/@aws-cdk/aws-cloudformation/-/aws-cloudformation-0.25.0.tgz",
      "integrity": "sha512-GH3jOwA3ZUPpFq96LjBnqlDVv3v6egrHWQCoJ3lEUyZyYCItOlFFhiQ/xP/NrsL86mqZjy47IuLdLf1T7DvI1w==",
      "requires": {
        "@aws-cdk/aws-codepipeline-api": "^0.25.0",
        "@aws-cdk/aws-iam": "^0.25.0",
        "@aws-cdk/aws-lambda": "^0.25.0",
        "@aws-cdk/aws-sns": "^0.25.0",
        "@aws-cdk/cdk": "^0.25.0"
      }
    },
    "@aws-cdk/aws-cloudfront": {
      "version": "0.25.0",
      "resolved": "https://registry.npmjs.org/@aws-cdk/aws-cloudfront/-/aws-cloudfront-0.25.0.tgz",
      "integrity": "sha512-l1Tubsn/PWLtNvFCXpFJIwChMFis+ijBd3bnqxXHYE6jXB1GVq/+6Qwkc9HQjupK3gzPackumpOly5RdZ8iDiA==",
      "requires": {
        "@aws-cdk/aws-certificatemanager": "^0.25.0",
        "@aws-cdk/aws-iam": "^0.25.0",
        "@aws-cdk/aws-kms": "^0.25.0",
        "@aws-cdk/aws-route53": "^0.25.0",
        "@aws-cdk/aws-s3": "^0.25.0",
        "@aws-cdk/cdk": "^0.25.0"
      }
    },
    "@aws-cdk/aws-cloudwatch": {
      "version": "0.25.0",
      "resolved": "https://registry.npmjs.org/@aws-cdk/aws-cloudwatch/-/aws-cloudwatch-0.25.0.tgz",
      "integrity": "sha512-JBQcmt5i35LGXLn1petn+uYs3FwUbuHOSorIScxy4Q/KYgejRR24erSY+vkwZ9dZM2ZsQ/X07GdwtsBMTZ/p0Q==",
      "requires": {
        "@aws-cdk/aws-iam": "^0.25.0",
        "@aws-cdk/cdk": "^0.25.0"
      }
    },
    "@aws-cdk/aws-codepipeline-api": {
      "version": "0.25.0",
      "resolved": "https://registry.npmjs.org/@aws-cdk/aws-codepipeline-api/-/aws-codepipeline-api-0.25.0.tgz",
      "integrity": "sha512-TLLMlwCennX7pAZA+vwnSEHzsf/I2hI0UANJpnxHxjv/1aexpL1RSioctKe3mzR9XMLZwXKKK5iRnDiJJaREeA==",
      "requires": {
        "@aws-cdk/aws-events": "^0.25.0",
        "@aws-cdk/aws-iam": "^0.25.0",
        "@aws-cdk/cdk": "^0.25.0"
      }
    },
    "@aws-cdk/aws-ec2": {
      "version": "0.25.0",
      "resolved": "https://registry.npmjs.org/@aws-cdk/aws-ec2/-/aws-ec2-0.25.0.tgz",
      "integrity": "sha512-r/WhZ8r+8maqam86+1euVexJinKRGMOPsmFVGJgbLN4G/ol2T5kKRp3HxX4r7ELS1cTLTcXZg5NFRmYX8j0nYg==",
      "requires": {
        "@aws-cdk/aws-iam": "^0.25.0",
        "@aws-cdk/cdk": "^0.25.0",
        "@aws-cdk/cx-api": "^0.25.0"
      }
    },
    "@aws-cdk/aws-events": {
      "version": "0.25.0",
      "resolved": "https://registry.npmjs.org/@aws-cdk/aws-events/-/aws-events-0.25.0.tgz",
      "integrity": "sha512-11Ss104gtIpGbqexDqMmwqX4DxgQ7UJWwLHRQ88Ytp2+XMbRbexm42Ywwux9EaP6xjtfZwcLPoDACe+tAvfLVw==",
      "requires": {
        "@aws-cdk/aws-iam": "^0.25.0",
        "@aws-cdk/cdk": "^0.25.0"
      }
    },
    "@aws-cdk/aws-iam": {
      "version": "0.25.0",
      "resolved": "https://registry.npmjs.org/@aws-cdk/aws-iam/-/aws-iam-0.25.0.tgz",
      "integrity": "sha512-XE6mGn4WTaiCGtCzMfdu+8KKGDeLPgs7B4silfIQR6Do+QpR9QiR7wkFb0JO1GwUNcSqMnmvgZzkjca8lI1uDw==",
      "requires": {
        "@aws-cdk/cdk": "^0.25.0"
      }
    },
    "@aws-cdk/aws-kms": {
      "version": "0.25.0",
      "resolved": "https://registry.npmjs.org/@aws-cdk/aws-kms/-/aws-kms-0.25.0.tgz",
      "integrity": "sha512-B0cp6i64lQtVyxMNrFJ0kbR1OcUZT+F5Slwt9Ag9is6qiMXR0QZr6vbkrYkUFetVUn+2AtSN9aUtpF5Rx0u8IQ==",
      "requires": {
        "@aws-cdk/aws-iam": "^0.25.0",
        "@aws-cdk/cdk": "^0.25.0"
      }
    },
    "@aws-cdk/aws-lambda": {
      "version": "0.25.0",
      "resolved": "https://registry.npmjs.org/@aws-cdk/aws-lambda/-/aws-lambda-0.25.0.tgz",
      "integrity": "sha512-DJtJg6ka3VGxNrE/crbJXSn98uDB8fMa28Oz3DO3aHMlEPWyghV7Jnz5L/oMKTEc0o6P5HXZ0hhcIWSMza4HNg==",
      "requires": {
        "@aws-cdk/assets": "^0.25.0",
        "@aws-cdk/aws-cloudwatch": "^0.25.0",
        "@aws-cdk/aws-codepipeline-api": "^0.25.0",
        "@aws-cdk/aws-ec2": "^0.25.0",
        "@aws-cdk/aws-events": "^0.25.0",
        "@aws-cdk/aws-iam": "^0.25.0",
        "@aws-cdk/aws-logs": "^0.25.0",
        "@aws-cdk/aws-s3": "^0.25.0",
        "@aws-cdk/aws-s3-notifications": "^0.25.0",
        "@aws-cdk/aws-sqs": "^0.25.0",
        "@aws-cdk/aws-stepfunctions": "^0.25.0",
        "@aws-cdk/cdk": "^0.25.0",
        "@aws-cdk/cx-api": "^0.25.0"
      }
    },
    "@aws-cdk/aws-logs": {
      "version": "0.25.0",
      "resolved": "https://registry.npmjs.org/@aws-cdk/aws-logs/-/aws-logs-0.25.0.tgz",
      "integrity": "sha512-MrjQSROD4S1xc/XcGa7QZyGUTb1LKs9J4CUj/7het/keb2D+0Ek+nd2v347zL/6w88OA+asHHgtWiiL+LE6IKQ==",
      "requires": {
        "@aws-cdk/aws-cloudwatch": "^0.25.0",
        "@aws-cdk/aws-iam": "^0.25.0",
        "@aws-cdk/cdk": "^0.25.0"
      }
    },
    "@aws-cdk/aws-route53": {
      "version": "0.25.0",
      "resolved": "https://registry.npmjs.org/@aws-cdk/aws-route53/-/aws-route53-0.25.0.tgz",
      "integrity": "sha512-kasQhsmSM2rqPV7ERLtlw+HofxM3c27/GJ2KWWqrVFQuMkWruInKjiKHm+IfURzVCnGIlYEGbxAqaQELq0zpuw==",
      "requires": {
        "@aws-cdk/aws-ec2": "^0.25.0",
        "@aws-cdk/aws-logs": "^0.25.0",
        "@aws-cdk/cdk": "^0.25.0",
        "@aws-cdk/cx-api": "^0.25.0"
      }
    },
    "@aws-cdk/aws-s3": {
      "version": "0.25.0",
      "resolved": "https://registry.npmjs.org/@aws-cdk/aws-s3/-/aws-s3-0.25.0.tgz",
      "integrity": "sha512-D7Er+nb9lbFDBQPyXbWkt8L5+w/cG+ZqrH4tbwG9IQA4JA1vyx6wk7FGcaqByOg3PBrqlDScrLvxvieXMmI8ww==",
      "requires": {
        "@aws-cdk/aws-codepipeline-api": "^0.25.0",
        "@aws-cdk/aws-events": "^0.25.0",
        "@aws-cdk/aws-iam": "^0.25.0",
        "@aws-cdk/aws-kms": "^0.25.0",
        "@aws-cdk/aws-s3-notifications": "^0.25.0",
        "@aws-cdk/cdk": "^0.25.0"
      }
    },
    "@aws-cdk/aws-s3-deployment": {
      "version": "0.25.0",
      "resolved": "https://registry.npmjs.org/@aws-cdk/aws-s3-deployment/-/aws-s3-deployment-0.25.0.tgz",
      "integrity": "sha512-ZfQsYR6RKvlbF0EA9i/cLJSAi+s+d9XxaQ7uiDxUmHjHZo3BKZR1CwEv/lvq/SETIUU81+eM1rfpO9V2xqoIBQ==",
      "requires": {
        "@aws-cdk/assets": "^0.25.0",
        "@aws-cdk/aws-cloudformation": "^0.25.0",
        "@aws-cdk/aws-iam": "^0.25.0",
        "@aws-cdk/aws-lambda": "^0.25.0",
        "@aws-cdk/aws-s3": "^0.25.0",
        "@aws-cdk/cdk": "^0.25.0"
      }
    },
    "@aws-cdk/aws-s3-notifications": {
      "version": "0.25.0",
      "resolved": "https://registry.npmjs.org/@aws-cdk/aws-s3-notifications/-/aws-s3-notifications-0.25.0.tgz",
      "integrity": "sha512-qj3Nybdr5TgylAiqFnVqoKpFTDJEg3m9/NlJnwyNBM7T+PgC2dLBvUeWg7xDdYebAfUvGylTqfMm9lMJfk9ESQ==",
      "requires": {
        "@aws-cdk/cdk": "^0.25.0"
      }
    },
    "@aws-cdk/aws-sns": {
      "version": "0.25.0",
      "resolved": "https://registry.npmjs.org/@aws-cdk/aws-sns/-/aws-sns-0.25.0.tgz",
      "integrity": "sha512-pe6jBDP/KeXldVksBKo4MDuCKAn+OwerbwoJP9G5Ya3pJ9aX3KcyfHb5oMVpyh6rkq+u07lL3DKFuL4wuEzXLw==",
      "requires": {
        "@aws-cdk/aws-autoscaling-api": "^0.25.0",
        "@aws-cdk/aws-cloudwatch": "^0.25.0",
        "@aws-cdk/aws-events": "^0.25.0",
        "@aws-cdk/aws-iam": "^0.25.0",
        "@aws-cdk/aws-lambda": "^0.25.0",
        "@aws-cdk/aws-s3-notifications": "^0.25.0",
        "@aws-cdk/aws-sqs": "^0.25.0",
        "@aws-cdk/cdk": "^0.25.0"
      }
    },
    "@aws-cdk/aws-sqs": {
      "version": "0.25.0",
      "resolved": "https://registry.npmjs.org/@aws-cdk/aws-sqs/-/aws-sqs-0.25.0.tgz",
      "integrity": "sha512-cS5NoTua1Vt0dRUo3XmHfIWzPYt0QQQWh3k/Dz8j7GsjZoDSObXFa6uP3AawRHIj2k9qU33IUWVsfObO0hpK0A==",
      "requires": {
        "@aws-cdk/aws-autoscaling-api": "^0.25.0",
        "@aws-cdk/aws-cloudwatch": "^0.25.0",
        "@aws-cdk/aws-iam": "^0.25.0",
        "@aws-cdk/aws-kms": "^0.25.0",
        "@aws-cdk/aws-s3-notifications": "^0.25.0",
        "@aws-cdk/cdk": "^0.25.0"
      }
    },
    "@aws-cdk/aws-stepfunctions": {
      "version": "0.25.0",
      "resolved": "https://registry.npmjs.org/@aws-cdk/aws-stepfunctions/-/aws-stepfunctions-0.25.0.tgz",
      "integrity": "sha512-TaiOXrNKBLC1k9LWjN2znuZUfZSBXY1dQkx6o+IJZitNMe2lFyzOwImyZVe6hd6AQ7abp+wcZMV5D/TZsmFHHQ==",
      "requires": {
        "@aws-cdk/aws-cloudwatch": "^0.25.0",
        "@aws-cdk/aws-events": "^0.25.0",
        "@aws-cdk/aws-iam": "^0.25.0",
        "@aws-cdk/cdk": "^0.25.0"
      }
    },
    "@aws-cdk/cdk": {
      "version": "0.25.0",
      "resolved": "https://registry.npmjs.org/@aws-cdk/cdk/-/cdk-0.25.0.tgz",
      "integrity": "sha512-+rcB181jZPuOah0ISKo1Eu15Lod+avKtxvyerxATnS6Bq1ISb2RNTIguJS5DPAb8Slu0eT1pD1UeyMYvIw6ISw==",
      "requires": {
        "@aws-cdk/cx-api": "^0.25.0",
        "js-base64": "^2.4.5",
        "json-diff": "^0.3.1"
      },
      "dependencies": {
        "cli-color": {
          "version": "0.1.7",
          "bundled": true,
          "requires": {
            "es5-ext": "0.8.x"
          }
        },
        "difflib": {
          "version": "0.2.4",
          "bundled": true,
          "requires": {
            "heap": ">= 0.2.0"
          }
        },
        "dreamopt": {
          "version": "0.6.0",
          "bundled": true,
          "requires": {
            "wordwrap": ">=0.0.2"
          }
        },
        "es5-ext": {
          "version": "0.8.2",
          "bundled": true
        },
        "heap": {
          "version": "0.2.6",
          "bundled": true
        },
        "js-base64": {
          "version": "2.5.1",
          "bundled": true
        },
        "json-diff": {
          "version": "0.3.1",
          "bundled": true,
          "requires": {
            "cli-color": "~0.1.6",
            "difflib": "~0.2.1",
            "dreamopt": "~0.6.0"
          }
        },
        "wordwrap": {
          "version": "1.0.0",
          "bundled": true
        }
      }
    },
    "@aws-cdk/cx-api": {
      "version": "0.25.0",
      "resolved": "https://registry.npmjs.org/@aws-cdk/cx-api/-/cx-api-0.25.0.tgz",
      "integrity": "sha512-UXb266ZKFW2o65AltkhZnpIcacGckwr+d9lPpHIUNm2/y3rZGDOBTcNP8t7UwCT1epC7172vW19Gn8KSFdVL8g=="
    },
    "typescript": {
      "version": "3.3.3333",
      "resolved": "https://registry.npmjs.org/typescript/-/typescript-3.3.3333.tgz",
      "integrity": "sha512-JjSKsAfuHBE/fB2oZ8NxtRTk5iGcg6hkYXMnZ3Wc+b2RSqejEqTaem11mHASMnFilHrax3sLK0GDzcJrekZYLw==",
      "dev": true
    }
  }
}
