{
  "name": "@cloudcomponents/cdk-pull-request-check",
  "version": "1.40.0",
  "lockfileVersion": 1,
  "requires": true,
  "dependencies": {
    "@aws-cdk/assert": {
      "version": "1.115.0",
      "resolved": "https://registry.npmjs.org/@aws-cdk/assert/-/assert-1.115.0.tgz",
      "integrity": "sha512-sOSo2xFLFA/lFWOmsDllMgxDwxv6VuPfi7FueizlgdLZLaRyctEWH55rGm07C+ewej1AjFHp2mjp0SSpG2V3Cw==",
      "dev": true,
      "requires": {
        "@aws-cdk/cloudformation-diff": "1.115.0",
        "@aws-cdk/core": "1.115.0",
        "@aws-cdk/cx-api": "1.115.0",
        "constructs": "^3.3.69"
      }
    },
    "@aws-cdk/assets": {
      "version": "1.115.0",
      "resolved": "https://registry.npmjs.org/@aws-cdk/assets/-/assets-1.115.0.tgz",
      "integrity": "sha512-bZlT7EU7qDKqCO5QSYRnBHS4QWFpCwBuXpuxtKj0dAkoMYghhp/d2N6vJbvdeYJp171dfmEZvGYcGM1eyI9xkg==",
      "requires": {
        "@aws-cdk/core": "1.115.0",
        "@aws-cdk/cx-api": "1.115.0",
        "constructs": "^3.3.69"
      }
    },
    "@aws-cdk/aws-apigateway": {
      "version": "1.115.0",
      "resolved": "https://registry.npmjs.org/@aws-cdk/aws-apigateway/-/aws-apigateway-1.115.0.tgz",
      "integrity": "sha512-/szXz2CGoTwZFSbuRXIeDYPe238LCzS2S2ZgCWt6Y26ok13+jCv/i5Sq0Oqj3sj2fYXTf5lZbwQKSvV/yo21vA==",
      "requires": {
        "@aws-cdk/aws-certificatemanager": "1.115.0",
        "@aws-cdk/aws-cloudwatch": "1.115.0",
        "@aws-cdk/aws-cognito": "1.115.0",
        "@aws-cdk/aws-ec2": "1.115.0",
        "@aws-cdk/aws-elasticloadbalancingv2": "1.115.0",
        "@aws-cdk/aws-iam": "1.115.0",
        "@aws-cdk/aws-lambda": "1.115.0",
        "@aws-cdk/aws-logs": "1.115.0",
        "@aws-cdk/aws-s3": "1.115.0",
        "@aws-cdk/aws-s3-assets": "1.115.0",
        "@aws-cdk/core": "1.115.0",
        "@aws-cdk/cx-api": "1.115.0",
        "constructs": "^3.3.69"
      }
    },
    "@aws-cdk/aws-applicationautoscaling": {
      "version": "1.115.0",
      "resolved": "https://registry.npmjs.org/@aws-cdk/aws-applicationautoscaling/-/aws-applicationautoscaling-1.115.0.tgz",
      "integrity": "sha512-s/n0cUpmabM3RAJ86S4EEJgmA1fkGhH/ntMJfgUwhDZyJsa1WUfWxVVxt+ZCjJ7fNl6ZveZHqlsLCnsbSf9Ogg==",
      "requires": {
        "@aws-cdk/aws-autoscaling-common": "1.115.0",
        "@aws-cdk/aws-cloudwatch": "1.115.0",
        "@aws-cdk/aws-iam": "1.115.0",
        "@aws-cdk/core": "1.115.0",
        "constructs": "^3.3.69"
      }
    },
    "@aws-cdk/aws-autoscaling": {
      "version": "1.115.0",
      "resolved": "https://registry.npmjs.org/@aws-cdk/aws-autoscaling/-/aws-autoscaling-1.115.0.tgz",
      "integrity": "sha512-ZwZ1N2LZ3R1MeiOp1Le0tx6EQHqX+3qDh/R084YqF7/PUmnORSzvOAZX0CXD8NS2okTZKgh9w5TAltVBcI2pVA==",
      "requires": {
        "@aws-cdk/aws-autoscaling-common": "1.115.0",
        "@aws-cdk/aws-cloudwatch": "1.115.0",
        "@aws-cdk/aws-ec2": "1.115.0",
        "@aws-cdk/aws-elasticloadbalancing": "1.115.0",
        "@aws-cdk/aws-elasticloadbalancingv2": "1.115.0",
        "@aws-cdk/aws-iam": "1.115.0",
        "@aws-cdk/aws-sns": "1.115.0",
        "@aws-cdk/core": "1.115.0",
        "constructs": "^3.3.69"
      }
    },
    "@aws-cdk/aws-autoscaling-common": {
      "version": "1.115.0",
      "resolved": "https://registry.npmjs.org/@aws-cdk/aws-autoscaling-common/-/aws-autoscaling-common-1.115.0.tgz",
      "integrity": "sha512-5L/DgfqHfX4Vwa2g42vxA0ZNxuwtIEnjxX3R+tZkppvvZYrKJIFAkjbD21x6eXv3N6Kckmd8+fdQCV8N4p7Hug==",
      "requires": {
        "@aws-cdk/aws-iam": "1.115.0",
        "@aws-cdk/core": "1.115.0",
        "constructs": "^3.3.69"
      }
    },
    "@aws-cdk/aws-autoscaling-hooktargets": {
      "version": "1.115.0",
      "resolved": "https://registry.npmjs.org/@aws-cdk/aws-autoscaling-hooktargets/-/aws-autoscaling-hooktargets-1.115.0.tgz",
      "integrity": "sha512-xo53X0BWXPOkp8r+XIQuMAK1Ry4EBc+LFiRxrqRpZPxQrXLeX0pxwZmiwqppOC6Ew4j04IluvJ5lyrlEOk+L6Q==",
      "requires": {
        "@aws-cdk/aws-autoscaling": "1.115.0",
        "@aws-cdk/aws-iam": "1.115.0",
        "@aws-cdk/aws-kms": "1.115.0",
        "@aws-cdk/aws-lambda": "1.115.0",
        "@aws-cdk/aws-sns": "1.115.0",
        "@aws-cdk/aws-sns-subscriptions": "1.115.0",
        "@aws-cdk/aws-sqs": "1.115.0",
        "@aws-cdk/core": "1.115.0",
        "constructs": "^3.3.69"
      }
    },
    "@aws-cdk/aws-certificatemanager": {
      "version": "1.115.0",
      "resolved": "https://registry.npmjs.org/@aws-cdk/aws-certificatemanager/-/aws-certificatemanager-1.115.0.tgz",
      "integrity": "sha512-c38QRpbkYUay+bO0pzTDgWZRtiJRX6qqi5W2ZKjY+DMnGXHDXZ9KLP1tknLdKJoDpfsqYao7W962zbUUXdNCYA==",
      "requires": {
        "@aws-cdk/aws-cloudwatch": "1.115.0",
        "@aws-cdk/aws-iam": "1.115.0",
        "@aws-cdk/aws-lambda": "1.115.0",
        "@aws-cdk/aws-route53": "1.115.0",
        "@aws-cdk/core": "1.115.0",
        "constructs": "^3.3.69"
      }
    },
    "@aws-cdk/aws-cloudformation": {
      "version": "1.115.0",
      "resolved": "https://registry.npmjs.org/@aws-cdk/aws-cloudformation/-/aws-cloudformation-1.115.0.tgz",
      "integrity": "sha512-7Dc7JPBwpoi5hxO4VeamecJFSuwo8Wull4iv4MgA6Jz3vIZCE3cD5EkwzreoU9yRkcHuehsJ9NBc0HY8nwTC0g==",
      "requires": {
        "@aws-cdk/aws-iam": "1.115.0",
        "@aws-cdk/aws-lambda": "1.115.0",
        "@aws-cdk/aws-s3": "1.115.0",
        "@aws-cdk/aws-sns": "1.115.0",
        "@aws-cdk/core": "1.115.0",
        "@aws-cdk/cx-api": "1.115.0",
        "constructs": "^3.3.69"
      }
    },
    "@aws-cdk/aws-cloudfront": {
      "version": "1.115.0",
      "resolved": "https://registry.npmjs.org/@aws-cdk/aws-cloudfront/-/aws-cloudfront-1.115.0.tgz",
      "integrity": "sha512-ySXhMXRoMqDJrL5Gk8YtSdGl/fAMTUc7musTUA0AsxV+hInHluKoUA15I73Jheil2KyY3mzwZyFNG1qgvZVvpA==",
      "requires": {
        "@aws-cdk/aws-certificatemanager": "1.115.0",
        "@aws-cdk/aws-cloudwatch": "1.115.0",
        "@aws-cdk/aws-ec2": "1.115.0",
        "@aws-cdk/aws-iam": "1.115.0",
        "@aws-cdk/aws-kms": "1.115.0",
        "@aws-cdk/aws-lambda": "1.115.0",
        "@aws-cdk/aws-s3": "1.115.0",
        "@aws-cdk/aws-ssm": "1.115.0",
        "@aws-cdk/core": "1.115.0",
        "constructs": "^3.3.69"
      }
    },
    "@aws-cdk/aws-cloudwatch": {
      "version": "1.115.0",
      "resolved": "https://registry.npmjs.org/@aws-cdk/aws-cloudwatch/-/aws-cloudwatch-1.115.0.tgz",
      "integrity": "sha512-HmlwnQ76/z/ka4S5Jwm+KXHGp4FAB9rcE3G0l2pP71lYGn4XH2Z66jUZb/U2yixCCwx1oLYZZtcU4d4FRGaI5A==",
      "requires": {
        "@aws-cdk/aws-iam": "1.115.0",
        "@aws-cdk/core": "1.115.0",
        "constructs": "^3.3.69"
      }
    },
    "@aws-cdk/aws-codebuild": {
      "version": "1.115.0",
      "resolved": "https://registry.npmjs.org/@aws-cdk/aws-codebuild/-/aws-codebuild-1.115.0.tgz",
      "integrity": "sha512-4kgGuWEF5bBqh5hNZfSzRke/LS3ShfvraaF5Z0snYN8Qa1sb9162nCDkdavtYnDTgAQm7IRybQjTMlFeD+NM6A==",
      "requires": {
        "@aws-cdk/aws-cloudwatch": "1.115.0",
        "@aws-cdk/aws-codecommit": "1.115.0",
        "@aws-cdk/aws-codestarnotifications": "1.115.0",
        "@aws-cdk/aws-ec2": "1.115.0",
        "@aws-cdk/aws-ecr": "1.115.0",
        "@aws-cdk/aws-ecr-assets": "1.115.0",
        "@aws-cdk/aws-events": "1.115.0",
        "@aws-cdk/aws-iam": "1.115.0",
        "@aws-cdk/aws-kms": "1.115.0",
        "@aws-cdk/aws-logs": "1.115.0",
        "@aws-cdk/aws-s3": "1.115.0",
        "@aws-cdk/aws-s3-assets": "1.115.0",
        "@aws-cdk/aws-secretsmanager": "1.115.0",
        "@aws-cdk/core": "1.115.0",
        "@aws-cdk/region-info": "1.115.0",
        "constructs": "^3.3.69",
        "yaml": "1.10.2"
      },
      "dependencies": {
        "yaml": {
          "version": "1.10.2",
          "bundled": true
        }
      }
    },
    "@aws-cdk/aws-codecommit": {
      "version": "1.115.0",
      "resolved": "https://registry.npmjs.org/@aws-cdk/aws-codecommit/-/aws-codecommit-1.115.0.tgz",
      "integrity": "sha512-IhsQOxFy6g3AmKun7Ypxuz7e4CO7amkm+RNkCZfje43qQC1ZU/WT5I6YGUtWtNpCJwLSDtv6RYtXDQIMLICjWQ==",
      "requires": {
        "@aws-cdk/aws-events": "1.115.0",
        "@aws-cdk/aws-iam": "1.115.0",
        "@aws-cdk/core": "1.115.0",
        "constructs": "^3.3.69"
      }
    },
    "@aws-cdk/aws-codeguruprofiler": {
      "version": "1.115.0",
      "resolved": "https://registry.npmjs.org/@aws-cdk/aws-codeguruprofiler/-/aws-codeguruprofiler-1.115.0.tgz",
      "integrity": "sha512-SZ2Y22+nquOdqQCXUdTvEeArwhF08Bw8+IzCujl/lghmntbCOiiE0uMtzEzEAt9TJW6T75q1aUmd1b9+1Xh+dA==",
      "requires": {
        "@aws-cdk/aws-iam": "1.115.0",
        "@aws-cdk/core": "1.115.0",
        "constructs": "^3.3.69"
      }
    },
    "@aws-cdk/aws-codepipeline": {
      "version": "1.115.0",
      "resolved": "https://registry.npmjs.org/@aws-cdk/aws-codepipeline/-/aws-codepipeline-1.115.0.tgz",
      "integrity": "sha512-3ow39DuZNF2oM7aTpXbCMZ4700/sQ81v7kb6t605UKnmDKiRInEq3x1UxrIyL7B+B1W+YK+dhNDInYxxQwE4VQ==",
      "requires": {
        "@aws-cdk/aws-codestarnotifications": "1.115.0",
        "@aws-cdk/aws-events": "1.115.0",
        "@aws-cdk/aws-iam": "1.115.0",
        "@aws-cdk/aws-kms": "1.115.0",
        "@aws-cdk/aws-s3": "1.115.0",
        "@aws-cdk/core": "1.115.0",
        "constructs": "^3.3.69"
      }
    },
    "@aws-cdk/aws-codestarnotifications": {
      "version": "1.115.0",
      "resolved": "https://registry.npmjs.org/@aws-cdk/aws-codestarnotifications/-/aws-codestarnotifications-1.115.0.tgz",
      "integrity": "sha512-qR31jrDEkwI74HMAy0mHDgVTxS9zYbZEWAm2qAs/4rtymOTDsT849doV2MEb3Pl1/nLzYfffQWAHwfVQ7gPzig==",
      "requires": {
        "@aws-cdk/core": "1.115.0",
        "constructs": "^3.3.69"
      }
    },
    "@aws-cdk/aws-cognito": {
      "version": "1.115.0",
      "resolved": "https://registry.npmjs.org/@aws-cdk/aws-cognito/-/aws-cognito-1.115.0.tgz",
      "integrity": "sha512-GIg79AhiVJzbf+EY8lZaQWXnMZS7FQDM4iB4bOHXbSwyQKwXdODf0Ckaz4lnLRuhZgzs1K+usdHZwJPysjtylw==",
      "requires": {
        "@aws-cdk/aws-certificatemanager": "1.115.0",
        "@aws-cdk/aws-iam": "1.115.0",
        "@aws-cdk/aws-lambda": "1.115.0",
        "@aws-cdk/core": "1.115.0",
        "@aws-cdk/custom-resources": "1.115.0",
        "constructs": "^3.3.69",
        "punycode": "^2.1.1"
      },
      "dependencies": {
        "punycode": {
          "version": "2.1.1",
          "bundled": true
        }
      }
    },
    "@aws-cdk/aws-ec2": {
      "version": "1.115.0",
      "resolved": "https://registry.npmjs.org/@aws-cdk/aws-ec2/-/aws-ec2-1.115.0.tgz",
      "integrity": "sha512-u/UkleFEbzxJzjpu1w5z0gj1cu3+w3yAMaqfR/D9etHsyF4uTtkshuiETmGrBVAdOddaUFQWB3i1wjwfcvyxsg==",
      "requires": {
        "@aws-cdk/aws-cloudwatch": "1.115.0",
        "@aws-cdk/aws-iam": "1.115.0",
        "@aws-cdk/aws-kms": "1.115.0",
        "@aws-cdk/aws-logs": "1.115.0",
        "@aws-cdk/aws-s3": "1.115.0",
        "@aws-cdk/aws-s3-assets": "1.115.0",
        "@aws-cdk/aws-ssm": "1.115.0",
        "@aws-cdk/cloud-assembly-schema": "1.115.0",
        "@aws-cdk/core": "1.115.0",
        "@aws-cdk/cx-api": "1.115.0",
        "@aws-cdk/region-info": "1.115.0",
        "constructs": "^3.3.69"
      }
    },
    "@aws-cdk/aws-ecr": {
      "version": "1.115.0",
      "resolved": "https://registry.npmjs.org/@aws-cdk/aws-ecr/-/aws-ecr-1.115.0.tgz",
      "integrity": "sha512-vS2P3y8ArlCY6id1G8i9V6CuRorR+G3VMAUDCqkLc5C35OjtiKD9iY7S6zH/eaX+kDpsd71A1IZ/Qw2dmUGdWw==",
      "requires": {
        "@aws-cdk/aws-events": "1.115.0",
        "@aws-cdk/aws-iam": "1.115.0",
        "@aws-cdk/core": "1.115.0",
        "constructs": "^3.3.69"
      }
    },
    "@aws-cdk/aws-ecr-assets": {
      "version": "1.115.0",
      "resolved": "https://registry.npmjs.org/@aws-cdk/aws-ecr-assets/-/aws-ecr-assets-1.115.0.tgz",
      "integrity": "sha512-WmQVWyS5DDS0I8A+LCk86MKEmxji30ocbq+JNeusTwFkIsVL0gaW1AgtCS98GDifjUNxdSU7MgkcCBTCAGRl4A==",
      "requires": {
        "@aws-cdk/assets": "1.115.0",
        "@aws-cdk/aws-ecr": "1.115.0",
        "@aws-cdk/aws-iam": "1.115.0",
        "@aws-cdk/aws-s3": "1.115.0",
        "@aws-cdk/core": "1.115.0",
        "@aws-cdk/cx-api": "1.115.0",
        "constructs": "^3.3.69",
        "minimatch": "^3.0.4"
      },
      "dependencies": {
        "balanced-match": {
          "version": "1.0.2",
          "bundled": true
        },
        "brace-expansion": {
          "version": "1.1.11",
          "bundled": true,
          "requires": {
            "balanced-match": "^1.0.0",
            "concat-map": "0.0.1"
          }
        },
        "concat-map": {
          "version": "0.0.1",
          "bundled": true
        },
        "minimatch": {
          "version": "3.0.4",
          "bundled": true,
          "requires": {
            "brace-expansion": "^1.1.7"
          }
        }
      }
    },
    "@aws-cdk/aws-ecs": {
      "version": "1.115.0",
      "resolved": "https://registry.npmjs.org/@aws-cdk/aws-ecs/-/aws-ecs-1.115.0.tgz",
      "integrity": "sha512-QAT4AfQqXAdpK8LS3MsXIOFxHxVDJBRcTYo137+QgkSZqO13qnlf55Edf1ZL3wlLUe7CDZdDdMdcW5Vq4yP4pw==",
      "requires": {
        "@aws-cdk/aws-applicationautoscaling": "1.115.0",
        "@aws-cdk/aws-autoscaling": "1.115.0",
        "@aws-cdk/aws-autoscaling-hooktargets": "1.115.0",
        "@aws-cdk/aws-certificatemanager": "1.115.0",
        "@aws-cdk/aws-cloudwatch": "1.115.0",
        "@aws-cdk/aws-ec2": "1.115.0",
        "@aws-cdk/aws-ecr": "1.115.0",
        "@aws-cdk/aws-ecr-assets": "1.115.0",
        "@aws-cdk/aws-elasticloadbalancing": "1.115.0",
        "@aws-cdk/aws-elasticloadbalancingv2": "1.115.0",
        "@aws-cdk/aws-iam": "1.115.0",
        "@aws-cdk/aws-kms": "1.115.0",
        "@aws-cdk/aws-lambda": "1.115.0",
        "@aws-cdk/aws-logs": "1.115.0",
        "@aws-cdk/aws-route53": "1.115.0",
        "@aws-cdk/aws-route53-targets": "1.115.0",
        "@aws-cdk/aws-s3": "1.115.0",
        "@aws-cdk/aws-s3-assets": "1.115.0",
        "@aws-cdk/aws-secretsmanager": "1.115.0",
        "@aws-cdk/aws-servicediscovery": "1.115.0",
        "@aws-cdk/aws-sns": "1.115.0",
        "@aws-cdk/aws-sqs": "1.115.0",
        "@aws-cdk/aws-ssm": "1.115.0",
        "@aws-cdk/core": "1.115.0",
        "@aws-cdk/cx-api": "1.115.0",
        "constructs": "^3.3.69"
      }
    },
    "@aws-cdk/aws-efs": {
      "version": "1.115.0",
      "resolved": "https://registry.npmjs.org/@aws-cdk/aws-efs/-/aws-efs-1.115.0.tgz",
      "integrity": "sha512-EK/wO9hM3mcSbmmsHxEPX66sblNebQzQ3jpx8Glzn/LYWgNDbMhWvfe+/8WWRhNp5o+0TgmVFOwgYGDtygytgQ==",
      "requires": {
        "@aws-cdk/aws-ec2": "1.115.0",
        "@aws-cdk/aws-iam": "1.115.0",
        "@aws-cdk/aws-kms": "1.115.0",
        "@aws-cdk/cloud-assembly-schema": "1.115.0",
        "@aws-cdk/core": "1.115.0",
        "@aws-cdk/cx-api": "1.115.0",
        "constructs": "^3.3.69"
      }
    },
    "@aws-cdk/aws-elasticloadbalancing": {
      "version": "1.115.0",
      "resolved": "https://registry.npmjs.org/@aws-cdk/aws-elasticloadbalancing/-/aws-elasticloadbalancing-1.115.0.tgz",
      "integrity": "sha512-IWhAdrjvbpf7YYqC0zRX/8QOnK13HsSOQRyUfrmchAho3Fik9H1Z8xH3JT6ae2Vr7TRe2R9xArKcUSdsg+crDw==",
      "requires": {
        "@aws-cdk/aws-ec2": "1.115.0",
        "@aws-cdk/core": "1.115.0",
        "constructs": "^3.3.69"
      }
    },
    "@aws-cdk/aws-elasticloadbalancingv2": {
      "version": "1.115.0",
      "resolved": "https://registry.npmjs.org/@aws-cdk/aws-elasticloadbalancingv2/-/aws-elasticloadbalancingv2-1.115.0.tgz",
      "integrity": "sha512-q1IKl7jDEtmY7eiZW/7CkHLzh02CNtcg/LcpO0NL16toslfa7zcsRIlNDc2j50Grhft+HBjNsBGy+B5RFEbFzw==",
      "requires": {
        "@aws-cdk/aws-certificatemanager": "1.115.0",
        "@aws-cdk/aws-cloudwatch": "1.115.0",
        "@aws-cdk/aws-ec2": "1.115.0",
        "@aws-cdk/aws-iam": "1.115.0",
        "@aws-cdk/aws-lambda": "1.115.0",
        "@aws-cdk/aws-s3": "1.115.0",
        "@aws-cdk/cloud-assembly-schema": "1.115.0",
        "@aws-cdk/core": "1.115.0",
        "@aws-cdk/cx-api": "1.115.0",
        "@aws-cdk/region-info": "1.115.0",
        "constructs": "^3.3.69"
      }
    },
    "@aws-cdk/aws-events": {
      "version": "1.115.0",
      "resolved": "https://registry.npmjs.org/@aws-cdk/aws-events/-/aws-events-1.115.0.tgz",
      "integrity": "sha512-fpEjk2PAmZk9Kc5lGMbjeWGDVUO4FreKEcoKCgvTQA89eBB16QBK+psdf9nOa5uEj4obOvQ1VENPc3LByyOslA==",
      "requires": {
        "@aws-cdk/aws-iam": "1.115.0",
        "@aws-cdk/core": "1.115.0",
        "constructs": "^3.3.69"
      }
    },
    "@aws-cdk/aws-events-targets": {
      "version": "1.115.0",
      "resolved": "https://registry.npmjs.org/@aws-cdk/aws-events-targets/-/aws-events-targets-1.115.0.tgz",
      "integrity": "sha512-7xXcQf0PZGlu5CjKG17igEVQg5laGAdKPcKUCgPQqPK0QK0VwFNT8DJLU5weoiBaRi/JHL3kJ7RW/0RAmn1xOg==",
      "requires": {
        "@aws-cdk/aws-apigateway": "1.115.0",
        "@aws-cdk/aws-codebuild": "1.115.0",
        "@aws-cdk/aws-codepipeline": "1.115.0",
        "@aws-cdk/aws-ec2": "1.115.0",
        "@aws-cdk/aws-ecs": "1.115.0",
        "@aws-cdk/aws-events": "1.115.0",
        "@aws-cdk/aws-iam": "1.115.0",
        "@aws-cdk/aws-kinesis": "1.115.0",
        "@aws-cdk/aws-kinesisfirehose": "1.115.0",
        "@aws-cdk/aws-kms": "1.115.0",
        "@aws-cdk/aws-lambda": "1.115.0",
        "@aws-cdk/aws-logs": "1.115.0",
        "@aws-cdk/aws-sns": "1.115.0",
        "@aws-cdk/aws-sns-subscriptions": "1.115.0",
        "@aws-cdk/aws-sqs": "1.115.0",
        "@aws-cdk/aws-stepfunctions": "1.115.0",
        "@aws-cdk/core": "1.115.0",
        "@aws-cdk/custom-resources": "1.115.0",
        "constructs": "^3.3.69"
      }
    },
    "@aws-cdk/aws-globalaccelerator": {
      "version": "1.115.0",
      "resolved": "https://registry.npmjs.org/@aws-cdk/aws-globalaccelerator/-/aws-globalaccelerator-1.115.0.tgz",
      "integrity": "sha512-KNQev8PXjvSAcMrKUXH0c+jgF/0PkToqs1yPBrydPWKuxEZAEnfxToQ8/Bgfq9gIk71olNJvpQQAzMsxOi4MBQ==",
      "requires": {
        "@aws-cdk/aws-ec2": "1.115.0",
        "@aws-cdk/core": "1.115.0",
        "@aws-cdk/custom-resources": "1.115.0",
        "constructs": "^3.3.69"
      }
    },
    "@aws-cdk/aws-iam": {
      "version": "1.115.0",
      "resolved": "https://registry.npmjs.org/@aws-cdk/aws-iam/-/aws-iam-1.115.0.tgz",
      "integrity": "sha512-NvY2kBe/iepCOWhKI4h31kxqjjN0+jtb1R4zH6GPH2qC0X/+ZaxP1OBOsO3yHluTtsFf/h4SdYjz9ukVTzEm8w==",
      "requires": {
        "@aws-cdk/core": "1.115.0",
        "@aws-cdk/region-info": "1.115.0",
        "constructs": "^3.3.69"
      }
    },
    "@aws-cdk/aws-kinesis": {
      "version": "1.115.0",
      "resolved": "https://registry.npmjs.org/@aws-cdk/aws-kinesis/-/aws-kinesis-1.115.0.tgz",
      "integrity": "sha512-Za02x5UmWPYu2jUuIekxV08B1vsGab0y9AQPYlagtjcytBVqGhIN30f5KklHwVJTZ6JFF9wzM0cGGsiexJM1Hg==",
      "requires": {
        "@aws-cdk/aws-cloudwatch": "1.115.0",
        "@aws-cdk/aws-iam": "1.115.0",
        "@aws-cdk/aws-kms": "1.115.0",
        "@aws-cdk/aws-logs": "1.115.0",
        "@aws-cdk/core": "1.115.0",
        "constructs": "^3.3.69"
      }
    },
    "@aws-cdk/aws-kinesisfirehose": {
      "version": "1.115.0",
      "resolved": "https://registry.npmjs.org/@aws-cdk/aws-kinesisfirehose/-/aws-kinesisfirehose-1.115.0.tgz",
      "integrity": "sha512-NcrFKFbVjEp1TFdgib4MUttTeGcUWihq7ELzX9UYyMDvoxLUxnpzfIXF1c79MKEC2KhsZVIuwqxabVRMMEHlEw==",
      "requires": {
        "@aws-cdk/core": "1.115.0",
        "constructs": "^3.3.69"
      }
    },
    "@aws-cdk/aws-kms": {
      "version": "1.115.0",
      "resolved": "https://registry.npmjs.org/@aws-cdk/aws-kms/-/aws-kms-1.115.0.tgz",
      "integrity": "sha512-aaiXYlNKGfB2UpyoBWm1iyahULowfnwBPYUrDKT79VMaHZXF+znVPnRd/qWnmBSy0ta3igdTRIk7V0lvOMsyjg==",
      "requires": {
        "@aws-cdk/aws-iam": "1.115.0",
        "@aws-cdk/core": "1.115.0",
        "@aws-cdk/cx-api": "1.115.0",
        "constructs": "^3.3.69"
      }
    },
    "@aws-cdk/aws-lambda": {
      "version": "1.115.0",
      "resolved": "https://registry.npmjs.org/@aws-cdk/aws-lambda/-/aws-lambda-1.115.0.tgz",
      "integrity": "sha512-K+emBDwQCbh/B8aSkE8M5MC5bkTEXOYPbR5TaD2dWE7DpHaNJ4eSF5CG2s+DjvRUg3FCC3h7qL56WEqFDjsyAg==",
      "requires": {
        "@aws-cdk/aws-applicationautoscaling": "1.115.0",
        "@aws-cdk/aws-cloudwatch": "1.115.0",
        "@aws-cdk/aws-codeguruprofiler": "1.115.0",
        "@aws-cdk/aws-ec2": "1.115.0",
        "@aws-cdk/aws-ecr": "1.115.0",
        "@aws-cdk/aws-ecr-assets": "1.115.0",
        "@aws-cdk/aws-efs": "1.115.0",
        "@aws-cdk/aws-events": "1.115.0",
        "@aws-cdk/aws-iam": "1.115.0",
        "@aws-cdk/aws-kms": "1.115.0",
        "@aws-cdk/aws-logs": "1.115.0",
        "@aws-cdk/aws-s3": "1.115.0",
        "@aws-cdk/aws-s3-assets": "1.115.0",
        "@aws-cdk/aws-signer": "1.115.0",
        "@aws-cdk/aws-sqs": "1.115.0",
        "@aws-cdk/core": "1.115.0",
        "@aws-cdk/cx-api": "1.115.0",
        "constructs": "^3.3.69"
      }
    },
    "@aws-cdk/aws-logs": {
      "version": "1.115.0",
      "resolved": "https://registry.npmjs.org/@aws-cdk/aws-logs/-/aws-logs-1.115.0.tgz",
      "integrity": "sha512-gMktp1+IZ5hvaudmTm/RYSiwfEFsUlmmsGmzkuS+Fll+4nHkAexytqLworXTGqsIPpG2JxzdvOAK6YQUMcQI6Q==",
      "requires": {
        "@aws-cdk/aws-cloudwatch": "1.115.0",
        "@aws-cdk/aws-iam": "1.115.0",
        "@aws-cdk/aws-kms": "1.115.0",
        "@aws-cdk/aws-s3-assets": "1.115.0",
        "@aws-cdk/core": "1.115.0",
        "constructs": "^3.3.69"
      }
    },
    "@aws-cdk/aws-route53": {
      "version": "1.115.0",
      "resolved": "https://registry.npmjs.org/@aws-cdk/aws-route53/-/aws-route53-1.115.0.tgz",
      "integrity": "sha512-/K4sNiyTVEwAkPjx8sButuLilbUBD8gatWclrRWHHMO567bcqf+JiZTYRfp0nHJ/DgqBQs9sgPG3BQFG0fJ0MA==",
      "requires": {
        "@aws-cdk/aws-ec2": "1.115.0",
        "@aws-cdk/aws-iam": "1.115.0",
        "@aws-cdk/aws-logs": "1.115.0",
        "@aws-cdk/cloud-assembly-schema": "1.115.0",
        "@aws-cdk/core": "1.115.0",
        "@aws-cdk/custom-resources": "1.115.0",
        "constructs": "^3.3.69"
      }
    },
    "@aws-cdk/aws-route53-targets": {
      "version": "1.115.0",
      "resolved": "https://registry.npmjs.org/@aws-cdk/aws-route53-targets/-/aws-route53-targets-1.115.0.tgz",
      "integrity": "sha512-fyqdZcsHAHgYDZNj61y/3ycv5gMfAjNQzyI+DNRRpph9rATfVGCiGiWZm7MGNtYpwbgqEBaalduzM1b934JUXg==",
      "requires": {
        "@aws-cdk/aws-apigateway": "1.115.0",
        "@aws-cdk/aws-cloudfront": "1.115.0",
        "@aws-cdk/aws-cognito": "1.115.0",
        "@aws-cdk/aws-ec2": "1.115.0",
        "@aws-cdk/aws-elasticloadbalancing": "1.115.0",
        "@aws-cdk/aws-elasticloadbalancingv2": "1.115.0",
        "@aws-cdk/aws-globalaccelerator": "1.115.0",
        "@aws-cdk/aws-iam": "1.115.0",
        "@aws-cdk/aws-route53": "1.115.0",
        "@aws-cdk/aws-s3": "1.115.0",
        "@aws-cdk/core": "1.115.0",
        "@aws-cdk/region-info": "1.115.0",
        "constructs": "^3.3.69"
      }
    },
    "@aws-cdk/aws-s3": {
      "version": "1.115.0",
      "resolved": "https://registry.npmjs.org/@aws-cdk/aws-s3/-/aws-s3-1.115.0.tgz",
      "integrity": "sha512-z+lKEhe14dkIBRdCMrtSMOruZezFWfAOrRxQ9eX4zxMhDmsjjlw5c1opLhUVSHldncCvOQg3Y9zlw2XIbLTXKw==",
      "requires": {
        "@aws-cdk/aws-events": "1.115.0",
        "@aws-cdk/aws-iam": "1.115.0",
        "@aws-cdk/aws-kms": "1.115.0",
        "@aws-cdk/core": "1.115.0",
        "@aws-cdk/cx-api": "1.115.0",
        "constructs": "^3.3.69"
      }
    },
    "@aws-cdk/aws-s3-assets": {
      "version": "1.115.0",
      "resolved": "https://registry.npmjs.org/@aws-cdk/aws-s3-assets/-/aws-s3-assets-1.115.0.tgz",
      "integrity": "sha512-ZD4gSm4TGzCpOZY4s6M+N0ZALDmDKNUoNGnEH7It76UuNtfyZy9gFvms8dOTHOE/mARUM1Ry0SLgs2PTdt7Pog==",
      "requires": {
        "@aws-cdk/assets": "1.115.0",
        "@aws-cdk/aws-iam": "1.115.0",
        "@aws-cdk/aws-kms": "1.115.0",
        "@aws-cdk/aws-s3": "1.115.0",
        "@aws-cdk/core": "1.115.0",
        "@aws-cdk/cx-api": "1.115.0",
        "constructs": "^3.3.69"
      }
    },
    "@aws-cdk/aws-sam": {
      "version": "1.115.0",
      "resolved": "https://registry.npmjs.org/@aws-cdk/aws-sam/-/aws-sam-1.115.0.tgz",
      "integrity": "sha512-L4LezqucwBz7J4BZi4uF2e5HgUjNIAxH15ySaoT0EmBZNw7nrx+/jYlWJM0r6iw8Vyj6o7QYhAzNBr5UKdAndA==",
      "requires": {
        "@aws-cdk/core": "1.115.0",
        "constructs": "^3.3.69"
      }
    },
    "@aws-cdk/aws-secretsmanager": {
      "version": "1.115.0",
      "resolved": "https://registry.npmjs.org/@aws-cdk/aws-secretsmanager/-/aws-secretsmanager-1.115.0.tgz",
      "integrity": "sha512-2KcS+Y2mmuWKzJZ39cyo/HIqUhsbl82IAmy+9oZUoJyzKzRCOUOpuQBKYJb8QbdLAFzlxewCFpczu4XcSrUcuA==",
      "requires": {
        "@aws-cdk/aws-ec2": "1.115.0",
        "@aws-cdk/aws-iam": "1.115.0",
        "@aws-cdk/aws-kms": "1.115.0",
        "@aws-cdk/aws-lambda": "1.115.0",
        "@aws-cdk/aws-sam": "1.115.0",
        "@aws-cdk/core": "1.115.0",
        "@aws-cdk/cx-api": "1.115.0",
        "constructs": "^3.3.69"
      }
    },
    "@aws-cdk/aws-servicediscovery": {
      "version": "1.115.0",
      "resolved": "https://registry.npmjs.org/@aws-cdk/aws-servicediscovery/-/aws-servicediscovery-1.115.0.tgz",
      "integrity": "sha512-wQ8IzgqEddf/gtEP8NfWHa6ZRfDefugNMtdgqndS14eQxho1VGgsQKw+rp6kBwyHWfUlEs+1akd6TH9SLGyUaQ==",
      "requires": {
        "@aws-cdk/aws-ec2": "1.115.0",
        "@aws-cdk/aws-elasticloadbalancingv2": "1.115.0",
        "@aws-cdk/aws-route53": "1.115.0",
        "@aws-cdk/core": "1.115.0",
        "constructs": "^3.3.69"
      }
    },
    "@aws-cdk/aws-signer": {
      "version": "1.115.0",
      "resolved": "https://registry.npmjs.org/@aws-cdk/aws-signer/-/aws-signer-1.115.0.tgz",
      "integrity": "sha512-xcdu7vFt+hFWyQueFsyR0Kyc+tHTfYhYEMegHo1LU+DWF3TRSbqK22CcYEhMmoKdcezhGu6WD97zjHCnik84TA==",
      "requires": {
        "@aws-cdk/core": "1.115.0",
        "constructs": "^3.3.69"
      }
    },
    "@aws-cdk/aws-sns": {
      "version": "1.115.0",
      "resolved": "https://registry.npmjs.org/@aws-cdk/aws-sns/-/aws-sns-1.115.0.tgz",
      "integrity": "sha512-bzGx0XafMsin3km6N+h4/JJYhkYPBNrkYzNZ+zMA3l+JlHMIKibEd6nDv+bYupGN7siogEGs4G7WaqUdEwp3Qw==",
      "requires": {
        "@aws-cdk/aws-cloudwatch": "1.115.0",
        "@aws-cdk/aws-codestarnotifications": "1.115.0",
        "@aws-cdk/aws-events": "1.115.0",
        "@aws-cdk/aws-iam": "1.115.0",
        "@aws-cdk/aws-kms": "1.115.0",
        "@aws-cdk/aws-sqs": "1.115.0",
        "@aws-cdk/core": "1.115.0",
        "constructs": "^3.3.69"
      }
    },
    "@aws-cdk/aws-sns-subscriptions": {
      "version": "1.115.0",
      "resolved": "https://registry.npmjs.org/@aws-cdk/aws-sns-subscriptions/-/aws-sns-subscriptions-1.115.0.tgz",
      "integrity": "sha512-YIYkOUiwN8QoyDZUWC3zpVOzLFkUvILnRPR3j5ghoNes4bhN85Q8IAZnp6rpFwKFe8WQz41S55f8kD18qMQJQA==",
      "requires": {
        "@aws-cdk/aws-iam": "1.115.0",
        "@aws-cdk/aws-kms": "1.115.0",
        "@aws-cdk/aws-lambda": "1.115.0",
        "@aws-cdk/aws-sns": "1.115.0",
        "@aws-cdk/aws-sqs": "1.115.0",
        "@aws-cdk/core": "1.115.0",
        "constructs": "^3.3.69"
      }
    },
    "@aws-cdk/aws-sqs": {
      "version": "1.115.0",
      "resolved": "https://registry.npmjs.org/@aws-cdk/aws-sqs/-/aws-sqs-1.115.0.tgz",
      "integrity": "sha512-DBNguuqOEMDjwpUp+g8qwbDNdeXRLGfazp++2AxGtdZYLMfovc3YWAAnWpAVAWFltoNS16D3NMKqY7rnknulmg==",
      "requires": {
        "@aws-cdk/aws-cloudwatch": "1.115.0",
        "@aws-cdk/aws-iam": "1.115.0",
        "@aws-cdk/aws-kms": "1.115.0",
        "@aws-cdk/core": "1.115.0",
        "constructs": "^3.3.69"
      }
    },
    "@aws-cdk/aws-ssm": {
      "version": "1.115.0",
      "resolved": "https://registry.npmjs.org/@aws-cdk/aws-ssm/-/aws-ssm-1.115.0.tgz",
      "integrity": "sha512-I8Z1kUQhHK0heMn8wMpkfQfodbmyER69vRLDYo+AlBbvF1ohS+pRA7s9lone3gTMyE956ax5EW1Qv5knVF9Z+A==",
      "requires": {
        "@aws-cdk/aws-iam": "1.115.0",
        "@aws-cdk/aws-kms": "1.115.0",
        "@aws-cdk/cloud-assembly-schema": "1.115.0",
        "@aws-cdk/core": "1.115.0",
        "constructs": "^3.3.69"
      }
    },
    "@aws-cdk/aws-stepfunctions": {
      "version": "1.115.0",
      "resolved": "https://registry.npmjs.org/@aws-cdk/aws-stepfunctions/-/aws-stepfunctions-1.115.0.tgz",
      "integrity": "sha512-Bwd7fAJ/AhlrTp9r3S9PRoepEtC8H7txhyumXts18xCI+nMW3163zOvLTaI5ijx1xIS+eo8V0wRfVEyYz0Ex3w==",
      "requires": {
        "@aws-cdk/aws-cloudwatch": "1.115.0",
        "@aws-cdk/aws-events": "1.115.0",
        "@aws-cdk/aws-iam": "1.115.0",
        "@aws-cdk/aws-logs": "1.115.0",
        "@aws-cdk/aws-s3": "1.115.0",
        "@aws-cdk/core": "1.115.0",
        "constructs": "^3.3.69"
      }
    },
    "@aws-cdk/cfnspec": {
      "version": "1.115.0",
      "resolved": "https://registry.npmjs.org/@aws-cdk/cfnspec/-/cfnspec-1.115.0.tgz",
      "integrity": "sha512-5jxzxW35gUyiirUOdJlS9kqRqCJUXmQJnIcpsGGZ7LxIwdkADUjIfZPoBE8lWRoWei1IjD6qe7VOMi6XdlW+mw==",
      "dev": true,
      "requires": {
        "md5": "^2.3.0"
      }
    },
    "@aws-cdk/cloud-assembly-schema": {
      "version": "1.115.0",
      "resolved": "https://registry.npmjs.org/@aws-cdk/cloud-assembly-schema/-/cloud-assembly-schema-1.115.0.tgz",
      "integrity": "sha512-LgrUMdUUyQYfZR1zbDAnx4mYZQSSxNQYeQmBHPoXx7szxWAi9gN+4MajBBz9LrJNf0ZYRu1EQYVaaMa4ScHdXA==",
      "requires": {
        "jsonschema": "^1.4.0",
        "semver": "^7.3.5"
      },
      "dependencies": {
        "jsonschema": {
          "version": "1.4.0",
          "bundled": true
        },
        "lru-cache": {
          "version": "6.0.0",
          "bundled": true,
          "requires": {
            "yallist": "^4.0.0"
          }
        },
        "semver": {
          "version": "7.3.5",
          "bundled": true,
          "requires": {
            "lru-cache": "^6.0.0"
          }
        },
        "yallist": {
          "version": "4.0.0",
          "bundled": true
        }
      }
    },
    "@aws-cdk/cloudformation-diff": {
      "version": "1.115.0",
      "resolved": "https://registry.npmjs.org/@aws-cdk/cloudformation-diff/-/cloudformation-diff-1.115.0.tgz",
      "integrity": "sha512-1YGkh9SfTUiWUhetiBSGpN3hYlACEZfwpjJ7jpx2AkDjhd4mTydHljOB2vPVBfticPCwDRH+mwiff/fM3VI/LQ==",
      "dev": true,
      "requires": {
        "@aws-cdk/cfnspec": "1.115.0",
        "@types/node": "^10.17.60",
        "colors": "^1.4.0",
        "diff": "^5.0.0",
        "fast-deep-equal": "^3.1.3",
        "string-width": "^4.2.2",
        "table": "^6.7.1"
      }
    },
    "@aws-cdk/core": {
      "version": "1.115.0",
      "resolved": "https://registry.npmjs.org/@aws-cdk/core/-/core-1.115.0.tgz",
      "integrity": "sha512-6agFP+WVqoUyhT2L3osOjrcWh39Ebqnghv/dAsneH5LZwml2vqZFvPDFTkUs9j/Oyv9KSrxO+ge3Ts23+3qgXw==",
      "requires": {
        "@aws-cdk/cloud-assembly-schema": "1.115.0",
        "@aws-cdk/cx-api": "1.115.0",
        "@aws-cdk/region-info": "1.115.0",
        "@balena/dockerignore": "^1.0.2",
        "constructs": "^3.3.69",
        "fs-extra": "^9.1.0",
        "ignore": "^5.1.8",
        "minimatch": "^3.0.4"
      },
      "dependencies": {
        "@balena/dockerignore": {
          "version": "1.0.2",
          "bundled": true
        },
        "at-least-node": {
          "version": "1.0.0",
          "bundled": true
        },
        "balanced-match": {
          "version": "1.0.2",
          "bundled": true
        },
        "brace-expansion": {
          "version": "1.1.11",
          "bundled": true,
          "requires": {
            "balanced-match": "^1.0.0",
            "concat-map": "0.0.1"
          }
        },
        "concat-map": {
          "version": "0.0.1",
          "bundled": true
        },
        "fs-extra": {
          "version": "9.1.0",
          "bundled": true,
          "requires": {
            "at-least-node": "^1.0.0",
            "graceful-fs": "^4.2.0",
            "jsonfile": "^6.0.1",
            "universalify": "^2.0.0"
          }
        },
        "graceful-fs": {
          "version": "4.2.6",
          "bundled": true
        },
        "ignore": {
          "version": "5.1.8",
          "bundled": true
        },
        "jsonfile": {
          "version": "6.1.0",
          "bundled": true,
          "requires": {
            "graceful-fs": "^4.1.6",
            "universalify": "^2.0.0"
          }
        },
        "minimatch": {
          "version": "3.0.4",
          "bundled": true,
          "requires": {
            "brace-expansion": "^1.1.7"
          }
        },
        "universalify": {
          "version": "2.0.0",
          "bundled": true
        }
      }
    },
    "@aws-cdk/custom-resources": {
      "version": "1.115.0",
      "resolved": "https://registry.npmjs.org/@aws-cdk/custom-resources/-/custom-resources-1.115.0.tgz",
      "integrity": "sha512-T4VsG9TJ/WeFA/RtlWjADMe6Iuz+iKRJVTeZdkzCwYqcYw8fhKj1TXX73hZ1Q7uK4lqYot0QBK3BUG9WebZESA==",
      "requires": {
        "@aws-cdk/aws-cloudformation": "1.115.0",
        "@aws-cdk/aws-ec2": "1.115.0",
        "@aws-cdk/aws-iam": "1.115.0",
        "@aws-cdk/aws-lambda": "1.115.0",
        "@aws-cdk/aws-logs": "1.115.0",
        "@aws-cdk/aws-sns": "1.115.0",
        "@aws-cdk/core": "1.115.0",
        "constructs": "^3.3.69"
      }
    },
    "@aws-cdk/cx-api": {
      "version": "1.115.0",
      "resolved": "https://registry.npmjs.org/@aws-cdk/cx-api/-/cx-api-1.115.0.tgz",
      "integrity": "sha512-yXk5szvv9B9PtDZRWAl+yBkxmGg22FFwhJ/YEJcGvvZW6YkWhAaaVKlnJCq5jdIN+wobN+PVN1Tyc/JIcOTzjQ==",
      "requires": {
        "@aws-cdk/cloud-assembly-schema": "1.115.0",
        "semver": "^7.3.5"
      },
      "dependencies": {
        "lru-cache": {
          "version": "6.0.0",
          "bundled": true,
          "requires": {
            "yallist": "^4.0.0"
          }
        },
        "semver": {
          "version": "7.3.5",
          "bundled": true,
          "requires": {
            "lru-cache": "^6.0.0"
          }
        },
        "yallist": {
          "version": "4.0.0",
          "bundled": true
        }
      }
    },
    "@aws-cdk/region-info": {
      "version": "1.115.0",
      "resolved": "https://registry.npmjs.org/@aws-cdk/region-info/-/region-info-1.115.0.tgz",
      "integrity": "sha512-07Ae/T71wdTYvbii/+J0n4PghD/W8bsutkrpBMgIg/Rl2rfv5ZqZRvCpQ40MkoscS1SnWYSzJ6T79TnNuuJZ1w=="
    },
    "@types/node": {
      "version": "10.17.60",
      "resolved": "https://registry.npmjs.org/@types/node/-/node-10.17.60.tgz",
      "integrity": "sha512-F0KIgDJfy2nA3zMLmWGKxcH2ZVEtCZXHHdOQs2gSaQ27+lNeEfGxzkIw90aXswATX7AZ33tahPbzy6KAfUreVw==",
      "dev": true
    },
    "ajv": {
      "version": "8.6.2",
      "resolved": "https://registry.npmjs.org/ajv/-/ajv-8.6.2.tgz",
      "integrity": "sha512-9807RlWAgT564wT+DjeyU5OFMPjmzxVobvDFmNAhY+5zD6A2ly3jDp6sgnfyDtlIQ+7H97oc/DGCzzfu9rjw9w==",
      "dev": true,
      "requires": {
        "fast-deep-equal": "^3.1.1",
        "json-schema-traverse": "^1.0.0",
        "require-from-string": "^2.0.2",
        "uri-js": "^4.2.2"
      }
    },
    "ansi-regex": {
      "version": "5.0.0",
      "resolved": "https://registry.npmjs.org/ansi-regex/-/ansi-regex-5.0.0.tgz",
      "integrity": "sha512-bY6fj56OUQ0hU1KjFNDQuJFezqKdrAyFdIevADiqrWHwSlbmBNMHp5ak2f40Pm8JTFyM2mqxkG6ngkHO11f/lg==",
      "dev": true
    },
    "ansi-styles": {
      "version": "4.3.0",
      "resolved": "https://registry.npmjs.org/ansi-styles/-/ansi-styles-4.3.0.tgz",
      "integrity": "sha512-zbB9rCJAT1rbjiVDb2hqKFHNYLxgtk8NURxZ3IZwD3F6NtxbXZQCnnSi1Lkx+IDohdPlFp222wVALIheZJQSEg==",
      "dev": true,
      "requires": {
        "color-convert": "^2.0.1"
      }
    },
    "argparse": {
      "version": "1.0.10",
      "resolved": "https://registry.npmjs.org/argparse/-/argparse-1.0.10.tgz",
      "integrity": "sha512-o5Roy6tNG4SL/FOkCAN6RzjiakZS25RLYFrcMttJqbdd8BWrnA+fGz57iN5Pb06pvBGvl5gQ0B48dJlslXvoTg==",
      "dev": true,
      "requires": {
        "sprintf-js": "~1.0.2"
      }
    },
    "astral-regex": {
      "version": "2.0.0",
      "resolved": "https://registry.npmjs.org/astral-regex/-/astral-regex-2.0.0.tgz",
      "integrity": "sha512-Z7tMw1ytTXt5jqMcOP+OQteU1VuNK9Y02uuJtKQ1Sv69jXQKKg5cibLwGJow8yzZP+eAc18EmLGPal0bp36rvQ==",
      "dev": true
    },
    "aws-sdk": {
      "version": "2.952.0",
      "resolved": "https://registry.npmjs.org/aws-sdk/-/aws-sdk-2.952.0.tgz",
      "integrity": "sha512-FZkmOWAyDSQMeD8iioeoSW873ZjPXLfGejr0gNi8kQB7JrllOayPaexpq70aT+7n5bAzArjSIH8OAB+BoHYijA==",
      "dev": true,
      "requires": {
        "buffer": "4.9.2",
        "events": "1.1.1",
        "ieee754": "1.1.13",
        "jmespath": "0.15.0",
        "querystring": "0.2.0",
        "sax": "1.2.1",
        "url": "0.10.3",
        "uuid": "3.3.2",
        "xml2js": "0.4.19"
      }
    },
    "base64-js": {
      "version": "1.5.1",
      "resolved": "https://registry.npmjs.org/base64-js/-/base64-js-1.5.1.tgz",
      "integrity": "sha512-AKpaYlHn8t4SVbOHCy+b5+KKgvR4vrsD8vbvrbiQJps7fKDTkjkDry6ji0rUJjC0kzbNePLwzxq8iypo41qeWA==",
      "dev": true
    },
    "buffer": {
      "version": "4.9.2",
      "resolved": "https://registry.npmjs.org/buffer/-/buffer-4.9.2.tgz",
      "integrity": "sha512-xq+q3SRMOxGivLhBNaUdC64hDTQwejJ+H0T/NB1XMtTVEwNTrfFF3gAxiyW0Bu/xWEGhjVKgUcMhCrUy2+uCWg==",
      "dev": true,
      "requires": {
        "base64-js": "^1.0.2",
        "ieee754": "^1.1.4",
        "isarray": "^1.0.0"
      }
    },
    "charenc": {
      "version": "0.0.2",
      "resolved": "https://registry.npmjs.org/charenc/-/charenc-0.0.2.tgz",
      "integrity": "sha1-wKHS86cJLgN3S/qD8UwPxXkKhmc=",
      "dev": true
    },
    "color-convert": {
      "version": "2.0.1",
      "resolved": "https://registry.npmjs.org/color-convert/-/color-convert-2.0.1.tgz",
      "integrity": "sha512-RRECPsj7iu/xb5oKYcsFHSppFNnsj/52OVTRKb4zP5onXwVF3zVmmToNcOfGC+CRDpfK/U584fMg38ZHCaElKQ==",
      "dev": true,
      "requires": {
        "color-name": "~1.1.4"
      }
    },
    "color-name": {
      "version": "1.1.4",
      "resolved": "https://registry.npmjs.org/color-name/-/color-name-1.1.4.tgz",
      "integrity": "sha512-dOy+3AuW3a2wNbZHIuMZpTcgjGuLU/uBL/ubcZF9OXbDo8ff4O8yVp5Bf0efS8uEoYo5q4Fx7dY9OgQGXgAsQA==",
      "dev": true
    },
    "colors": {
      "version": "1.4.0",
      "resolved": "https://registry.npmjs.org/colors/-/colors-1.4.0.tgz",
      "integrity": "sha512-a+UqTh4kgZg/SlGvfbzDHpgRu7AAQOmmqRHJnxhRZICKFUT91brVhNNt58CMWU9PsBbv3PDCZUHbVxuDiH2mtA==",
      "dev": true
    },
    "constructs": {
      "version": "3.3.101",
      "resolved": "https://registry.npmjs.org/constructs/-/constructs-3.3.101.tgz",
      "integrity": "sha512-8c1OOAUA0pqQblA4/k3ozluaGkLRg3MFYhWPaKlSSDjs81xvQt0BUV+Eq0g6K/YWYmXKDhLrBrVFxnfsQF6dDA=="
    },
    "crypt": {
      "version": "0.0.2",
      "resolved": "https://registry.npmjs.org/crypt/-/crypt-0.0.2.tgz",
      "integrity": "sha1-iNf/fsDfuG9xPch7u0LQRNPmxBs=",
      "dev": true
    },
    "diff": {
      "version": "5.0.0",
      "resolved": "https://registry.npmjs.org/diff/-/diff-5.0.0.tgz",
      "integrity": "sha512-/VTCrvm5Z0JGty/BWHljh+BAiw3IK+2j87NGMu8Nwc/f48WoDAC395uomO9ZD117ZOBaHmkX1oyLvkVM/aIT3w==",
      "dev": true
    },
    "emoji-regex": {
      "version": "8.0.0",
      "resolved": "https://registry.npmjs.org/emoji-regex/-/emoji-regex-8.0.0.tgz",
      "integrity": "sha512-MSjYzcWNOA0ewAHpz0MxpYFvwg6yjy1NG3xteoqz644VCo/RPgnr1/GGt+ic3iJTzQ8Eu3TdM14SawnVUmGE6A==",
      "dev": true
    },
    "esprima": {
      "version": "4.0.1",
      "resolved": "https://registry.npmjs.org/esprima/-/esprima-4.0.1.tgz",
      "integrity": "sha512-eGuFFw7Upda+g4p+QHvnW0RyTX/SVeJBDM/gCtMARO0cLuT2HcEKnTPvhjV6aGeqrCB/sbNop0Kszm0jsaWU4A==",
      "dev": true
    },
    "events": {
      "version": "1.1.1",
      "resolved": "https://registry.npmjs.org/events/-/events-1.1.1.tgz",
      "integrity": "sha1-nr23Y1rQmccNzEwqH1AEKI6L2SQ=",
      "dev": true
    },
    "fast-deep-equal": {
      "version": "3.1.3",
      "resolved": "https://registry.npmjs.org/fast-deep-equal/-/fast-deep-equal-3.1.3.tgz",
      "integrity": "sha512-f3qQ9oQy9j2AhBe/H9VC91wLmKBCCU/gDOnKNAYG5hswO7BLKj09Hc5HYNz9cGI++xlpDCIgDaitVs03ATR84Q==",
      "dev": true
    },
    "ieee754": {
      "version": "1.1.13",
      "resolved": "https://registry.npmjs.org/ieee754/-/ieee754-1.1.13.tgz",
      "integrity": "sha512-4vf7I2LYV/HaWerSo3XmlMkp5eZ83i+/CDluXi/IGTs/O1sejBNhTtnxzmRZfvOUqj7lZjqHkeTvpgSFDlWZTg==",
      "dev": true
    },
    "is-buffer": {
      "version": "1.1.6",
      "resolved": "https://registry.npmjs.org/is-buffer/-/is-buffer-1.1.6.tgz",
      "integrity": "sha512-NcdALwpXkTm5Zvvbk7owOUSvVvBKDgKP5/ewfXEznmQFfs4ZRmanOeKBTjRVjka3QFoN6XJ+9F3USqfHqTaU5w==",
      "dev": true
    },
    "is-fullwidth-code-point": {
      "version": "3.0.0",
      "resolved": "https://registry.npmjs.org/is-fullwidth-code-point/-/is-fullwidth-code-point-3.0.0.tgz",
      "integrity": "sha512-zymm5+u+sCsSWyD9qNaejV3DFvhCKclKdizYaJUuHA83RLjb7nSuGnddCHGv0hk+KY7BMAlsWeK4Ueg6EV6XQg==",
      "dev": true
    },
    "isarray": {
      "version": "1.0.0",
      "resolved": "https://registry.npmjs.org/isarray/-/isarray-1.0.0.tgz",
      "integrity": "sha1-u5NdSFgsuhaMBoNJV6VKPgcSTxE=",
      "dev": true
    },
    "jest-cdk-snapshot": {
      "version": "1.4.2",
      "resolved": "https://registry.npmjs.org/jest-cdk-snapshot/-/jest-cdk-snapshot-1.4.2.tgz",
      "integrity": "sha512-VbY2j/w6tOUxAFeR1fyG+ev/CBvGjfM9ju/Z8V/1yGy5BSVpwJtY3fg/F6w4EJOVu+8Etelkv7wRPv+qLSL68A==",
      "dev": true,
      "requires": {
        "js-yaml": "^3.13.1"
      }
    },
    "jmespath": {
      "version": "0.15.0",
      "resolved": "https://registry.npmjs.org/jmespath/-/jmespath-0.15.0.tgz",
      "integrity": "sha1-o/Iiqarp+Wb10nx5ZRDigJF2Qhc=",
      "dev": true
    },
    "js-yaml": {
      "version": "3.14.1",
      "resolved": "https://registry.npmjs.org/js-yaml/-/js-yaml-3.14.1.tgz",
      "integrity": "sha512-okMH7OXXJ7YrN9Ok3/SXrnu4iX9yOk+25nqX4imS2npuvTYDmo/QEZoqwZkYaIDk3jVvBOTOIEgEhaLOynBS9g==",
      "dev": true,
      "requires": {
        "argparse": "^1.0.7",
        "esprima": "^4.0.0"
      }
    },
    "json-schema-traverse": {
      "version": "1.0.0",
      "resolved": "https://registry.npmjs.org/json-schema-traverse/-/json-schema-traverse-1.0.0.tgz",
      "integrity": "sha512-NM8/P9n3XjXhIZn1lLhkFaACTOURQXjWhV4BA/RnOv8xvgqtqpAX9IO4mRQxSx1Rlo4tqzeqb0sOlruaOy3dug==",
      "dev": true
    },
    "lodash.clonedeep": {
      "version": "4.5.0",
      "resolved": "https://registry.npmjs.org/lodash.clonedeep/-/lodash.clonedeep-4.5.0.tgz",
      "integrity": "sha1-4j8/nE+Pvd6HJSnBBxhXoIblzO8=",
      "dev": true
    },
    "lodash.truncate": {
      "version": "4.4.2",
      "resolved": "https://registry.npmjs.org/lodash.truncate/-/lodash.truncate-4.4.2.tgz",
      "integrity": "sha1-WjUNoLERO4N+z//VgSy+WNbq4ZM=",
      "dev": true
    },
    "md5": {
      "version": "2.3.0",
      "resolved": "https://registry.npmjs.org/md5/-/md5-2.3.0.tgz",
      "integrity": "sha512-T1GITYmFaKuO91vxyoQMFETst+O71VUPEU3ze5GNzDm0OWdP8v1ziTaAEPUr/3kLsY3Sftgz242A1SetQiDL7g==",
      "dev": true,
      "requires": {
        "charenc": "0.0.2",
        "crypt": "0.0.2",
        "is-buffer": "~1.1.6"
      }
    },
    "punycode": {
      "version": "2.1.1",
      "resolved": "https://registry.npmjs.org/punycode/-/punycode-2.1.1.tgz",
      "integrity": "sha512-XRsRjdf+j5ml+y/6GKHPZbrF/8p2Yga0JPtdqTIY2Xe5ohJPD9saDJJLPvp9+NSBprVvevdXZybnj2cv8OEd0A==",
      "dev": true
    },
    "querystring": {
      "version": "0.2.0",
      "resolved": "https://registry.npmjs.org/querystring/-/querystring-0.2.0.tgz",
      "integrity": "sha1-sgmEkgO7Jd+CDadW50cAWHhSFiA=",
      "dev": true
    },
    "require-from-string": {
      "version": "2.0.2",
      "resolved": "https://registry.npmjs.org/require-from-string/-/require-from-string-2.0.2.tgz",
      "integrity": "sha512-Xf0nWe6RseziFMu+Ap9biiUbmplq6S9/p+7w7YXP/JBHhrUDDUhwa+vANyubuqfZWTveU//DYVGsDG7RKL/vEw==",
      "dev": true
    },
    "sax": {
      "version": "1.2.1",
      "resolved": "https://registry.npmjs.org/sax/-/sax-1.2.1.tgz",
      "integrity": "sha1-e45lYZCyKOgaZq6nSEgNgozS03o=",
      "dev": true
    },
    "slice-ansi": {
      "version": "4.0.0",
      "resolved": "https://registry.npmjs.org/slice-ansi/-/slice-ansi-4.0.0.tgz",
      "integrity": "sha512-qMCMfhY040cVHT43K9BFygqYbUPFZKHOg7K73mtTWJRb8pyP3fzf4Ixd5SzdEJQ6MRUg/WBnOLxghZtKKurENQ==",
      "dev": true,
      "requires": {
        "ansi-styles": "^4.0.0",
        "astral-regex": "^2.0.0",
        "is-fullwidth-code-point": "^3.0.0"
      }
    },
    "sprintf-js": {
      "version": "1.0.3",
      "resolved": "https://registry.npmjs.org/sprintf-js/-/sprintf-js-1.0.3.tgz",
      "integrity": "sha1-BOaSb2YolTVPPdAVIDYzuFcpfiw=",
      "dev": true
    },
    "string-width": {
      "version": "4.2.2",
      "resolved": "https://registry.npmjs.org/string-width/-/string-width-4.2.2.tgz",
      "integrity": "sha512-XBJbT3N4JhVumXE0eoLU9DCjcaF92KLNqTmFCnG1pf8duUxFGwtP6AD6nkjw9a3IdiRtL3E2w3JDiE/xi3vOeA==",
      "dev": true,
      "requires": {
        "emoji-regex": "^8.0.0",
        "is-fullwidth-code-point": "^3.0.0",
        "strip-ansi": "^6.0.0"
      }
    },
    "strip-ansi": {
      "version": "6.0.0",
      "resolved": "https://registry.npmjs.org/strip-ansi/-/strip-ansi-6.0.0.tgz",
      "integrity": "sha512-AuvKTrTfQNYNIctbR1K/YGTR1756GycPsg7b9bdV9Duqur4gv6aKqHXah67Z8ImS7WEz5QVcOtlfW2rZEugt6w==",
      "dev": true,
      "requires": {
        "ansi-regex": "^5.0.0"
      }
    },
    "table": {
      "version": "6.7.1",
      "resolved": "https://registry.npmjs.org/table/-/table-6.7.1.tgz",
      "integrity": "sha512-ZGum47Yi6KOOFDE8m223td53ath2enHcYLgOCjGr5ngu8bdIARQk6mN/wRMv4yMRcHnCSnHbCEha4sobQx5yWg==",
      "dev": true,
      "requires": {
        "ajv": "^8.0.1",
        "lodash.clonedeep": "^4.5.0",
        "lodash.truncate": "^4.4.2",
        "slice-ansi": "^4.0.0",
        "string-width": "^4.2.0",
        "strip-ansi": "^6.0.0"
      }
    },
    "uri-js": {
      "version": "4.4.1",
      "resolved": "https://registry.npmjs.org/uri-js/-/uri-js-4.4.1.tgz",
      "integrity": "sha512-7rKUyy33Q1yc98pQ1DAmLtwX109F7TIfWlW1Ydo8Wl1ii1SeHieeh0HHfPeL2fMXK6z0s8ecKs9frCuLJvndBg==",
      "dev": true,
      "requires": {
        "punycode": "^2.1.0"
      }
    },
    "url": {
      "version": "0.10.3",
      "resolved": "https://registry.npmjs.org/url/-/url-0.10.3.tgz",
      "integrity": "sha1-Ah5NnHcF8hu/N9A861h2dAJ3TGQ=",
      "dev": true,
      "requires": {
        "punycode": "1.3.2",
        "querystring": "0.2.0"
      },
      "dependencies": {
        "punycode": {
          "version": "1.3.2",
          "resolved": "https://registry.npmjs.org/punycode/-/punycode-1.3.2.tgz",
          "integrity": "sha1-llOgNvt8HuQjQvIyXM7v6jkmxI0=",
          "dev": true
        }
      }
    },
    "uuid": {
      "version": "3.3.2",
      "resolved": "https://registry.npmjs.org/uuid/-/uuid-3.3.2.tgz",
      "integrity": "sha512-yXJmeNaw3DnnKAOKJE51sL/ZaYfWJRl1pK9dr19YFCu0ObS231AB1/LbqTKRAQ5kw8A90rA6fr4riOUpTZvQZA==",
      "dev": true
    },
    "xml2js": {
      "version": "0.4.19",
      "resolved": "https://registry.npmjs.org/xml2js/-/xml2js-0.4.19.tgz",
      "integrity": "sha512-esZnJZJOiJR9wWKMyuvSE1y6Dq5LCuJanqhxslH2bxM6duahNZ+HMpCLhBQGZkbX6xRf8x1Y2eJlgt2q3qo49Q==",
      "dev": true,
      "requires": {
        "sax": ">=0.6.0",
        "xmlbuilder": "~9.0.1"
      }
    },
    "xmlbuilder": {
      "version": "9.0.7",
      "resolved": "https://registry.npmjs.org/xmlbuilder/-/xmlbuilder-9.0.7.tgz",
      "integrity": "sha1-Ey7mPS7FVlxVfiD0wi35rKaGsQ0=",
      "dev": true
    }
  }
}
