{
	"name": "@cloudcomponents/cdk-pull-request-check",
	"version": "1.0.6",
	"lockfileVersion": 1,
	"requires": true,
	"dependencies": {
		"@aws-cdk/assets": {
			"version": "1.1.0",
			"resolved": "https://registry.npmjs.org/@aws-cdk/assets/-/assets-1.1.0.tgz",
			"integrity": "sha512-L4+a+3FWUAZuWKlPZ1BqH7h1TKQ+ClRLaBC0Y1tp1Q8QUtGOiAuDOCRk8NDVGjh3AIoBNphhgTSt9fvpWCu6pw==",
			"requires": {
				"@aws-cdk/core": "^1.1.0",
				"@aws-cdk/cx-api": "^1.1.0",
				"minimatch": "^3.0.4"
			},
			"dependencies": {
				"minimatch": {
					"version": "3.0.4",
					"bundled": true,
					"requires": {
						"brace-expansion": "^1.1.7"
					},
					"dependencies": {
						"balanced-match": {
							"version": "1.0.0",
							"bundled": true
						},
						"brace-expansion": {
							"version": "1.1.11",
							"bundled": true,
							"requires": {
								"balanced-match": "^1.0.0",
								"concat-map": "0.0.1"
							}
						},
						"concat-map": {
							"version": "0.0.1",
							"bundled": true
						}
					}
				}
			}
		},
		"@aws-cdk/aws-apigateway": {
			"version": "1.1.0",
			"resolved": "https://registry.npmjs.org/@aws-cdk/aws-apigateway/-/aws-apigateway-1.1.0.tgz",
			"integrity": "sha512-dzeEwze3KoE3M71L+PNIJj4ey/KNnXhGalp5TxNeY2IIhJfORWrGJ9y5XuCbHoqnQHHFecXrr3uOx8rNqJH1dg==",
			"requires": {
				"@aws-cdk/aws-certificatemanager": "^1.1.0",
				"@aws-cdk/aws-elasticloadbalancingv2": "^1.1.0",
				"@aws-cdk/aws-iam": "^1.1.0",
				"@aws-cdk/aws-lambda": "^1.1.0",
				"@aws-cdk/core": "^1.1.0"
			}
		},
		"@aws-cdk/aws-applicationautoscaling": {
			"version": "1.1.0",
			"resolved": "https://registry.npmjs.org/@aws-cdk/aws-applicationautoscaling/-/aws-applicationautoscaling-1.1.0.tgz",
			"integrity": "sha512-gD+t7LJYbvqqzdkRcdC4sjWp4Hfyz3uJrhff9NxR0Xzuev42d2PxYw9kvQJn3Yi58sv3xfYxc6IoJF3K3ppg4A==",
			"requires": {
				"@aws-cdk/aws-autoscaling-common": "^1.1.0",
				"@aws-cdk/aws-cloudwatch": "^1.1.0",
				"@aws-cdk/aws-iam": "^1.1.0",
				"@aws-cdk/core": "^1.1.0"
			}
		},
		"@aws-cdk/aws-autoscaling": {
			"version": "1.1.0",
			"resolved": "https://registry.npmjs.org/@aws-cdk/aws-autoscaling/-/aws-autoscaling-1.1.0.tgz",
			"integrity": "sha512-MKpTz9yHBIBEQ3Z06oX8OPoMEKWsono7BXYsnYXaS5E6bxzeVXsQjuqlc1LXh8q3sw9rlsKSOBjHkj6t8CHwLA==",
			"requires": {
				"@aws-cdk/aws-autoscaling-common": "^1.1.0",
				"@aws-cdk/aws-cloudwatch": "^1.1.0",
				"@aws-cdk/aws-ec2": "^1.1.0",
				"@aws-cdk/aws-elasticloadbalancing": "^1.1.0",
				"@aws-cdk/aws-elasticloadbalancingv2": "^1.1.0",
				"@aws-cdk/aws-iam": "^1.1.0",
				"@aws-cdk/aws-sns": "^1.1.0",
				"@aws-cdk/core": "^1.1.0"
			}
		},
		"@aws-cdk/aws-autoscaling-common": {
			"version": "1.1.0",
			"resolved": "https://registry.npmjs.org/@aws-cdk/aws-autoscaling-common/-/aws-autoscaling-common-1.1.0.tgz",
			"integrity": "sha512-YCPS1UHUt8OWhgbq92CYLECgtMjZkQTaHX3ICoLp94YuuT6cBXmT7qrGJnVRvnFGG0I3FuuT0IWfo+UH2MOFJQ==",
			"requires": {
				"@aws-cdk/aws-iam": "^1.1.0",
				"@aws-cdk/core": "^1.1.0"
			}
		},
		"@aws-cdk/aws-autoscaling-hooktargets": {
			"version": "1.1.0",
			"resolved": "https://registry.npmjs.org/@aws-cdk/aws-autoscaling-hooktargets/-/aws-autoscaling-hooktargets-1.1.0.tgz",
			"integrity": "sha512-R7+L8aZP4z3lLpBEDR4ouevnDZKuOFvc3DQd8LEPI8gKLKZ6nqxo7LYeN7M+KPvHttPc6V5RDTvlFlUNsu8s0A==",
			"requires": {
				"@aws-cdk/aws-autoscaling": "^1.1.0",
				"@aws-cdk/aws-iam": "^1.1.0",
				"@aws-cdk/aws-lambda": "^1.1.0",
				"@aws-cdk/aws-sns": "^1.1.0",
				"@aws-cdk/aws-sns-subscriptions": "^1.1.0",
				"@aws-cdk/aws-sqs": "^1.1.0",
				"@aws-cdk/core": "^1.1.0"
			}
		},
		"@aws-cdk/aws-certificatemanager": {
			"version": "1.1.0",
			"resolved": "https://registry.npmjs.org/@aws-cdk/aws-certificatemanager/-/aws-certificatemanager-1.1.0.tgz",
			"integrity": "sha512-8nsXaOaRukJF7Uue/JdDxj9t14V8xrst7124GTQs4Xxl0Yl1O55l3+fOkzmxVxXYQJCsFHveZDhg0uHz/IXKog==",
			"requires": {
				"@aws-cdk/aws-cloudformation": "^1.1.0",
				"@aws-cdk/aws-iam": "^1.1.0",
				"@aws-cdk/aws-lambda": "^1.1.0",
				"@aws-cdk/aws-route53": "^1.1.0",
				"@aws-cdk/core": "^1.1.0"
			}
		},
		"@aws-cdk/aws-cloudformation": {
			"version": "1.1.0",
			"resolved": "https://registry.npmjs.org/@aws-cdk/aws-cloudformation/-/aws-cloudformation-1.1.0.tgz",
			"integrity": "sha512-8UiQjimlFSh+wMN9YzHOUspECGQbuQLUdxyVI6YpKVsVoo8NMX3mTF2wMIUfaJmAwXBg6h6sOHAG2k+pqxTmFw==",
			"requires": {
				"@aws-cdk/aws-iam": "^1.1.0",
				"@aws-cdk/aws-lambda": "^1.1.0",
				"@aws-cdk/aws-sns": "^1.1.0",
				"@aws-cdk/core": "^1.1.0"
			}
		},
		"@aws-cdk/aws-cloudfront": {
			"version": "1.1.0",
			"resolved": "https://registry.npmjs.org/@aws-cdk/aws-cloudfront/-/aws-cloudfront-1.1.0.tgz",
			"integrity": "sha512-AjLs1Ba1hH8mhX4hgxAc/LhOYvehDZv/XdZm/jyeZwjlKVOdV9/7jMeTBECGeL29utHaBjhGd82UqVBWXnAc7Q==",
			"requires": {
				"@aws-cdk/aws-certificatemanager": "^1.1.0",
				"@aws-cdk/aws-iam": "^1.1.0",
				"@aws-cdk/aws-kms": "^1.1.0",
				"@aws-cdk/aws-lambda": "^1.1.0",
				"@aws-cdk/aws-s3": "^1.1.0",
				"@aws-cdk/core": "^1.1.0"
			}
		},
		"@aws-cdk/aws-cloudwatch": {
			"version": "1.1.0",
			"resolved": "https://registry.npmjs.org/@aws-cdk/aws-cloudwatch/-/aws-cloudwatch-1.1.0.tgz",
			"integrity": "sha512-3Joz7ZaaXZPJpwOTmo/EmrQCkqeR65N7k1PeiW7yO4tycX8PIUcJaFZYhm+c21I/htMXjTwxs5lX1wXGcZgSLA==",
			"requires": {
				"@aws-cdk/aws-iam": "^1.1.0",
				"@aws-cdk/core": "^1.1.0"
			}
		},
		"@aws-cdk/aws-codebuild": {
			"version": "1.1.0",
			"resolved": "https://registry.npmjs.org/@aws-cdk/aws-codebuild/-/aws-codebuild-1.1.0.tgz",
			"integrity": "sha512-E4dET7n6tlhxlu1TLhyn9qpI0RHnMzHdnTJ3Ibi1gA/vkkypVuGuh536x6Jbgt+thXMur3dvAtyDH82nIIMeuw==",
			"requires": {
				"@aws-cdk/assets": "^1.1.0",
				"@aws-cdk/aws-cloudwatch": "^1.1.0",
				"@aws-cdk/aws-codecommit": "^1.1.0",
				"@aws-cdk/aws-ec2": "^1.1.0",
				"@aws-cdk/aws-ecr": "^1.1.0",
				"@aws-cdk/aws-ecr-assets": "^1.1.0",
				"@aws-cdk/aws-events": "^1.1.0",
				"@aws-cdk/aws-iam": "^1.1.0",
				"@aws-cdk/aws-kms": "^1.1.0",
				"@aws-cdk/aws-s3": "^1.1.0",
				"@aws-cdk/aws-s3-assets": "^1.1.0",
				"@aws-cdk/aws-secretsmanager": "^1.1.0",
				"@aws-cdk/core": "^1.1.0"
			}
		},
		"@aws-cdk/aws-codecommit": {
			"version": "1.1.0",
			"resolved": "https://registry.npmjs.org/@aws-cdk/aws-codecommit/-/aws-codecommit-1.1.0.tgz",
			"integrity": "sha512-FbtCk3DNiNyyMcTGIbXKloc+l1avKnKzE8ygTl74oFyMtxTJj39RTOpnvpyID2YQffzfpCymIIIC5hn02qfdtg==",
			"requires": {
				"@aws-cdk/aws-events": "^1.1.0",
				"@aws-cdk/aws-iam": "^1.1.0",
				"@aws-cdk/core": "^1.1.0"
			}
		},
		"@aws-cdk/aws-codepipeline": {
			"version": "1.1.0",
			"resolved": "https://registry.npmjs.org/@aws-cdk/aws-codepipeline/-/aws-codepipeline-1.1.0.tgz",
			"integrity": "sha512-QPA1+ABP6qygXM2zVGryEm/r3AzKk5rPhlkBZ3fX4mw1kMXa+mTAioiglWJRvGCNHvYbATqypGoD14VSY1JPNA==",
			"requires": {
				"@aws-cdk/aws-events": "^1.1.0",
				"@aws-cdk/aws-iam": "^1.1.0",
				"@aws-cdk/aws-kms": "^1.1.0",
				"@aws-cdk/aws-s3": "^1.1.0",
				"@aws-cdk/core": "^1.1.0"
			}
		},
		"@aws-cdk/aws-ec2": {
			"version": "1.1.0",
			"resolved": "https://registry.npmjs.org/@aws-cdk/aws-ec2/-/aws-ec2-1.1.0.tgz",
			"integrity": "sha512-PucxRr3ulpaXIY2YA6Qp4EaPFUsUwco7dS4pIQatUR9dyiJ+vk2/gVDUzDAi1VFjRWtyxlCIj30jRWOM6PcIJg==",
			"requires": {
				"@aws-cdk/aws-cloudwatch": "^1.1.0",
				"@aws-cdk/aws-iam": "^1.1.0",
				"@aws-cdk/aws-ssm": "^1.1.0",
				"@aws-cdk/core": "^1.1.0",
				"@aws-cdk/cx-api": "^1.1.0"
			}
		},
		"@aws-cdk/aws-ecr": {
			"version": "1.1.0",
			"resolved": "https://registry.npmjs.org/@aws-cdk/aws-ecr/-/aws-ecr-1.1.0.tgz",
			"integrity": "sha512-osbhP9LJ/xO5DMEbjdaKtkepVQ68tdkoV76C+SCJv+t8As5AD/Aonb7fWYpJejnZrHUjU26UscbgkURdNOY2Gw==",
			"requires": {
				"@aws-cdk/aws-events": "^1.1.0",
				"@aws-cdk/aws-iam": "^1.1.0",
				"@aws-cdk/core": "^1.1.0"
			}
		},
		"@aws-cdk/aws-ecr-assets": {
			"version": "1.1.0",
			"resolved": "https://registry.npmjs.org/@aws-cdk/aws-ecr-assets/-/aws-ecr-assets-1.1.0.tgz",
			"integrity": "sha512-SzZu+8WzRAsHNiXV7sSLIGKUm1kA4S5HmfEtgL+0xLGjdYjmPCBwAq2Ma96/+DQmSl90SXwI8oIlN0uXcqIqtg==",
			"requires": {
				"@aws-cdk/assets": "^1.1.0",
				"@aws-cdk/aws-cloudformation": "^1.1.0",
				"@aws-cdk/aws-ecr": "^1.1.0",
				"@aws-cdk/aws-iam": "^1.1.0",
				"@aws-cdk/aws-lambda": "^1.1.0",
				"@aws-cdk/aws-s3": "^1.1.0",
				"@aws-cdk/core": "^1.1.0",
				"@aws-cdk/cx-api": "^1.1.0"
			}
		},
		"@aws-cdk/aws-ecs": {
			"version": "1.1.0",
			"resolved": "https://registry.npmjs.org/@aws-cdk/aws-ecs/-/aws-ecs-1.1.0.tgz",
			"integrity": "sha512-dmw2th4KWOjNR9KgU+cQnNAqlLEQrBpOhbn4PK44jZOxd4l6LTsgF+Om3BqGunR9E0cS1LQAA8/O+bmZnqet4w==",
			"requires": {
				"@aws-cdk/aws-applicationautoscaling": "^1.1.0",
				"@aws-cdk/aws-autoscaling": "^1.1.0",
				"@aws-cdk/aws-autoscaling-hooktargets": "^1.1.0",
				"@aws-cdk/aws-certificatemanager": "^1.1.0",
				"@aws-cdk/aws-cloudformation": "^1.1.0",
				"@aws-cdk/aws-cloudwatch": "^1.1.0",
				"@aws-cdk/aws-ec2": "^1.1.0",
				"@aws-cdk/aws-ecr": "^1.1.0",
				"@aws-cdk/aws-ecr-assets": "^1.1.0",
				"@aws-cdk/aws-elasticloadbalancing": "^1.1.0",
				"@aws-cdk/aws-elasticloadbalancingv2": "^1.1.0",
				"@aws-cdk/aws-iam": "^1.1.0",
				"@aws-cdk/aws-lambda": "^1.1.0",
				"@aws-cdk/aws-logs": "^1.1.0",
				"@aws-cdk/aws-route53": "^1.1.0",
				"@aws-cdk/aws-route53-targets": "^1.1.0",
				"@aws-cdk/aws-secretsmanager": "^1.1.0",
				"@aws-cdk/aws-servicediscovery": "^1.1.0",
				"@aws-cdk/aws-sns": "^1.1.0",
				"@aws-cdk/aws-sqs": "^1.1.0",
				"@aws-cdk/aws-ssm": "^1.1.0",
				"@aws-cdk/core": "^1.1.0",
				"@aws-cdk/cx-api": "^1.1.0"
			}
		},
		"@aws-cdk/aws-elasticloadbalancing": {
			"version": "1.1.0",
			"resolved": "https://registry.npmjs.org/@aws-cdk/aws-elasticloadbalancing/-/aws-elasticloadbalancing-1.1.0.tgz",
			"integrity": "sha512-thrZZ0ncFjp8rw71m7A/ju8a3hve5K01nBMLeK9L9DwtJoYFxAbaSFPgT7p8a5/SC7tbRh7m8LUh8BeVazCwdA==",
			"requires": {
				"@aws-cdk/aws-ec2": "^1.1.0",
				"@aws-cdk/core": "^1.1.0"
			}
		},
		"@aws-cdk/aws-elasticloadbalancingv2": {
			"version": "1.1.0",
			"resolved": "https://registry.npmjs.org/@aws-cdk/aws-elasticloadbalancingv2/-/aws-elasticloadbalancingv2-1.1.0.tgz",
			"integrity": "sha512-nT5k4g7lcve2qhk6deRKpx7zZxDNsR8IMsakReG/GZH2AQkYZrakZ9zSu9LNE4ZytbiUCNCIyVZL5pX6Z7ntpQ==",
			"requires": {
				"@aws-cdk/aws-certificatemanager": "^1.1.0",
				"@aws-cdk/aws-cloudwatch": "^1.1.0",
				"@aws-cdk/aws-ec2": "^1.1.0",
				"@aws-cdk/aws-iam": "^1.1.0",
				"@aws-cdk/aws-s3": "^1.1.0",
				"@aws-cdk/core": "^1.1.0"
			}
		},
		"@aws-cdk/aws-events": {
			"version": "1.1.0",
			"resolved": "https://registry.npmjs.org/@aws-cdk/aws-events/-/aws-events-1.1.0.tgz",
			"integrity": "sha512-oOC7OZgMTbhAM0akhREiko+977jBvxzf6DfiduoAfWMC2xR5UHFyUWLOM4tyUKzULm99f9vDlTDm1GFqGhVaHA==",
			"requires": {
				"@aws-cdk/aws-iam": "^1.1.0",
				"@aws-cdk/core": "^1.1.0"
			}
		},
		"@aws-cdk/aws-events-targets": {
			"version": "1.1.0",
			"resolved": "https://registry.npmjs.org/@aws-cdk/aws-events-targets/-/aws-events-targets-1.1.0.tgz",
			"integrity": "sha512-LOXsjbDzibM+nxEuCZYib/1E1PO8Cc3Ncpw2ZCKiw9docVDO0KOglidIEztUXCAT8Xpcyz0JeDMnsNrBQyO7Dw==",
			"requires": {
				"@aws-cdk/aws-cloudformation": "^1.1.0",
				"@aws-cdk/aws-codebuild": "^1.1.0",
				"@aws-cdk/aws-codepipeline": "^1.1.0",
				"@aws-cdk/aws-ec2": "^1.1.0",
				"@aws-cdk/aws-ecs": "^1.1.0",
				"@aws-cdk/aws-events": "^1.1.0",
				"@aws-cdk/aws-iam": "^1.1.0",
				"@aws-cdk/aws-lambda": "^1.1.0",
				"@aws-cdk/aws-sns": "^1.1.0",
				"@aws-cdk/aws-sns-subscriptions": "^1.1.0",
				"@aws-cdk/aws-sqs": "^1.1.0",
				"@aws-cdk/aws-stepfunctions": "^1.1.0",
				"@aws-cdk/core": "^1.1.0",
				"@aws-cdk/custom-resources": "^1.1.0"
			}
		},
		"@aws-cdk/aws-iam": {
			"version": "1.1.0",
			"resolved": "https://registry.npmjs.org/@aws-cdk/aws-iam/-/aws-iam-1.1.0.tgz",
			"integrity": "sha512-5C0DiFJYvjZzNjP0TQndgL1n5ISronLSKBwFayNcS4VG/M4Sl2H0evYO3weEcQvap4yuosntPKR5eIQ0qYvMWA==",
			"requires": {
				"@aws-cdk/core": "^1.1.0",
				"@aws-cdk/region-info": "^1.1.0"
			}
		},
		"@aws-cdk/aws-kms": {
			"version": "1.1.0",
			"resolved": "https://registry.npmjs.org/@aws-cdk/aws-kms/-/aws-kms-1.1.0.tgz",
			"integrity": "sha512-QN71ikdFyywFZJHff9tUxw3yS0luVWBNsct6e5Hb6Jgt0T54020MeuIxy2VUC3VnMjRRFc0xklbZzhtxEoQGrQ==",
			"requires": {
				"@aws-cdk/aws-iam": "^1.1.0",
				"@aws-cdk/core": "^1.1.0"
			}
		},
		"@aws-cdk/aws-lambda": {
			"version": "1.1.0",
			"resolved": "https://registry.npmjs.org/@aws-cdk/aws-lambda/-/aws-lambda-1.1.0.tgz",
			"integrity": "sha512-yjF2fu5A+txT/oBroTJYlE/vjg0wuFwbF5tXguULCtNWOHqgr25AjSMb9oXftW4C6qzQwt8Gal/ZlZRygyJMxg==",
			"requires": {
				"@aws-cdk/aws-cloudwatch": "^1.1.0",
				"@aws-cdk/aws-ec2": "^1.1.0",
				"@aws-cdk/aws-events": "^1.1.0",
				"@aws-cdk/aws-iam": "^1.1.0",
				"@aws-cdk/aws-logs": "^1.1.0",
				"@aws-cdk/aws-s3": "^1.1.0",
				"@aws-cdk/aws-s3-assets": "^1.1.0",
				"@aws-cdk/aws-sqs": "^1.1.0",
				"@aws-cdk/core": "^1.1.0",
				"@aws-cdk/cx-api": "^1.1.0"
			}
		},
		"@aws-cdk/aws-logs": {
			"version": "1.1.0",
			"resolved": "https://registry.npmjs.org/@aws-cdk/aws-logs/-/aws-logs-1.1.0.tgz",
			"integrity": "sha512-2FhRr0voqNZtDXbAWKjGd+nMTLolQ4wMpjMrUrsZSY++ks+3MAlnu5aejikbgnRLrDipH6aEwqf0mliV/09XMw==",
			"requires": {
				"@aws-cdk/aws-cloudwatch": "^1.1.0",
				"@aws-cdk/aws-iam": "^1.1.0",
				"@aws-cdk/core": "^1.1.0"
			}
		},
		"@aws-cdk/aws-route53": {
			"version": "1.1.0",
			"resolved": "https://registry.npmjs.org/@aws-cdk/aws-route53/-/aws-route53-1.1.0.tgz",
			"integrity": "sha512-gH6PPth9AVzCZ8EwRtg+nsJd+pKu2ccRRjnZJjuaFsjyg1SrriBbtMd459sGMqE1HG9TvFYUIWhYS+D+LWOSXQ==",
			"requires": {
				"@aws-cdk/aws-ec2": "^1.1.0",
				"@aws-cdk/aws-logs": "^1.1.0",
				"@aws-cdk/core": "^1.1.0",
				"@aws-cdk/cx-api": "^1.1.0"
			}
		},
		"@aws-cdk/aws-route53-targets": {
			"version": "1.1.0",
			"resolved": "https://registry.npmjs.org/@aws-cdk/aws-route53-targets/-/aws-route53-targets-1.1.0.tgz",
			"integrity": "sha512-YewXwEerm/dgbJraCHDsbRhYbXL/Fd87BGFZ+VEESzKyEjOYVBQgbhKIL28t2q/4+0a3I+gEy7pfX/wokFiLJw==",
			"requires": {
				"@aws-cdk/aws-apigateway": "^1.1.0",
				"@aws-cdk/aws-cloudfront": "^1.1.0",
				"@aws-cdk/aws-elasticloadbalancingv2": "^1.1.0",
				"@aws-cdk/aws-iam": "^1.1.0",
				"@aws-cdk/aws-route53": "^1.1.0",
				"@aws-cdk/core": "^1.1.0"
			}
		},
		"@aws-cdk/aws-s3": {
			"version": "1.1.0",
			"resolved": "https://registry.npmjs.org/@aws-cdk/aws-s3/-/aws-s3-1.1.0.tgz",
			"integrity": "sha512-Idy2Z/m2IgpLe3gdKxn08jbJjaGK0PWMSHYeQPDR1gkepSlet48FCfYSPMNIbyzK5thiXPDH7csyBdCalaW7Dg==",
			"requires": {
				"@aws-cdk/aws-events": "^1.1.0",
				"@aws-cdk/aws-iam": "^1.1.0",
				"@aws-cdk/aws-kms": "^1.1.0",
				"@aws-cdk/core": "^1.1.0"
			}
		},
		"@aws-cdk/aws-s3-assets": {
			"version": "1.1.0",
			"resolved": "https://registry.npmjs.org/@aws-cdk/aws-s3-assets/-/aws-s3-assets-1.1.0.tgz",
			"integrity": "sha512-Zh4Xgul+DSU1/LudY47MmQx6c5BDooAdq4UvAb4ezrayAmWjLfBmN7uYm2nu4Wbz9Cv4vUdGqCsX9Rl8wRNcJQ==",
			"requires": {
				"@aws-cdk/assets": "^1.1.0",
				"@aws-cdk/aws-iam": "^1.1.0",
				"@aws-cdk/aws-s3": "^1.1.0",
				"@aws-cdk/core": "^1.1.0",
				"@aws-cdk/cx-api": "^1.1.0"
			}
		},
		"@aws-cdk/aws-secretsmanager": {
			"version": "1.1.0",
			"resolved": "https://registry.npmjs.org/@aws-cdk/aws-secretsmanager/-/aws-secretsmanager-1.1.0.tgz",
			"integrity": "sha512-1p7YfTOmtYHsS8c+qhUhEc+dsZjI2wKIkc4peu+TSyEHqSbsm1vzW2GM0OpIRtcQ7W4CPqlGT/wO9a2md65IOA==",
			"requires": {
				"@aws-cdk/aws-ec2": "^1.1.0",
				"@aws-cdk/aws-iam": "^1.1.0",
				"@aws-cdk/aws-kms": "^1.1.0",
				"@aws-cdk/aws-lambda": "^1.1.0",
				"@aws-cdk/core": "^1.1.0"
			}
		},
		"@aws-cdk/aws-servicediscovery": {
			"version": "1.1.0",
			"resolved": "https://registry.npmjs.org/@aws-cdk/aws-servicediscovery/-/aws-servicediscovery-1.1.0.tgz",
			"integrity": "sha512-Px4XJEaHmEojzQpmiiHh1gZxRNosP2aDpC5q4HNVZzQXwN1avbyatALkK63RaCL6grgzlnhFut6nnG85aauIrA==",
			"requires": {
				"@aws-cdk/aws-ec2": "^1.1.0",
				"@aws-cdk/aws-elasticloadbalancingv2": "^1.1.0",
				"@aws-cdk/aws-route53": "^1.1.0",
				"@aws-cdk/core": "^1.1.0"
			}
		},
		"@aws-cdk/aws-sns": {
			"version": "1.1.0",
			"resolved": "https://registry.npmjs.org/@aws-cdk/aws-sns/-/aws-sns-1.1.0.tgz",
			"integrity": "sha512-tSGZOgHiQim40g4MhHGuadTL798RBASSC6Ws2FzO9GXASgQzRAYIcdHlCihfOTYG4VsEdVunb8yFbOmMiesvuw==",
			"requires": {
				"@aws-cdk/aws-cloudwatch": "^1.1.0",
				"@aws-cdk/aws-events": "^1.1.0",
				"@aws-cdk/aws-iam": "^1.1.0",
				"@aws-cdk/core": "^1.1.0"
			}
		},
		"@aws-cdk/aws-sns-subscriptions": {
			"version": "1.1.0",
			"resolved": "https://registry.npmjs.org/@aws-cdk/aws-sns-subscriptions/-/aws-sns-subscriptions-1.1.0.tgz",
			"integrity": "sha512-iOZgaNxbNJksfGRZnr+aI+YIurB2gnHFEFsnNR4vmFxgCPLqYkXDaKAjAzw7pu0CGb8Spf7OKHLPAeA7dbBEDg==",
			"requires": {
				"@aws-cdk/aws-iam": "^1.1.0",
				"@aws-cdk/aws-lambda": "^1.1.0",
				"@aws-cdk/aws-sns": "^1.1.0",
				"@aws-cdk/aws-sqs": "^1.1.0",
				"@aws-cdk/core": "^1.1.0"
			}
		},
		"@aws-cdk/aws-sqs": {
			"version": "1.1.0",
			"resolved": "https://registry.npmjs.org/@aws-cdk/aws-sqs/-/aws-sqs-1.1.0.tgz",
			"integrity": "sha512-yCgWFAucKxpWEQ9Y8wT5ut/xgX/tC6DlHyo9K8KxajtWhin2RrBrkuGl3xHo2dILQ2D9LCbCYcFBDo4IAeVnhw==",
			"requires": {
				"@aws-cdk/aws-cloudwatch": "^1.1.0",
				"@aws-cdk/aws-iam": "^1.1.0",
				"@aws-cdk/aws-kms": "^1.1.0",
				"@aws-cdk/core": "^1.1.0"
			}
		},
		"@aws-cdk/aws-ssm": {
			"version": "1.1.0",
			"resolved": "https://registry.npmjs.org/@aws-cdk/aws-ssm/-/aws-ssm-1.1.0.tgz",
			"integrity": "sha512-8TiLNWmwtK/1Tp2hs1LJzEUNHJ/I0RrZA2nfwjfut6qOTOcQANokHRm8ecKKrGfWZ6D240SQXlcXLr9YszT8cg==",
			"requires": {
				"@aws-cdk/aws-iam": "^1.1.0",
				"@aws-cdk/core": "^1.1.0",
				"@aws-cdk/cx-api": "^1.1.0"
			}
		},
		"@aws-cdk/aws-stepfunctions": {
			"version": "1.1.0",
			"resolved": "https://registry.npmjs.org/@aws-cdk/aws-stepfunctions/-/aws-stepfunctions-1.1.0.tgz",
			"integrity": "sha512-NLHs722O2mLb4LwZcZS6HqSAzvIYBgjp/2FaQqwZPInqI6QYNzXv59yfCyI3j/4TTn4NR3s8WlvUinWv2471gQ==",
			"requires": {
				"@aws-cdk/aws-cloudwatch": "^1.1.0",
				"@aws-cdk/aws-events": "^1.1.0",
				"@aws-cdk/aws-iam": "^1.1.0",
				"@aws-cdk/core": "^1.1.0"
			}
		},
		"@aws-cdk/core": {
			"version": "1.1.0",
			"resolved": "https://registry.npmjs.org/@aws-cdk/core/-/core-1.1.0.tgz",
			"integrity": "sha512-ZOLhK3VaroZtL3SOnRny2xVbQGWSjbCZtevp3jxDlZqOF/isK0kTaChYTqFSDq/+/FNkp5wslqfOhkjWUwgHvQ==",
			"requires": {
				"@aws-cdk/cx-api": "^1.1.0"
			}
		},
		"@aws-cdk/custom-resources": {
			"version": "1.1.0",
			"resolved": "https://registry.npmjs.org/@aws-cdk/custom-resources/-/custom-resources-1.1.0.tgz",
			"integrity": "sha512-M3Gx7CIqeu56t3Hfu7DNiTjosyOmyY03vdTLCN8cbGBcIWYliDuLei8A4f74bhHAsE4JUqcoc81ol86Ej/B+Yg==",
			"requires": {
				"@aws-cdk/aws-cloudformation": "^1.1.0",
				"@aws-cdk/aws-iam": "^1.1.0",
				"@aws-cdk/aws-lambda": "^1.1.0",
				"@aws-cdk/aws-sns": "^1.1.0",
				"@aws-cdk/core": "^1.1.0"
			}
		},
		"@aws-cdk/cx-api": {
			"version": "1.1.0",
			"resolved": "https://registry.npmjs.org/@aws-cdk/cx-api/-/cx-api-1.1.0.tgz",
			"integrity": "sha512-7WgWW58w/4ZhDhX8h7R7/ZLv+Z1753Ifu+SQlHQRQIT6cadMh7FqdmL/U/TgBS4Il8+iD7aTEOGYOq5GsrI1og==",
			"requires": {
				"semver": "^6.1.1"
			},
			"dependencies": {
				"semver": {
					"version": "6.2.0",
					"bundled": true
				}
			}
		},
		"@aws-cdk/region-info": {
			"version": "1.1.0",
			"resolved": "https://registry.npmjs.org/@aws-cdk/region-info/-/region-info-1.1.0.tgz",
			"integrity": "sha512-1Yxhu2YK4+gKuMB/3AoahC21RJEb/Z93XeB4tncpYM7mbOk9XFAmpTjuYxzxT2yXCZp0n4S1giaOVC6K5Qpk4g=="
		},
		"@types/node": {
			"version": "8.10.45",
			"resolved": "https://registry.npmjs.org/@types/node/-/node-8.10.45.tgz",
			"integrity": "sha512-tGVTbA+i3qfXsLbq9rEq/hezaHY55QxQLeXQL2ejNgFAxxrgu8eMmYIOsRcl7hN1uTLVsKOOYacV/rcJM3sfgQ==",
			"dev": true
		},
		"typescript": {
			"version": "3.5.3",
			"resolved": "https://registry.npmjs.org/typescript/-/typescript-3.5.3.tgz",
			"integrity": "sha512-ACzBtm/PhXBDId6a6sDJfroT2pOWt/oOnk4/dElG5G33ZL776N3Y6/6bKZJBFpd+b05F3Ct9qDjMeJmRWtE2/g==",
			"dev": true
		}
	}
}
