{
	"name": "@cloudcomponents/cdk-github-webhook",
	"version": "1.0.2",
	"lockfileVersion": 1,
	"requires": true,
	"dependencies": {
		"@aws-cdk/assets": {
			"version": "0.21.0",
			"resolved": "https://registry.npmjs.org/@aws-cdk/assets/-/assets-0.21.0.tgz",
			"integrity": "sha512-R76ZXkpNGn/ozqhfkwTGlWceFyCbOLUb1C8hNDm5DSBYg8aF+IR3Tnj6bNCR2KYcTG2j9VwCsStcQ6KbPE7Rlw==",
			"requires": {
				"@aws-cdk/aws-iam": "^0.21.0",
				"@aws-cdk/aws-s3": "^0.21.0",
				"@aws-cdk/cdk": "^0.21.0",
				"@aws-cdk/cx-api": "^0.21.0"
			}
		},
		"@aws-cdk/aws-autoscaling-api": {
			"version": "0.21.0",
			"resolved": "https://registry.npmjs.org/@aws-cdk/aws-autoscaling-api/-/aws-autoscaling-api-0.21.0.tgz",
			"integrity": "sha512-oQNmoX7eJoMSMEyN98aM4yZlm16zovREm/D7Eif+Ba0gF//10MFsB+nmZYZCeSeK91EF/qS7/BL+3QGisVmjnQ==",
			"requires": {
				"@aws-cdk/aws-iam": "^0.21.0",
				"@aws-cdk/cdk": "^0.21.0"
			}
		},
		"@aws-cdk/aws-cloudformation": {
			"version": "0.21.0",
			"resolved": "https://registry.npmjs.org/@aws-cdk/aws-cloudformation/-/aws-cloudformation-0.21.0.tgz",
			"integrity": "sha512-Br7EDwPbbsAHnurjtzTkOnPeUDgI6Wc5LlbWxVr0nJpUaN/6XaZ5jqt+N7k84gV7RlzvHYulr4mLoz3af5iNiA==",
			"requires": {
				"@aws-cdk/aws-codepipeline-api": "^0.21.0",
				"@aws-cdk/aws-iam": "^0.21.0",
				"@aws-cdk/aws-lambda": "^0.21.0",
				"@aws-cdk/aws-sns": "^0.21.0",
				"@aws-cdk/cdk": "^0.21.0"
			}
		},
		"@aws-cdk/aws-cloudwatch": {
			"version": "0.21.0",
			"resolved": "https://registry.npmjs.org/@aws-cdk/aws-cloudwatch/-/aws-cloudwatch-0.21.0.tgz",
			"integrity": "sha512-6tejpgGI7O27qiAIYBLhB3el+4LYb3ktZ8nBWhRmxibv6XrX6Vqqs50ZflDUE6wZ1tyS0qWapF705h7Tzz+QTA==",
			"requires": {
				"@aws-cdk/aws-iam": "^0.21.0",
				"@aws-cdk/cdk": "^0.21.0"
			}
		},
		"@aws-cdk/aws-codepipeline-api": {
			"version": "0.21.0",
			"resolved": "https://registry.npmjs.org/@aws-cdk/aws-codepipeline-api/-/aws-codepipeline-api-0.21.0.tgz",
			"integrity": "sha512-rUGfCIyyy33hqeNGrFchemiwhPEaoDZkCzPyVhCiRKaeB9wwvaB1A2x4XCs8GKlY8MrNOG5U/yCven0+u8uw2A==",
			"requires": {
				"@aws-cdk/aws-events": "^0.21.0",
				"@aws-cdk/aws-iam": "^0.21.0",
				"@aws-cdk/cdk": "^0.21.0"
			}
		},
		"@aws-cdk/aws-ec2": {
			"version": "0.21.0",
			"resolved": "https://registry.npmjs.org/@aws-cdk/aws-ec2/-/aws-ec2-0.21.0.tgz",
			"integrity": "sha512-vHCPz2glW/ahXn6jDjOM2FEtk0x0MoHiUgk/8ifisWKP6V0iGn1JQawu+dCzfDgn6e9gwUT+LVuvbx4rs2gt1A==",
			"requires": {
				"@aws-cdk/aws-iam": "^0.21.0",
				"@aws-cdk/cdk": "^0.21.0",
				"@aws-cdk/cx-api": "^0.21.0"
			}
		},
		"@aws-cdk/aws-events": {
			"version": "0.21.0",
			"resolved": "https://registry.npmjs.org/@aws-cdk/aws-events/-/aws-events-0.21.0.tgz",
			"integrity": "sha512-dDwXIWm1rbduIvjl6et3lXB01X7hbprJjIwo1PuzpwSQxb0m1B4yZbiCioroSPC/rpvsdIZ9BBSNRfQOudFfJA==",
			"requires": {
				"@aws-cdk/aws-iam": "^0.21.0",
				"@aws-cdk/cdk": "^0.21.0"
			}
		},
		"@aws-cdk/aws-iam": {
			"version": "0.21.0",
			"resolved": "https://registry.npmjs.org/@aws-cdk/aws-iam/-/aws-iam-0.21.0.tgz",
			"integrity": "sha512-xtkOY3ZWyY304hzcbV5NczXcyRb6064C6UsnzBEOKeYki+0Tq5XeDdRgDBaHe3l8librQJhhxZoXl8vWtFvLJQ==",
			"requires": {
				"@aws-cdk/cdk": "^0.21.0"
			}
		},
		"@aws-cdk/aws-kms": {
			"version": "0.21.0",
			"resolved": "https://registry.npmjs.org/@aws-cdk/aws-kms/-/aws-kms-0.21.0.tgz",
			"integrity": "sha512-fuvbtR6qSpOVs1xQoPiNTm89zSIC3sGd/C8/+Vm1vfi19tvQ5koI5qeA6UBBpsKP5vlZR91brDRCeuWY15LJCw==",
			"requires": {
				"@aws-cdk/aws-iam": "^0.21.0",
				"@aws-cdk/cdk": "^0.21.0"
			}
		},
		"@aws-cdk/aws-lambda": {
			"version": "0.21.0",
			"resolved": "https://registry.npmjs.org/@aws-cdk/aws-lambda/-/aws-lambda-0.21.0.tgz",
			"integrity": "sha512-UShTISBa3BfGdZk9ej8bGXselo4TxsH3IYBwBBSHy4y4QYnRBr2ViR8GELqOgGU3c2xHe2uFf+m/ZXQmUUDWbw==",
			"requires": {
				"@aws-cdk/assets": "^0.21.0",
				"@aws-cdk/aws-cloudwatch": "^0.21.0",
				"@aws-cdk/aws-codepipeline-api": "^0.21.0",
				"@aws-cdk/aws-ec2": "^0.21.0",
				"@aws-cdk/aws-events": "^0.21.0",
				"@aws-cdk/aws-iam": "^0.21.0",
				"@aws-cdk/aws-logs": "^0.21.0",
				"@aws-cdk/aws-s3": "^0.21.0",
				"@aws-cdk/aws-s3-notifications": "^0.21.0",
				"@aws-cdk/aws-sqs": "^0.21.0",
				"@aws-cdk/aws-stepfunctions": "^0.21.0",
				"@aws-cdk/cdk": "^0.21.0",
				"@aws-cdk/cx-api": "^0.21.0"
			}
		},
		"@aws-cdk/aws-logs": {
			"version": "0.21.0",
			"resolved": "https://registry.npmjs.org/@aws-cdk/aws-logs/-/aws-logs-0.21.0.tgz",
			"integrity": "sha512-E/Q+YicXWgGZUm6hx3gCcaJpfl/1l7121otr7GMSWbXz0airhM9yeakQKMyI7OJUQZk6EWOJRSkxa63Zaj/8iA==",
			"requires": {
				"@aws-cdk/aws-cloudwatch": "^0.21.0",
				"@aws-cdk/aws-iam": "^0.21.0",
				"@aws-cdk/cdk": "^0.21.0"
			}
		},
		"@aws-cdk/aws-s3": {
			"version": "0.21.0",
			"resolved": "https://registry.npmjs.org/@aws-cdk/aws-s3/-/aws-s3-0.21.0.tgz",
			"integrity": "sha512-3mqH3CO6pCXV/pT9rIfPqhG0w7nCLE8Mq7oqM82YCP5TXWFjzAIkuNFnGh4AE1/LmEVS0S3ngTQ7dmRF1A+STw==",
			"requires": {
				"@aws-cdk/aws-codepipeline-api": "^0.21.0",
				"@aws-cdk/aws-iam": "^0.21.0",
				"@aws-cdk/aws-kms": "^0.21.0",
				"@aws-cdk/aws-s3-notifications": "^0.21.0",
				"@aws-cdk/cdk": "^0.21.0"
			}
		},
		"@aws-cdk/aws-s3-notifications": {
			"version": "0.21.0",
			"resolved": "https://registry.npmjs.org/@aws-cdk/aws-s3-notifications/-/aws-s3-notifications-0.21.0.tgz",
			"integrity": "sha512-MdIlaPtqX6PF18vvG+Q7nGR8it7HaHZOqLayEwz9EBgYcT39H6QUMs8gAcPcA1Ch6hJFfE/JXoTr2taVUXNvuw==",
			"requires": {
				"@aws-cdk/cdk": "^0.21.0"
			}
		},
		"@aws-cdk/aws-sns": {
			"version": "0.21.0",
			"resolved": "https://registry.npmjs.org/@aws-cdk/aws-sns/-/aws-sns-0.21.0.tgz",
			"integrity": "sha512-0lnuM3mwdlvh/191sg56yaM0aNdDaTn5vdJRyCOH1lGhxvoOcDWrXXnFK0k1S8oYw0aGWD3nQ3Ff0kg1Pup5hA==",
			"requires": {
				"@aws-cdk/aws-autoscaling-api": "^0.21.0",
				"@aws-cdk/aws-cloudwatch": "^0.21.0",
				"@aws-cdk/aws-events": "^0.21.0",
				"@aws-cdk/aws-iam": "^0.21.0",
				"@aws-cdk/aws-lambda": "^0.21.0",
				"@aws-cdk/aws-s3-notifications": "^0.21.0",
				"@aws-cdk/aws-sqs": "^0.21.0",
				"@aws-cdk/cdk": "^0.21.0"
			}
		},
		"@aws-cdk/aws-sqs": {
			"version": "0.21.0",
			"resolved": "https://registry.npmjs.org/@aws-cdk/aws-sqs/-/aws-sqs-0.21.0.tgz",
			"integrity": "sha512-7mTDi9/JHhXEu6Q2pLHP+OqrjeKRPBlODDp2AIDVZNKzrt8J4Cm3MqytJeIB3q9DZypMoxndleWZIUcDcxRX/Q==",
			"requires": {
				"@aws-cdk/aws-autoscaling-api": "^0.21.0",
				"@aws-cdk/aws-iam": "^0.21.0",
				"@aws-cdk/aws-kms": "^0.21.0",
				"@aws-cdk/aws-s3-notifications": "^0.21.0",
				"@aws-cdk/cdk": "^0.21.0"
			}
		},
		"@aws-cdk/aws-stepfunctions": {
			"version": "0.21.0",
			"resolved": "https://registry.npmjs.org/@aws-cdk/aws-stepfunctions/-/aws-stepfunctions-0.21.0.tgz",
			"integrity": "sha512-dg9hIEX/r32WADyFNfefm6eWnL9AeuNasswRXEQOr3Ap5nAFsJWGOEwUYqpSV1GX7JkXfGBLPJ4gzBSPEEmOew==",
			"requires": {
				"@aws-cdk/aws-cloudwatch": "^0.21.0",
				"@aws-cdk/aws-events": "^0.21.0",
				"@aws-cdk/aws-iam": "^0.21.0",
				"@aws-cdk/cdk": "^0.21.0"
			}
		},
		"@aws-cdk/cdk": {
			"version": "0.21.0",
			"resolved": "https://registry.npmjs.org/@aws-cdk/cdk/-/cdk-0.21.0.tgz",
			"integrity": "sha512-Oq3jhRlumyWpJqG5xEXODmLG9GYP9oRCelnREOmnJ2qT/BQLF3pK1P8xruhHchn18FKCmKCRwzjHnvApdtVanw==",
			"requires": {
				"@aws-cdk/cx-api": "^0.21.0",
				"js-base64": "^2.4.5",
				"json-diff": "^0.3.1"
			},
			"dependencies": {
				"cli-color": {
					"version": "0.1.7",
					"bundled": true,
					"requires": {
						"es5-ext": "0.8.x"
					}
				},
				"difflib": {
					"version": "0.2.4",
					"bundled": true,
					"requires": {
						"heap": ">= 0.2.0"
					}
				},
				"dreamopt": {
					"version": "0.6.0",
					"bundled": true,
					"requires": {
						"wordwrap": ">=0.0.2"
					}
				},
				"es5-ext": {
					"version": "0.8.2",
					"bundled": true
				},
				"heap": {
					"version": "0.2.6",
					"bundled": true
				},
				"js-base64": {
					"version": "2.5.0",
					"bundled": true
				},
				"json-diff": {
					"version": "0.3.1",
					"bundled": true,
					"requires": {
						"cli-color": "~0.1.6",
						"difflib": "~0.2.1",
						"dreamopt": "~0.6.0"
					}
				},
				"wordwrap": {
					"version": "1.0.0",
					"bundled": true
				}
			}
		},
		"@aws-cdk/cx-api": {
			"version": "0.21.0",
			"resolved": "https://registry.npmjs.org/@aws-cdk/cx-api/-/cx-api-0.21.0.tgz",
			"integrity": "sha512-R6/SkHeF0XLCjjO6BTGERzW597UwhUm080/KT5FfmkevYq/9uZkZW0APFbXtuwOVFcWaehHb4ENVJPOkaMaPFA=="
		}
	}
}
