{
  "name": "@cloudcomponents/cdk-github-webhook",
  "version": "1.0.24",
  "lockfileVersion": 1,
  "requires": true,
  "dependencies": {
    "@aws-cdk/assets": {
      "version": "1.5.0",
      "resolved": "https://registry.npmjs.org/@aws-cdk/assets/-/assets-1.5.0.tgz",
      "integrity": "sha512-M/6C1i4CdCo2pjT+3RswWTsrdLhI3mBlxjIPg4x1nJxGSM6WLKreyQqxAlhw+l956rbiImCj+SIcN8RTPGluXg==",
      "requires": {
        "@aws-cdk/core": "^1.5.0",
        "@aws-cdk/cx-api": "^1.5.0",
        "minimatch": "^3.0.4"
      },
      "dependencies": {
        "balanced-match": {
          "version": "1.0.0",
          "bundled": true
        },
        "brace-expansion": {
          "version": "1.1.11",
          "bundled": true,
          "requires": {
            "balanced-match": "^1.0.0",
            "concat-map": "0.0.1"
          }
        },
        "concat-map": {
          "version": "0.0.1",
          "bundled": true
        },
        "minimatch": {
          "version": "3.0.4",
          "bundled": true,
          "requires": {
            "brace-expansion": "^1.1.7"
          }
        }
      }
    },
    "@aws-cdk/aws-cloudformation": {
      "version": "1.5.0",
      "resolved": "https://registry.npmjs.org/@aws-cdk/aws-cloudformation/-/aws-cloudformation-1.5.0.tgz",
      "integrity": "sha512-295DPtP1gPqrDY0/qg6KUzOwpN8KHP0+2kNBeHdp+9+1Ip4RFtohXTv6BLG/U8MOaucgqPoV+hTJ6Ft4hOc8fw==",
      "requires": {
        "@aws-cdk/aws-iam": "^1.5.0",
        "@aws-cdk/aws-lambda": "^1.5.0",
        "@aws-cdk/aws-sns": "^1.5.0",
        "@aws-cdk/core": "^1.5.0"
      }
    },
    "@aws-cdk/aws-cloudwatch": {
      "version": "1.5.0",
      "resolved": "https://registry.npmjs.org/@aws-cdk/aws-cloudwatch/-/aws-cloudwatch-1.5.0.tgz",
      "integrity": "sha512-woBDI9cKqzL9I+PiE+qvCl+6AHNbl5hLjQ5UCXP7Wy/sjsQgM1Xga7H0MDwX7sMRif7BUoXbUrqN9g1bFM2OBg==",
      "requires": {
        "@aws-cdk/aws-iam": "^1.5.0",
        "@aws-cdk/core": "^1.5.0"
      }
    },
    "@aws-cdk/aws-ec2": {
      "version": "1.5.0",
      "resolved": "https://registry.npmjs.org/@aws-cdk/aws-ec2/-/aws-ec2-1.5.0.tgz",
      "integrity": "sha512-CfNGFC73ThsASiW3GvY1+1oIAJaOLaDPcACFKuY4DjvOCWdvw+nnGPMRn6BXK6hR5Wpdpo8bL7ged1DJGyc5cA==",
      "requires": {
        "@aws-cdk/aws-cloudwatch": "^1.5.0",
        "@aws-cdk/aws-iam": "^1.5.0",
        "@aws-cdk/aws-ssm": "^1.5.0",
        "@aws-cdk/core": "^1.5.0",
        "@aws-cdk/cx-api": "^1.5.0"
      }
    },
    "@aws-cdk/aws-events": {
      "version": "1.5.0",
      "resolved": "https://registry.npmjs.org/@aws-cdk/aws-events/-/aws-events-1.5.0.tgz",
      "integrity": "sha512-1D9FnHEk4q43R8eurtZAB9axSQ5nub/xpsfkc+ALOYxG8DWTh3mzRkulCFY37NfGCncD9cuVbOzc+SO5wChbAA==",
      "requires": {
        "@aws-cdk/aws-iam": "^1.5.0",
        "@aws-cdk/core": "^1.5.0"
      }
    },
    "@aws-cdk/aws-iam": {
      "version": "1.5.0",
      "resolved": "https://registry.npmjs.org/@aws-cdk/aws-iam/-/aws-iam-1.5.0.tgz",
      "integrity": "sha512-6pf0Q1O9wnJ4VVSVTD7z21LynnT4aDh2Wds6C/d3evKWk36jy3kfS01Iq8xRAqLFUsAlDjpW/URmFiD/Lr5sqQ==",
      "requires": {
        "@aws-cdk/core": "^1.5.0",
        "@aws-cdk/region-info": "^1.5.0"
      }
    },
    "@aws-cdk/aws-kms": {
      "version": "1.5.0",
      "resolved": "https://registry.npmjs.org/@aws-cdk/aws-kms/-/aws-kms-1.5.0.tgz",
      "integrity": "sha512-/uPOdba7VRRsTam4+1+/L8bP8RavPjeVwqVFSBRYruv8IaXqprTGxfk2i4Xqv23/FyAvtTzVU1Z0q1xti/W8dg==",
      "requires": {
        "@aws-cdk/aws-iam": "^1.5.0",
        "@aws-cdk/core": "^1.5.0"
      }
    },
    "@aws-cdk/aws-lambda": {
      "version": "1.5.0",
      "resolved": "https://registry.npmjs.org/@aws-cdk/aws-lambda/-/aws-lambda-1.5.0.tgz",
      "integrity": "sha512-rzt6aImlmjTX9ClNO3XJIc/LA0M7uKezxO4rpEvlm3tPNMi+i6cXCC1gNa+/sKnegnCtpx+YuTZcXybm4+39Rg==",
      "requires": {
        "@aws-cdk/aws-cloudwatch": "^1.5.0",
        "@aws-cdk/aws-ec2": "^1.5.0",
        "@aws-cdk/aws-events": "^1.5.0",
        "@aws-cdk/aws-iam": "^1.5.0",
        "@aws-cdk/aws-logs": "^1.5.0",
        "@aws-cdk/aws-s3": "^1.5.0",
        "@aws-cdk/aws-s3-assets": "^1.5.0",
        "@aws-cdk/aws-sqs": "^1.5.0",
        "@aws-cdk/core": "^1.5.0",
        "@aws-cdk/cx-api": "^1.5.0"
      }
    },
    "@aws-cdk/aws-logs": {
      "version": "1.5.0",
      "resolved": "https://registry.npmjs.org/@aws-cdk/aws-logs/-/aws-logs-1.5.0.tgz",
      "integrity": "sha512-M+cf8JO4EtiHh3jaClYOsRUPrEz990/nAJOxFRglP95g7G03rdTI1/KZqiW7K0JW8VgrziNlFRkylsBrCIQydg==",
      "requires": {
        "@aws-cdk/aws-cloudwatch": "^1.5.0",
        "@aws-cdk/aws-iam": "^1.5.0",
        "@aws-cdk/core": "^1.5.0"
      }
    },
    "@aws-cdk/aws-s3": {
      "version": "1.5.0",
      "resolved": "https://registry.npmjs.org/@aws-cdk/aws-s3/-/aws-s3-1.5.0.tgz",
      "integrity": "sha512-7khqeJ0KcOffDImfyMfdq2DZjs/efxCi+pssgGST+NESwgGRF78dJXZ+85dVmOpGQSQZxk9RSVZSgRvHBNQByg==",
      "requires": {
        "@aws-cdk/aws-events": "^1.5.0",
        "@aws-cdk/aws-iam": "^1.5.0",
        "@aws-cdk/aws-kms": "^1.5.0",
        "@aws-cdk/core": "^1.5.0"
      }
    },
    "@aws-cdk/aws-s3-assets": {
      "version": "1.5.0",
      "resolved": "https://registry.npmjs.org/@aws-cdk/aws-s3-assets/-/aws-s3-assets-1.5.0.tgz",
      "integrity": "sha512-T8aoWWIF3cxltu+Hnsqr+pRiLCTk1hNhriugsdY3P0FGIivsQCuw+/RD8iwpSlr7DHjhUD3J4V8TXZN4G835Bw==",
      "requires": {
        "@aws-cdk/assets": "^1.5.0",
        "@aws-cdk/aws-iam": "^1.5.0",
        "@aws-cdk/aws-s3": "^1.5.0",
        "@aws-cdk/core": "^1.5.0",
        "@aws-cdk/cx-api": "^1.5.0"
      }
    },
    "@aws-cdk/aws-sns": {
      "version": "1.5.0",
      "resolved": "https://registry.npmjs.org/@aws-cdk/aws-sns/-/aws-sns-1.5.0.tgz",
      "integrity": "sha512-demTZN3TkMjO9sQq+JxUR3EOADOT+GA6o57/Mqr8118eyRr+boS3rejgHAbuajBRS1PyRXw4H7YpjQMhfeepGA==",
      "requires": {
        "@aws-cdk/aws-cloudwatch": "^1.5.0",
        "@aws-cdk/aws-events": "^1.5.0",
        "@aws-cdk/aws-iam": "^1.5.0",
        "@aws-cdk/core": "^1.5.0"
      }
    },
    "@aws-cdk/aws-sqs": {
      "version": "1.5.0",
      "resolved": "https://registry.npmjs.org/@aws-cdk/aws-sqs/-/aws-sqs-1.5.0.tgz",
      "integrity": "sha512-1q6bxCF8+PLABVJv1Vkcd1eSYbgZdfjrp78s8gw6KzEaMot/rNcLVIt8dfb8cKGG/o9uCeaabu1YksKbuhFYeA==",
      "requires": {
        "@aws-cdk/aws-cloudwatch": "^1.5.0",
        "@aws-cdk/aws-iam": "^1.5.0",
        "@aws-cdk/aws-kms": "^1.5.0",
        "@aws-cdk/core": "^1.5.0"
      }
    },
    "@aws-cdk/aws-ssm": {
      "version": "1.5.0",
      "resolved": "https://registry.npmjs.org/@aws-cdk/aws-ssm/-/aws-ssm-1.5.0.tgz",
      "integrity": "sha512-cvEeoQYlNR8bChVhAHKIa4zVCkzytRdtg1tb0IiRbOaLgpe2cOKZBSm4aNGD4z3/flpbhiyMxOCbfpap3CILoA==",
      "requires": {
        "@aws-cdk/aws-iam": "^1.5.0",
        "@aws-cdk/core": "^1.5.0",
        "@aws-cdk/cx-api": "^1.5.0"
      }
    },
    "@aws-cdk/core": {
      "version": "1.5.0",
      "resolved": "https://registry.npmjs.org/@aws-cdk/core/-/core-1.5.0.tgz",
      "integrity": "sha512-FRUMbYkd9grFm7sQq52vVpCPwgdKwIikwH8i01hiLTJHbpWDuBtomzbx683rUgcQELMoszLkOVRzTaoWLfzamw==",
      "requires": {
        "@aws-cdk/cx-api": "^1.5.0"
      }
    },
    "@aws-cdk/cx-api": {
      "version": "1.5.0",
      "resolved": "https://registry.npmjs.org/@aws-cdk/cx-api/-/cx-api-1.5.0.tgz",
      "integrity": "sha512-ffDR48v0SEFWxg6OAdgDmlS/3pCTxHIK27txHINowv35SID6y9+tAwduJYshSaK3HyFsd2cOoL6JVqlHT2no+g==",
      "requires": {
        "semver": "^6.3.0"
      },
      "dependencies": {
        "semver": {
          "version": "6.3.0",
          "bundled": true
        }
      }
    },
    "@aws-cdk/region-info": {
      "version": "1.5.0",
      "resolved": "https://registry.npmjs.org/@aws-cdk/region-info/-/region-info-1.5.0.tgz",
      "integrity": "sha512-uBHBPlVno09oRhQW10Bk/Pfbz8ZN/Y0PmRThJ3vrhU9oahwaO/Imyg704PqQpKX1CLDq8h5CpKjuin85Z3OM0Q=="
    },
    "argparse": {
      "version": "1.0.10",
      "resolved": "https://registry.npmjs.org/argparse/-/argparse-1.0.10.tgz",
      "integrity": "sha512-o5Roy6tNG4SL/FOkCAN6RzjiakZS25RLYFrcMttJqbdd8BWrnA+fGz57iN5Pb06pvBGvl5gQ0B48dJlslXvoTg==",
      "dev": true,
      "requires": {
        "sprintf-js": "~1.0.2"
      }
    },
    "esprima": {
      "version": "4.0.1",
      "resolved": "https://registry.npmjs.org/esprima/-/esprima-4.0.1.tgz",
      "integrity": "sha512-eGuFFw7Upda+g4p+QHvnW0RyTX/SVeJBDM/gCtMARO0cLuT2HcEKnTPvhjV6aGeqrCB/sbNop0Kszm0jsaWU4A==",
      "dev": true
    },
    "jest-cdk-snapshot": {
      "version": "1.0.12",
      "resolved": "https://registry.npmjs.org/jest-cdk-snapshot/-/jest-cdk-snapshot-1.0.12.tgz",
      "integrity": "sha512-hbBvi2uex+HYM8WibfQVmOr7dmZBmgwMAl00Ahdurxco2kdRH9FzvS8joKKiD67EYG5b9MwU82/MWqOqM9d18Q==",
      "dev": true,
      "requires": {
        "js-yaml": "^3.13.1"
      }
    },
    "js-yaml": {
      "version": "3.13.1",
      "resolved": "https://registry.npmjs.org/js-yaml/-/js-yaml-3.13.1.tgz",
      "integrity": "sha512-YfbcO7jXDdyj0DGxYVSlSeQNHbD7XPWvrVWeVUujrQEoZzWJIRrCPoyk6kL6IAjAG2IolMK4T0hNUe0HOUs5Jw==",
      "dev": true,
      "requires": {
        "argparse": "^1.0.7",
        "esprima": "^4.0.0"
      }
    },
    "sprintf-js": {
      "version": "1.0.3",
      "resolved": "https://registry.npmjs.org/sprintf-js/-/sprintf-js-1.0.3.tgz",
      "integrity": "sha1-BOaSb2YolTVPPdAVIDYzuFcpfiw=",
      "dev": true
    },
    "typescript": {
      "version": "3.5.3",
      "resolved": "https://registry.npmjs.org/typescript/-/typescript-3.5.3.tgz",
      "integrity": "sha512-ACzBtm/PhXBDId6a6sDJfroT2pOWt/oOnk4/dElG5G33ZL776N3Y6/6bKZJBFpd+b05F3Ct9qDjMeJmRWtE2/g==",
      "dev": true
    }
  }
}
