{
	"name": "@cloudcomponents/cdk-github-webhook",
	"version": "1.0.3",
	"lockfileVersion": 1,
	"requires": true,
	"dependencies": {
		"@aws-cdk/assets": {
			"version": "0.22.0",
			"resolved": "https://registry.npmjs.org/@aws-cdk/assets/-/assets-0.22.0.tgz",
			"integrity": "sha512-Q+385oLe3ViCi7zDjKzY6B2NKPPzKG1/38TTxvKl62aVWhc2V092vnwg8CvG3UGE4B4mP2x8jxbzyJ5dVHKhoQ==",
			"requires": {
				"@aws-cdk/aws-iam": "^0.22.0",
				"@aws-cdk/aws-s3": "^0.22.0",
				"@aws-cdk/cdk": "^0.22.0",
				"@aws-cdk/cx-api": "^0.22.0"
			}
		},
		"@aws-cdk/aws-autoscaling-api": {
			"version": "0.22.0",
			"resolved": "https://registry.npmjs.org/@aws-cdk/aws-autoscaling-api/-/aws-autoscaling-api-0.22.0.tgz",
			"integrity": "sha512-YJ89TbG/eEEYx6ke9bM58f6RoC2ObF6rBxcV3wGwwid+X+g85dAKrAENRSUrSpwTVEVg8W+30a72xuwae4NPjA==",
			"requires": {
				"@aws-cdk/aws-iam": "^0.22.0",
				"@aws-cdk/cdk": "^0.22.0"
			}
		},
		"@aws-cdk/aws-cloudformation": {
			"version": "0.22.0",
			"resolved": "https://registry.npmjs.org/@aws-cdk/aws-cloudformation/-/aws-cloudformation-0.22.0.tgz",
			"integrity": "sha512-7TtPCCGyvwX85vNzurCvDRKrYnYoGFhDlyqM6pHyr56Za/6ZyqwW4LO/DdldvcmjXtjgpPzvCJLL/Oke33DIOw==",
			"requires": {
				"@aws-cdk/aws-codepipeline-api": "^0.22.0",
				"@aws-cdk/aws-iam": "^0.22.0",
				"@aws-cdk/aws-lambda": "^0.22.0",
				"@aws-cdk/aws-sns": "^0.22.0",
				"@aws-cdk/cdk": "^0.22.0"
			}
		},
		"@aws-cdk/aws-cloudwatch": {
			"version": "0.22.0",
			"resolved": "https://registry.npmjs.org/@aws-cdk/aws-cloudwatch/-/aws-cloudwatch-0.22.0.tgz",
			"integrity": "sha512-2OTa1RzSITnWTMXkaSy9RzytqlsTK66T0t5N/32Rulr96PRXxplcoeIWq/4943PBg/P9TPBCJ6iER+lH/eqPyw==",
			"requires": {
				"@aws-cdk/aws-iam": "^0.22.0",
				"@aws-cdk/cdk": "^0.22.0"
			}
		},
		"@aws-cdk/aws-codepipeline-api": {
			"version": "0.22.0",
			"resolved": "https://registry.npmjs.org/@aws-cdk/aws-codepipeline-api/-/aws-codepipeline-api-0.22.0.tgz",
			"integrity": "sha512-fESDBY3NZ3qyCK0YjyuMMKrLtbYLhMomM8vr2giRRBB99iXYe4Or2YMHI9pgoA35tLPuKibt8fznbCd6h/hbJA==",
			"requires": {
				"@aws-cdk/aws-events": "^0.22.0",
				"@aws-cdk/aws-iam": "^0.22.0",
				"@aws-cdk/cdk": "^0.22.0"
			}
		},
		"@aws-cdk/aws-ec2": {
			"version": "0.22.0",
			"resolved": "https://registry.npmjs.org/@aws-cdk/aws-ec2/-/aws-ec2-0.22.0.tgz",
			"integrity": "sha512-1f6q2RODvhx1UWxyup8xWpmj9VHdNH/U4DcwrXYcyb5sOXH00GI8wYSAdgRoXXKpA0yTVTrgWAqza8yyOxAJPA==",
			"requires": {
				"@aws-cdk/aws-iam": "^0.22.0",
				"@aws-cdk/cdk": "^0.22.0",
				"@aws-cdk/cx-api": "^0.22.0"
			}
		},
		"@aws-cdk/aws-events": {
			"version": "0.22.0",
			"resolved": "https://registry.npmjs.org/@aws-cdk/aws-events/-/aws-events-0.22.0.tgz",
			"integrity": "sha512-ZhZcwJQlRpQ0NFgW64YsluAP2tM+3peGhX9lL1kFyZdoCiEW/VaaiRUxWDLIscUd1ZfIGAJL1sSeuRm4jvhNRw==",
			"requires": {
				"@aws-cdk/aws-iam": "^0.22.0",
				"@aws-cdk/cdk": "^0.22.0"
			}
		},
		"@aws-cdk/aws-iam": {
			"version": "0.22.0",
			"resolved": "https://registry.npmjs.org/@aws-cdk/aws-iam/-/aws-iam-0.22.0.tgz",
			"integrity": "sha512-KnZS89S4SRt/ym7eI5j/+oG1Sw75CjU4SVUDgG9NhElkJdljJnTWKa4vAE5W2AKF+B2eFGYZRzwQ6I+SpNSo0g==",
			"requires": {
				"@aws-cdk/cdk": "^0.22.0"
			}
		},
		"@aws-cdk/aws-kms": {
			"version": "0.22.0",
			"resolved": "https://registry.npmjs.org/@aws-cdk/aws-kms/-/aws-kms-0.22.0.tgz",
			"integrity": "sha512-yGi4dBPxmfP+6zSvD3gAWomSbKZWYCsu1UEIudj5wafOs5eFx211+++Q6Ik0N6jWdExsNmfbpXrs3HSXedfwGg==",
			"requires": {
				"@aws-cdk/aws-iam": "^0.22.0",
				"@aws-cdk/cdk": "^0.22.0"
			}
		},
		"@aws-cdk/aws-lambda": {
			"version": "0.22.0",
			"resolved": "https://registry.npmjs.org/@aws-cdk/aws-lambda/-/aws-lambda-0.22.0.tgz",
			"integrity": "sha512-mAruDxoborK5c1ugR6Jk7JNWNJnWqy+9P0whl5QwhYu8SS7RCfbgm50PLYS4uDbSTBresswBr1Ir5CvAkeXrhw==",
			"requires": {
				"@aws-cdk/assets": "^0.22.0",
				"@aws-cdk/aws-cloudwatch": "^0.22.0",
				"@aws-cdk/aws-codepipeline-api": "^0.22.0",
				"@aws-cdk/aws-ec2": "^0.22.0",
				"@aws-cdk/aws-events": "^0.22.0",
				"@aws-cdk/aws-iam": "^0.22.0",
				"@aws-cdk/aws-logs": "^0.22.0",
				"@aws-cdk/aws-s3": "^0.22.0",
				"@aws-cdk/aws-s3-notifications": "^0.22.0",
				"@aws-cdk/aws-sqs": "^0.22.0",
				"@aws-cdk/aws-stepfunctions": "^0.22.0",
				"@aws-cdk/cdk": "^0.22.0",
				"@aws-cdk/cx-api": "^0.22.0"
			}
		},
		"@aws-cdk/aws-logs": {
			"version": "0.22.0",
			"resolved": "https://registry.npmjs.org/@aws-cdk/aws-logs/-/aws-logs-0.22.0.tgz",
			"integrity": "sha512-wiYkM4VcNDp7/kIF/iVsjNF0ce3UJVAxlMtZpD+OU7dRtP/k5C7q/kPrHpuDjzw/14k7yQwdXl0sdHQfztJwbQ==",
			"requires": {
				"@aws-cdk/aws-cloudwatch": "^0.22.0",
				"@aws-cdk/aws-iam": "^0.22.0",
				"@aws-cdk/cdk": "^0.22.0"
			}
		},
		"@aws-cdk/aws-s3": {
			"version": "0.22.0",
			"resolved": "https://registry.npmjs.org/@aws-cdk/aws-s3/-/aws-s3-0.22.0.tgz",
			"integrity": "sha512-yE9jFJfsNmsByi/By/sZXO+ufvyxTFgnh9LaN/HHPB7gqZeEZjoXJEKvHoFWsCdpExswisvJ5p/LwmVQ0ly8Jw==",
			"requires": {
				"@aws-cdk/aws-codepipeline-api": "^0.22.0",
				"@aws-cdk/aws-iam": "^0.22.0",
				"@aws-cdk/aws-kms": "^0.22.0",
				"@aws-cdk/aws-s3-notifications": "^0.22.0",
				"@aws-cdk/cdk": "^0.22.0"
			}
		},
		"@aws-cdk/aws-s3-notifications": {
			"version": "0.22.0",
			"resolved": "https://registry.npmjs.org/@aws-cdk/aws-s3-notifications/-/aws-s3-notifications-0.22.0.tgz",
			"integrity": "sha512-GWK+xL4AD8Xe5a6Vp/ZFr5ZKdMVsSz0tKkTdmlZgAz8MMuZmBGd7oUWK4mc79fUkbDVB1SdwUPs3uEwURsEO4w==",
			"requires": {
				"@aws-cdk/cdk": "^0.22.0"
			}
		},
		"@aws-cdk/aws-sns": {
			"version": "0.22.0",
			"resolved": "https://registry.npmjs.org/@aws-cdk/aws-sns/-/aws-sns-0.22.0.tgz",
			"integrity": "sha512-s9ckSV4ZfPKmI/K+bf7BHRLKyYh/EqlcuialTfiJ5UfYwpy7hyXTeyzKpWGN/h+ij/VOVXv4N0mhMF8rBH6Keg==",
			"requires": {
				"@aws-cdk/aws-autoscaling-api": "^0.22.0",
				"@aws-cdk/aws-cloudwatch": "^0.22.0",
				"@aws-cdk/aws-events": "^0.22.0",
				"@aws-cdk/aws-iam": "^0.22.0",
				"@aws-cdk/aws-lambda": "^0.22.0",
				"@aws-cdk/aws-s3-notifications": "^0.22.0",
				"@aws-cdk/aws-sqs": "^0.22.0",
				"@aws-cdk/cdk": "^0.22.0"
			}
		},
		"@aws-cdk/aws-sqs": {
			"version": "0.22.0",
			"resolved": "https://registry.npmjs.org/@aws-cdk/aws-sqs/-/aws-sqs-0.22.0.tgz",
			"integrity": "sha512-nM6xUzesaDz7dcHQkbPlfZ9f/kmhqhg3gHGEMmFUh/rrsJS9YGMUK2BqojmJfmSUJRokQ6QIXqXhnf+5iUJ+Wg==",
			"requires": {
				"@aws-cdk/aws-autoscaling-api": "^0.22.0",
				"@aws-cdk/aws-iam": "^0.22.0",
				"@aws-cdk/aws-kms": "^0.22.0",
				"@aws-cdk/aws-s3-notifications": "^0.22.0",
				"@aws-cdk/cdk": "^0.22.0"
			}
		},
		"@aws-cdk/aws-stepfunctions": {
			"version": "0.22.0",
			"resolved": "https://registry.npmjs.org/@aws-cdk/aws-stepfunctions/-/aws-stepfunctions-0.22.0.tgz",
			"integrity": "sha512-ra8rw61rQzJmGn2n1sYGSjiOIXTfdlfPB7uJWGWn8lP3s25QBuYmGcMU+/2hfF3gOmzHGeOwjtZ8lwPqx4ivHA==",
			"requires": {
				"@aws-cdk/aws-cloudwatch": "^0.22.0",
				"@aws-cdk/aws-events": "^0.22.0",
				"@aws-cdk/aws-iam": "^0.22.0",
				"@aws-cdk/cdk": "^0.22.0"
			}
		},
		"@aws-cdk/cdk": {
			"version": "0.22.0",
			"resolved": "https://registry.npmjs.org/@aws-cdk/cdk/-/cdk-0.22.0.tgz",
			"integrity": "sha512-VXe3Z3Z6kuCxOz9RbFTe2GsSEZ2BWmSDMB2z7oI7NRwopVptUBhYQtpn3z8ZfkwL8SocaLESVBobiOxNAZjVhg==",
			"requires": {
				"@aws-cdk/cx-api": "^0.22.0",
				"js-base64": "^2.4.5",
				"json-diff": "^0.3.1"
			},
			"dependencies": {
				"cli-color": {
					"version": "0.1.7",
					"bundled": true,
					"requires": {
						"es5-ext": "0.8.x"
					}
				},
				"difflib": {
					"version": "0.2.4",
					"bundled": true,
					"requires": {
						"heap": ">= 0.2.0"
					}
				},
				"dreamopt": {
					"version": "0.6.0",
					"bundled": true,
					"requires": {
						"wordwrap": ">=0.0.2"
					}
				},
				"es5-ext": {
					"version": "0.8.2",
					"bundled": true
				},
				"heap": {
					"version": "0.2.6",
					"bundled": true
				},
				"js-base64": {
					"version": "2.5.0",
					"bundled": true
				},
				"json-diff": {
					"version": "0.3.1",
					"bundled": true,
					"requires": {
						"cli-color": "~0.1.6",
						"difflib": "~0.2.1",
						"dreamopt": "~0.6.0"
					}
				},
				"wordwrap": {
					"version": "1.0.0",
					"bundled": true
				}
			}
		},
		"@aws-cdk/cx-api": {
			"version": "0.22.0",
			"resolved": "https://registry.npmjs.org/@aws-cdk/cx-api/-/cx-api-0.22.0.tgz",
			"integrity": "sha512-48NWpV9SyjBu9jgCkdigeH5d0mLre9BQLEgTuHrNU0iqrsZR3PT3dV9nLJhvu54ufYCScz4LeLXsTpNedHEEFw=="
		}
	}
}
