{
	"name": "@cloudcomponents/cdk-contentful-webhook",
	"version": "1.0.20",
	"lockfileVersion": 1,
	"requires": true,
	"dependencies": {
		"@aws-cdk/assert": {
			"version": "1.27.0",
			"resolved": "https://registry.npmjs.org/@aws-cdk/assert/-/assert-1.27.0.tgz",
			"integrity": "sha512-vA78/ttLD0k0toArMwNXAFx7TtRCUyDs+YjI+KN7jXv+D9QkwOtD0KBEWJ4DYHgQlEwghd7fKFWypBlDSYdTHg==",
			"dev": true,
			"requires": {
				"@aws-cdk/cloudformation-diff": "1.27.0",
				"@aws-cdk/core": "1.27.0",
				"@aws-cdk/cx-api": "1.27.0"
			}
		},
		"@aws-cdk/assets": {
			"version": "1.27.0",
			"resolved": "https://registry.npmjs.org/@aws-cdk/assets/-/assets-1.27.0.tgz",
			"integrity": "sha512-EmaWXPk/XFd+ZQsRTvCYfVb6hTKV6qzNOqI8PAEmwC+rqOj53g8TSxCqcl7hXfsnhFAIJ5698+p3fl9WbAQadQ==",
			"requires": {
				"@aws-cdk/core": "1.27.0",
				"@aws-cdk/cx-api": "1.27.0",
				"minimatch": "^3.0.4"
			},
			"dependencies": {
				"balanced-match": {
					"version": "1.0.0",
					"bundled": true
				},
				"brace-expansion": {
					"version": "1.1.11",
					"bundled": true,
					"requires": {
						"balanced-match": "^1.0.0",
						"concat-map": "0.0.1"
					}
				},
				"concat-map": {
					"version": "0.0.1",
					"bundled": true
				},
				"minimatch": {
					"version": "3.0.4",
					"bundled": true,
					"requires": {
						"brace-expansion": "^1.1.7"
					}
				}
			}
		},
		"@aws-cdk/aws-cloudformation": {
			"version": "1.27.0",
			"resolved": "https://registry.npmjs.org/@aws-cdk/aws-cloudformation/-/aws-cloudformation-1.27.0.tgz",
			"integrity": "sha512-dFbbueUUhIOxopNn9MZRosH71irL2kJajmlYkcIvhx/2yTaE9FwaerpDbRzoeTS9FJZTyFVZ77RLITo0zfF2ZA==",
			"requires": {
				"@aws-cdk/aws-iam": "1.27.0",
				"@aws-cdk/aws-lambda": "1.27.0",
				"@aws-cdk/aws-s3": "1.27.0",
				"@aws-cdk/aws-sns": "1.27.0",
				"@aws-cdk/core": "1.27.0",
				"@aws-cdk/cx-api": "1.27.0"
			}
		},
		"@aws-cdk/aws-cloudwatch": {
			"version": "1.27.0",
			"resolved": "https://registry.npmjs.org/@aws-cdk/aws-cloudwatch/-/aws-cloudwatch-1.27.0.tgz",
			"integrity": "sha512-oTriquHjSav0wnUorYRns/XmjwqcUbOdSWXtJ97/pnOl+C8Ma1KTWwldPzDzuDei0Zna19lhRblUNiTQhuRTOA==",
			"requires": {
				"@aws-cdk/aws-iam": "1.27.0",
				"@aws-cdk/core": "1.27.0"
			}
		},
		"@aws-cdk/aws-ec2": {
			"version": "1.27.0",
			"resolved": "https://registry.npmjs.org/@aws-cdk/aws-ec2/-/aws-ec2-1.27.0.tgz",
			"integrity": "sha512-hLDz/na6csLUXRlb4bxB/O/I2Q3hwdlmiG3MzN9Pl7ammRYCRR0H97XHUeFirXXQOgWmcCwWzWloay/yvFjR+w==",
			"requires": {
				"@aws-cdk/aws-cloudwatch": "1.27.0",
				"@aws-cdk/aws-iam": "1.27.0",
				"@aws-cdk/aws-logs": "1.27.0",
				"@aws-cdk/aws-s3": "1.27.0",
				"@aws-cdk/aws-ssm": "1.27.0",
				"@aws-cdk/core": "1.27.0",
				"@aws-cdk/cx-api": "1.27.0"
			}
		},
		"@aws-cdk/aws-events": {
			"version": "1.27.0",
			"resolved": "https://registry.npmjs.org/@aws-cdk/aws-events/-/aws-events-1.27.0.tgz",
			"integrity": "sha512-fJrFecc/sUq3PKWejUBTzBi167XzY0HZx3WFR+jOwCTP3AoRQbqREGs7+7Xhivk5c258lrsF0YejKSgYsioDZA==",
			"requires": {
				"@aws-cdk/aws-iam": "1.27.0",
				"@aws-cdk/core": "1.27.0"
			}
		},
		"@aws-cdk/aws-iam": {
			"version": "1.27.0",
			"resolved": "https://registry.npmjs.org/@aws-cdk/aws-iam/-/aws-iam-1.27.0.tgz",
			"integrity": "sha512-KkI7m28JcuC+64biE0FOF/CNuk1nRPxzatUbXUc+ZKwcYV8NBONrRcTRENQLe9+FRQ554Vww7IEEgKwuLSXusg==",
			"requires": {
				"@aws-cdk/core": "1.27.0",
				"@aws-cdk/region-info": "1.27.0"
			}
		},
		"@aws-cdk/aws-kms": {
			"version": "1.27.0",
			"resolved": "https://registry.npmjs.org/@aws-cdk/aws-kms/-/aws-kms-1.27.0.tgz",
			"integrity": "sha512-wfSWL0SKCLGPQeiCGKKCh840kz4fVpBarhtOz9i2tkQP1OGfyZv5dTGGCs2VE6WzLBC6oRrx1hKjXG4URpYIGA==",
			"requires": {
				"@aws-cdk/aws-iam": "1.27.0",
				"@aws-cdk/core": "1.27.0"
			}
		},
		"@aws-cdk/aws-lambda": {
			"version": "1.27.0",
			"resolved": "https://registry.npmjs.org/@aws-cdk/aws-lambda/-/aws-lambda-1.27.0.tgz",
			"integrity": "sha512-qjW8SPMCz1ZUZursWJApRZsV6tV27xBQeDoSVH3Cdo39TkAYFAyxJzqszgkNW619JBQ2NRIxElJATsyHTRizCw==",
			"requires": {
				"@aws-cdk/aws-cloudwatch": "1.27.0",
				"@aws-cdk/aws-ec2": "1.27.0",
				"@aws-cdk/aws-events": "1.27.0",
				"@aws-cdk/aws-iam": "1.27.0",
				"@aws-cdk/aws-logs": "1.27.0",
				"@aws-cdk/aws-s3": "1.27.0",
				"@aws-cdk/aws-s3-assets": "1.27.0",
				"@aws-cdk/aws-sqs": "1.27.0",
				"@aws-cdk/core": "1.27.0",
				"@aws-cdk/cx-api": "1.27.0"
			}
		},
		"@aws-cdk/aws-logs": {
			"version": "1.27.0",
			"resolved": "https://registry.npmjs.org/@aws-cdk/aws-logs/-/aws-logs-1.27.0.tgz",
			"integrity": "sha512-9YNp+6a1Edk7Y49MyLfzBXAaUIKzNZyEKK07GsV547U8A4YMkThEm4PlCCDfWAbOrLgyb5yxVKSoDIVSt6MPIQ==",
			"requires": {
				"@aws-cdk/aws-cloudwatch": "1.27.0",
				"@aws-cdk/aws-iam": "1.27.0",
				"@aws-cdk/core": "1.27.0"
			}
		},
		"@aws-cdk/aws-s3": {
			"version": "1.27.0",
			"resolved": "https://registry.npmjs.org/@aws-cdk/aws-s3/-/aws-s3-1.27.0.tgz",
			"integrity": "sha512-fW6cSEWlMsrN+Tz3BmFrVH3yCF77uLYOc9wuV2t/7APS1+r22k/2dbTcRJiq9LX7qAjGH4nCTyfuulKzlnqwRA==",
			"requires": {
				"@aws-cdk/aws-events": "1.27.0",
				"@aws-cdk/aws-iam": "1.27.0",
				"@aws-cdk/aws-kms": "1.27.0",
				"@aws-cdk/core": "1.27.0"
			}
		},
		"@aws-cdk/aws-s3-assets": {
			"version": "1.27.0",
			"resolved": "https://registry.npmjs.org/@aws-cdk/aws-s3-assets/-/aws-s3-assets-1.27.0.tgz",
			"integrity": "sha512-b9G+jCOq2q4ZMQe4lCyYGFQY5qIt6yk+UiSEYIAKqLH08cJ6sOnIQ5lm0/xM6vCilbQ+WWg4Ad03yQkcH7Zgow==",
			"requires": {
				"@aws-cdk/assets": "1.27.0",
				"@aws-cdk/aws-iam": "1.27.0",
				"@aws-cdk/aws-s3": "1.27.0",
				"@aws-cdk/core": "1.27.0",
				"@aws-cdk/cx-api": "1.27.0"
			}
		},
		"@aws-cdk/aws-sns": {
			"version": "1.27.0",
			"resolved": "https://registry.npmjs.org/@aws-cdk/aws-sns/-/aws-sns-1.27.0.tgz",
			"integrity": "sha512-X39uyoYpB18xD5tln7R4xbQi9RCtDeF4xQc5wr54NNgqRA/fwEsUhtFB6llfwf++Juu52joAePcfimu+D3sp5A==",
			"requires": {
				"@aws-cdk/aws-cloudwatch": "1.27.0",
				"@aws-cdk/aws-events": "1.27.0",
				"@aws-cdk/aws-iam": "1.27.0",
				"@aws-cdk/aws-kms": "1.27.0",
				"@aws-cdk/core": "1.27.0"
			}
		},
		"@aws-cdk/aws-sqs": {
			"version": "1.27.0",
			"resolved": "https://registry.npmjs.org/@aws-cdk/aws-sqs/-/aws-sqs-1.27.0.tgz",
			"integrity": "sha512-DfL4MEIcMzrY6dz2dlHbZ2m/BP5cQCikTvioaQqmSPenbe/DYKbNaZoegkW+iKYie/Ygu6XEdkqVnx6k+WP8Xw==",
			"requires": {
				"@aws-cdk/aws-cloudwatch": "1.27.0",
				"@aws-cdk/aws-iam": "1.27.0",
				"@aws-cdk/aws-kms": "1.27.0",
				"@aws-cdk/core": "1.27.0"
			}
		},
		"@aws-cdk/aws-ssm": {
			"version": "1.27.0",
			"resolved": "https://registry.npmjs.org/@aws-cdk/aws-ssm/-/aws-ssm-1.27.0.tgz",
			"integrity": "sha512-+GwZ2CDUoZ2cJHMpbmSYpQQkqz55hvm2WcoDUk/4n2FMKANBTw+ovZag1fu4B9Be7mHiW6q1geYF5wReoVSaPQ==",
			"requires": {
				"@aws-cdk/aws-iam": "1.27.0",
				"@aws-cdk/aws-kms": "1.27.0",
				"@aws-cdk/core": "1.27.0",
				"@aws-cdk/cx-api": "1.27.0"
			}
		},
		"@aws-cdk/cfnspec": {
			"version": "1.27.0",
			"resolved": "https://registry.npmjs.org/@aws-cdk/cfnspec/-/cfnspec-1.27.0.tgz",
			"integrity": "sha512-sysCvheFzjOEFkkCeKgDohUxth5EI25xKSy4IeQWhpFjBh6qAhMyWfhD+gsZhSz7H5zONCM7OUOtGANG9UI37w==",
			"dev": true,
			"requires": {
				"md5": "^2.2.1"
			}
		},
		"@aws-cdk/cloudformation-diff": {
			"version": "1.27.0",
			"resolved": "https://registry.npmjs.org/@aws-cdk/cloudformation-diff/-/cloudformation-diff-1.27.0.tgz",
			"integrity": "sha512-0eM4h0jY3sBIf9GUg3hhoQLfN+9nTFhJ1bXa5MxctrII3P/3PNJr0kJhxQNUjgq6rAcB1JNd0cLCZ8XoCFJWJQ==",
			"dev": true,
			"requires": {
				"@aws-cdk/cfnspec": "1.27.0",
				"colors": "^1.4.0",
				"diff": "^4.0.2",
				"fast-deep-equal": "^3.1.1",
				"string-width": "^4.2.0",
				"table": "^5.4.6"
			}
		},
		"@aws-cdk/core": {
			"version": "1.27.0",
			"resolved": "https://registry.npmjs.org/@aws-cdk/core/-/core-1.27.0.tgz",
			"integrity": "sha512-RejU46I1ozZELsSrb2MMa7hmtBjGv5sppC7PYwTgAYVJTqMpPAQEYAriiW2yJDaKZr9FN/l3wTGyJID4VZSfcQ==",
			"requires": {
				"@aws-cdk/cx-api": "1.27.0"
			}
		},
		"@aws-cdk/cx-api": {
			"version": "1.27.0",
			"resolved": "https://registry.npmjs.org/@aws-cdk/cx-api/-/cx-api-1.27.0.tgz",
			"integrity": "sha512-CqWnXm/lCzRfUsXWh1/umN6G+akop++zMzCZrjsOa9LXdd8YJinibsYTUINJVVO7Dd0I8HtLNj+NaRiWAywadg==",
			"requires": {
				"semver": "^7.1.3"
			},
			"dependencies": {
				"semver": {
					"version": "7.1.3",
					"bundled": true
				}
			}
		},
		"@aws-cdk/region-info": {
			"version": "1.27.0",
			"resolved": "https://registry.npmjs.org/@aws-cdk/region-info/-/region-info-1.27.0.tgz",
			"integrity": "sha512-LlvzKZQjxUN/97u49WIM5y+qLQWiRhLUzwg53F9kvF8BGmPW6v6TW62yOAr6nfmQjtZkgu0FdTXA4qHyrM2H2g=="
		},
		"ajv": {
			"version": "6.12.0",
			"resolved": "https://registry.npmjs.org/ajv/-/ajv-6.12.0.tgz",
			"integrity": "sha512-D6gFiFA0RRLyUbvijN74DWAjXSFxWKaWP7mldxkVhyhAV3+SWA9HEJPHQ2c9soIeTFJqcSdFDGFgdqs1iUU2Hw==",
			"dev": true,
			"requires": {
				"fast-deep-equal": "^3.1.1",
				"fast-json-stable-stringify": "^2.0.0",
				"json-schema-traverse": "^0.4.1",
				"uri-js": "^4.2.2"
			}
		},
		"ansi-regex": {
			"version": "5.0.0",
			"resolved": "https://registry.npmjs.org/ansi-regex/-/ansi-regex-5.0.0.tgz",
			"integrity": "sha512-bY6fj56OUQ0hU1KjFNDQuJFezqKdrAyFdIevADiqrWHwSlbmBNMHp5ak2f40Pm8JTFyM2mqxkG6ngkHO11f/lg==",
			"dev": true
		},
		"ansi-styles": {
			"version": "3.2.1",
			"resolved": "https://registry.npmjs.org/ansi-styles/-/ansi-styles-3.2.1.tgz",
			"integrity": "sha512-VT0ZI6kZRdTh8YyJw3SMbYm/u+NqfsAxEpWO0Pf9sq8/e94WxxOpPKx9FR1FlyCtOVDNOQ+8ntlqFxiRc+r5qA==",
			"dev": true,
			"requires": {
				"color-convert": "^1.9.0"
			}
		},
		"argparse": {
			"version": "1.0.10",
			"resolved": "https://registry.npmjs.org/argparse/-/argparse-1.0.10.tgz",
			"integrity": "sha512-o5Roy6tNG4SL/FOkCAN6RzjiakZS25RLYFrcMttJqbdd8BWrnA+fGz57iN5Pb06pvBGvl5gQ0B48dJlslXvoTg==",
			"dev": true,
			"requires": {
				"sprintf-js": "~1.0.2"
			}
		},
		"astral-regex": {
			"version": "1.0.0",
			"resolved": "https://registry.npmjs.org/astral-regex/-/astral-regex-1.0.0.tgz",
			"integrity": "sha512-+Ryf6g3BKoRc7jfp7ad8tM4TtMiaWvbF/1/sQcZPkkS7ag3D5nMBCe2UfOTONtAkaG0tO0ij3C5Lwmf1EiyjHg==",
			"dev": true
		},
		"charenc": {
			"version": "0.0.2",
			"resolved": "https://registry.npmjs.org/charenc/-/charenc-0.0.2.tgz",
			"integrity": "sha1-wKHS86cJLgN3S/qD8UwPxXkKhmc=",
			"dev": true
		},
		"color-convert": {
			"version": "1.9.3",
			"resolved": "https://registry.npmjs.org/color-convert/-/color-convert-1.9.3.tgz",
			"integrity": "sha512-QfAUtd+vFdAtFQcC8CCyYt1fYWxSqAiK2cSD6zDB8N3cpsEBAvRxp9zOGg6G/SHHJYAT88/az/IuDGALsNVbGg==",
			"dev": true,
			"requires": {
				"color-name": "1.1.3"
			}
		},
		"color-name": {
			"version": "1.1.3",
			"resolved": "https://registry.npmjs.org/color-name/-/color-name-1.1.3.tgz",
			"integrity": "sha1-p9BVi9icQveV3UIyj3QIMcpTvCU=",
			"dev": true
		},
		"colors": {
			"version": "1.4.0",
			"resolved": "https://registry.npmjs.org/colors/-/colors-1.4.0.tgz",
			"integrity": "sha512-a+UqTh4kgZg/SlGvfbzDHpgRu7AAQOmmqRHJnxhRZICKFUT91brVhNNt58CMWU9PsBbv3PDCZUHbVxuDiH2mtA==",
			"dev": true
		},
		"crypt": {
			"version": "0.0.2",
			"resolved": "https://registry.npmjs.org/crypt/-/crypt-0.0.2.tgz",
			"integrity": "sha1-iNf/fsDfuG9xPch7u0LQRNPmxBs=",
			"dev": true
		},
		"diff": {
			"version": "4.0.2",
			"resolved": "https://registry.npmjs.org/diff/-/diff-4.0.2.tgz",
			"integrity": "sha512-58lmxKSA4BNyLz+HHMUzlOEpg09FV+ev6ZMe3vJihgdxzgcwZ8VoEEPmALCZG9LmqfVoNMMKpttIYTVG6uDY7A==",
			"dev": true
		},
		"emoji-regex": {
			"version": "8.0.0",
			"resolved": "https://registry.npmjs.org/emoji-regex/-/emoji-regex-8.0.0.tgz",
			"integrity": "sha512-MSjYzcWNOA0ewAHpz0MxpYFvwg6yjy1NG3xteoqz644VCo/RPgnr1/GGt+ic3iJTzQ8Eu3TdM14SawnVUmGE6A==",
			"dev": true
		},
		"esprima": {
			"version": "4.0.1",
			"resolved": "https://registry.npmjs.org/esprima/-/esprima-4.0.1.tgz",
			"integrity": "sha512-eGuFFw7Upda+g4p+QHvnW0RyTX/SVeJBDM/gCtMARO0cLuT2HcEKnTPvhjV6aGeqrCB/sbNop0Kszm0jsaWU4A==",
			"dev": true
		},
		"fast-deep-equal": {
			"version": "3.1.1",
			"resolved": "https://registry.npmjs.org/fast-deep-equal/-/fast-deep-equal-3.1.1.tgz",
			"integrity": "sha512-8UEa58QDLauDNfpbrX55Q9jrGHThw2ZMdOky5Gl1CDtVeJDPVrG4Jxx1N8jw2gkWaff5UUuX1KJd+9zGe2B+ZA==",
			"dev": true
		},
		"fast-json-stable-stringify": {
			"version": "2.1.0",
			"resolved": "https://registry.npmjs.org/fast-json-stable-stringify/-/fast-json-stable-stringify-2.1.0.tgz",
			"integrity": "sha512-lhd/wF+Lk98HZoTCtlVraHtfh5XYijIjalXck7saUtuanSDyLMxnHhSXEDJqHxD7msR8D0uCmqlkwjCV8xvwHw==",
			"dev": true
		},
		"is-buffer": {
			"version": "1.1.6",
			"resolved": "https://registry.npmjs.org/is-buffer/-/is-buffer-1.1.6.tgz",
			"integrity": "sha512-NcdALwpXkTm5Zvvbk7owOUSvVvBKDgKP5/ewfXEznmQFfs4ZRmanOeKBTjRVjka3QFoN6XJ+9F3USqfHqTaU5w==",
			"dev": true
		},
		"is-fullwidth-code-point": {
			"version": "3.0.0",
			"resolved": "https://registry.npmjs.org/is-fullwidth-code-point/-/is-fullwidth-code-point-3.0.0.tgz",
			"integrity": "sha512-zymm5+u+sCsSWyD9qNaejV3DFvhCKclKdizYaJUuHA83RLjb7nSuGnddCHGv0hk+KY7BMAlsWeK4Ueg6EV6XQg==",
			"dev": true
		},
		"jest-cdk-snapshot": {
			"version": "1.2.1",
			"resolved": "https://registry.npmjs.org/jest-cdk-snapshot/-/jest-cdk-snapshot-1.2.1.tgz",
			"integrity": "sha512-ZxhDrsB7EjB86WBVBvjffiYxBnR9pULJ/+CXmBuhj9oC7jNFcBSu2FyjUIcCCDmaD6J374hqucEUF7EiGVINdg==",
			"dev": true,
			"requires": {
				"js-yaml": "^3.13.1"
			}
		},
		"js-yaml": {
			"version": "3.13.1",
			"resolved": "https://registry.npmjs.org/js-yaml/-/js-yaml-3.13.1.tgz",
			"integrity": "sha512-YfbcO7jXDdyj0DGxYVSlSeQNHbD7XPWvrVWeVUujrQEoZzWJIRrCPoyk6kL6IAjAG2IolMK4T0hNUe0HOUs5Jw==",
			"dev": true,
			"requires": {
				"argparse": "^1.0.7",
				"esprima": "^4.0.0"
			}
		},
		"json-schema-traverse": {
			"version": "0.4.1",
			"resolved": "https://registry.npmjs.org/json-schema-traverse/-/json-schema-traverse-0.4.1.tgz",
			"integrity": "sha512-xbbCH5dCYU5T8LcEhhuh7HJ88HXuW3qsI3Y0zOZFKfZEHcpWiHU/Jxzk629Brsab/mMiHQti9wMP+845RPe3Vg==",
			"dev": true
		},
		"lodash": {
			"version": "4.17.15",
			"resolved": "https://registry.npmjs.org/lodash/-/lodash-4.17.15.tgz",
			"integrity": "sha512-8xOcRHvCjnocdS5cpwXQXVzmmh5e5+saE2QGoeQmbKmRS6J3VQppPOIt0MnmE+4xlZoumy0GPG0D0MVIQbNA1A==",
			"dev": true
		},
		"md5": {
			"version": "2.2.1",
			"resolved": "https://registry.npmjs.org/md5/-/md5-2.2.1.tgz",
			"integrity": "sha1-U6s41f48iJG6RlMp6iP6wFQBJvk=",
			"dev": true,
			"requires": {
				"charenc": "~0.0.1",
				"crypt": "~0.0.1",
				"is-buffer": "~1.1.1"
			}
		},
		"punycode": {
			"version": "2.1.1",
			"resolved": "https://registry.npmjs.org/punycode/-/punycode-2.1.1.tgz",
			"integrity": "sha512-XRsRjdf+j5ml+y/6GKHPZbrF/8p2Yga0JPtdqTIY2Xe5ohJPD9saDJJLPvp9+NSBprVvevdXZybnj2cv8OEd0A==",
			"dev": true
		},
		"slice-ansi": {
			"version": "2.1.0",
			"resolved": "https://registry.npmjs.org/slice-ansi/-/slice-ansi-2.1.0.tgz",
			"integrity": "sha512-Qu+VC3EwYLldKa1fCxuuvULvSJOKEgk9pi8dZeCVK7TqBfUNTH4sFkk4joj8afVSfAYgJoSOetjx9QWOJ5mYoQ==",
			"dev": true,
			"requires": {
				"ansi-styles": "^3.2.0",
				"astral-regex": "^1.0.0",
				"is-fullwidth-code-point": "^2.0.0"
			},
			"dependencies": {
				"is-fullwidth-code-point": {
					"version": "2.0.0",
					"resolved": "https://registry.npmjs.org/is-fullwidth-code-point/-/is-fullwidth-code-point-2.0.0.tgz",
					"integrity": "sha1-o7MKXE8ZkYMWeqq5O+764937ZU8=",
					"dev": true
				}
			}
		},
		"sprintf-js": {
			"version": "1.0.3",
			"resolved": "https://registry.npmjs.org/sprintf-js/-/sprintf-js-1.0.3.tgz",
			"integrity": "sha1-BOaSb2YolTVPPdAVIDYzuFcpfiw=",
			"dev": true
		},
		"string-width": {
			"version": "4.2.0",
			"resolved": "https://registry.npmjs.org/string-width/-/string-width-4.2.0.tgz",
			"integrity": "sha512-zUz5JD+tgqtuDjMhwIg5uFVV3dtqZ9yQJlZVfq4I01/K5Paj5UHj7VyrQOJvzawSVlKpObApbfD0Ed6yJc+1eg==",
			"dev": true,
			"requires": {
				"emoji-regex": "^8.0.0",
				"is-fullwidth-code-point": "^3.0.0",
				"strip-ansi": "^6.0.0"
			}
		},
		"strip-ansi": {
			"version": "6.0.0",
			"resolved": "https://registry.npmjs.org/strip-ansi/-/strip-ansi-6.0.0.tgz",
			"integrity": "sha512-AuvKTrTfQNYNIctbR1K/YGTR1756GycPsg7b9bdV9Duqur4gv6aKqHXah67Z8ImS7WEz5QVcOtlfW2rZEugt6w==",
			"dev": true,
			"requires": {
				"ansi-regex": "^5.0.0"
			}
		},
		"table": {
			"version": "5.4.6",
			"resolved": "https://registry.npmjs.org/table/-/table-5.4.6.tgz",
			"integrity": "sha512-wmEc8m4fjnob4gt5riFRtTu/6+4rSe12TpAELNSqHMfF3IqnA+CH37USM6/YR3qRZv7e56kAEAtd6nKZaxe0Ug==",
			"dev": true,
			"requires": {
				"ajv": "^6.10.2",
				"lodash": "^4.17.14",
				"slice-ansi": "^2.1.0",
				"string-width": "^3.0.0"
			},
			"dependencies": {
				"ansi-regex": {
					"version": "4.1.0",
					"resolved": "https://registry.npmjs.org/ansi-regex/-/ansi-regex-4.1.0.tgz",
					"integrity": "sha512-1apePfXM1UOSqw0o9IiFAovVz9M5S1Dg+4TrDwfMewQ6p/rmMueb7tWZjQ1rx4Loy1ArBggoqGpfqqdI4rondg==",
					"dev": true
				},
				"emoji-regex": {
					"version": "7.0.3",
					"resolved": "https://registry.npmjs.org/emoji-regex/-/emoji-regex-7.0.3.tgz",
					"integrity": "sha512-CwBLREIQ7LvYFB0WyRvwhq5N5qPhc6PMjD6bYggFlI5YyDgl+0vxq5VHbMOFqLg7hfWzmu8T5Z1QofhmTIhItA==",
					"dev": true
				},
				"is-fullwidth-code-point": {
					"version": "2.0.0",
					"resolved": "https://registry.npmjs.org/is-fullwidth-code-point/-/is-fullwidth-code-point-2.0.0.tgz",
					"integrity": "sha1-o7MKXE8ZkYMWeqq5O+764937ZU8=",
					"dev": true
				},
				"string-width": {
					"version": "3.1.0",
					"resolved": "https://registry.npmjs.org/string-width/-/string-width-3.1.0.tgz",
					"integrity": "sha512-vafcv6KjVZKSgz06oM/H6GDBrAtz8vdhQakGjFIvNrHA6y3HCF1CInLy+QLq8dTJPQ1b+KDUqDFctkdRW44e1w==",
					"dev": true,
					"requires": {
						"emoji-regex": "^7.0.1",
						"is-fullwidth-code-point": "^2.0.0",
						"strip-ansi": "^5.1.0"
					}
				},
				"strip-ansi": {
					"version": "5.2.0",
					"resolved": "https://registry.npmjs.org/strip-ansi/-/strip-ansi-5.2.0.tgz",
					"integrity": "sha512-DuRs1gKbBqsMKIZlrffwlug8MHkcnpjs5VPmL1PAh+mA30U0DTotfDZ0d2UUsXpPmPmMMJ6W773MaA3J+lbiWA==",
					"dev": true,
					"requires": {
						"ansi-regex": "^4.1.0"
					}
				}
			}
		},
		"typescript": {
			"version": "3.8.3",
			"resolved": "https://registry.npmjs.org/typescript/-/typescript-3.8.3.tgz",
			"integrity": "sha512-MYlEfn5VrLNsgudQTVJeNaQFUAI7DkhnOjdpAp4T+ku1TfQClewlbSuTVHiA+8skNBgaf02TL/kLOvig4y3G8w==",
			"dev": true
		},
		"uri-js": {
			"version": "4.2.2",
			"resolved": "https://registry.npmjs.org/uri-js/-/uri-js-4.2.2.tgz",
			"integrity": "sha512-KY9Frmirql91X2Qgjry0Wd4Y+YTdrdZheS8TFwvkbLWf/G5KNJDCh6pKL5OZctEW4+0Baa5idK2ZQuELRwPznQ==",
			"dev": true,
			"requires": {
				"punycode": "^2.1.0"
			}
		}
	}
}
