{
	"name": "@cloudcomponents/cdk-dependency-check",
	"version": "1.0.3",
	"lockfileVersion": 1,
	"requires": true,
	"dependencies": {
		"@aws-cdk/assert": {
			"version": "1.25.0",
			"resolved": "https://registry.npmjs.org/@aws-cdk/assert/-/assert-1.25.0.tgz",
			"integrity": "sha512-t95kiBYkJ7J1wwDPdK4GDodZNjmr6ohSm9FJDjUBuiUY4ofGX+ivL84niP/ANSfoVI4ZhWDDPxO1DRLHrjsLxw==",
			"dev": true,
			"requires": {
				"@aws-cdk/cloudformation-diff": "1.25.0",
				"@aws-cdk/core": "1.25.0",
				"@aws-cdk/cx-api": "1.25.0"
			}
		},
		"@aws-cdk/assets": {
			"version": "1.25.0",
			"resolved": "https://registry.npmjs.org/@aws-cdk/assets/-/assets-1.25.0.tgz",
			"integrity": "sha512-Op+lUgOEyNTBWtDM/tQfuARjaK5v3S5c71q4u5CF8h8NrDmsC8evj8WO5I7N5KtTCVPp3qF2KbWwN46VMfnb4A==",
			"requires": {
				"@aws-cdk/core": "1.25.0",
				"@aws-cdk/cx-api": "1.25.0",
				"minimatch": "^3.0.4"
			},
			"dependencies": {
				"balanced-match": {
					"version": "1.0.0",
					"bundled": true
				},
				"brace-expansion": {
					"version": "1.1.11",
					"bundled": true,
					"requires": {
						"balanced-match": "^1.0.0",
						"concat-map": "0.0.1"
					}
				},
				"concat-map": {
					"version": "0.0.1",
					"bundled": true
				},
				"minimatch": {
					"version": "3.0.4",
					"bundled": true,
					"requires": {
						"brace-expansion": "^1.1.7"
					}
				}
			}
		},
		"@aws-cdk/aws-apigateway": {
			"version": "1.25.0",
			"resolved": "https://registry.npmjs.org/@aws-cdk/aws-apigateway/-/aws-apigateway-1.25.0.tgz",
			"integrity": "sha512-0qTquUeAhWqW71MUxmEu2QOg6rdosBaOI1VflsX2bFzegkYzCPt1L6AJrDh300rkKMjXzz5VKXeQIXsL8kcmlQ==",
			"requires": {
				"@aws-cdk/aws-certificatemanager": "1.25.0",
				"@aws-cdk/aws-elasticloadbalancingv2": "1.25.0",
				"@aws-cdk/aws-iam": "1.25.0",
				"@aws-cdk/aws-lambda": "1.25.0",
				"@aws-cdk/core": "1.25.0"
			}
		},
		"@aws-cdk/aws-applicationautoscaling": {
			"version": "1.25.0",
			"resolved": "https://registry.npmjs.org/@aws-cdk/aws-applicationautoscaling/-/aws-applicationautoscaling-1.25.0.tgz",
			"integrity": "sha512-3mgqkDUrFgvouXD02FXEw7bAjiNgjUYllcriaKk/pOuW1o3kSinA7OX8BJDVVrVVrwFG+wj50d0r9KOjJMFTEg==",
			"requires": {
				"@aws-cdk/aws-autoscaling-common": "1.25.0",
				"@aws-cdk/aws-cloudwatch": "1.25.0",
				"@aws-cdk/aws-iam": "1.25.0",
				"@aws-cdk/core": "1.25.0"
			}
		},
		"@aws-cdk/aws-autoscaling": {
			"version": "1.25.0",
			"resolved": "https://registry.npmjs.org/@aws-cdk/aws-autoscaling/-/aws-autoscaling-1.25.0.tgz",
			"integrity": "sha512-P2a2BiELr+D4aBoiM0cNg8L26VKzSkBl94K8UCak/pDch0C9GHON+lohhXhbBp0xXaYbtDmDGFCViP9M7IIxrg==",
			"requires": {
				"@aws-cdk/aws-autoscaling-common": "1.25.0",
				"@aws-cdk/aws-cloudwatch": "1.25.0",
				"@aws-cdk/aws-ec2": "1.25.0",
				"@aws-cdk/aws-elasticloadbalancing": "1.25.0",
				"@aws-cdk/aws-elasticloadbalancingv2": "1.25.0",
				"@aws-cdk/aws-iam": "1.25.0",
				"@aws-cdk/aws-sns": "1.25.0",
				"@aws-cdk/core": "1.25.0"
			}
		},
		"@aws-cdk/aws-autoscaling-common": {
			"version": "1.25.0",
			"resolved": "https://registry.npmjs.org/@aws-cdk/aws-autoscaling-common/-/aws-autoscaling-common-1.25.0.tgz",
			"integrity": "sha512-Wii+5gzjCU/nF1Be3K67HzB5K83+jLI1ZVOuoq+gvMR7RVKXKhd/Nw9Pjc957Bf3YoKhXGH+HaGqQicBnKfMtg==",
			"requires": {
				"@aws-cdk/aws-iam": "1.25.0",
				"@aws-cdk/core": "1.25.0"
			}
		},
		"@aws-cdk/aws-autoscaling-hooktargets": {
			"version": "1.25.0",
			"resolved": "https://registry.npmjs.org/@aws-cdk/aws-autoscaling-hooktargets/-/aws-autoscaling-hooktargets-1.25.0.tgz",
			"integrity": "sha512-6LBBmdwnOyq086xGaRup4zNVVrKqpgJ000Vt3dBHV/V9/sQRkzt8hUXuPUWKW3KgY98xnbBCcumHcxuvFW6Gew==",
			"requires": {
				"@aws-cdk/aws-autoscaling": "1.25.0",
				"@aws-cdk/aws-iam": "1.25.0",
				"@aws-cdk/aws-lambda": "1.25.0",
				"@aws-cdk/aws-sns": "1.25.0",
				"@aws-cdk/aws-sns-subscriptions": "1.25.0",
				"@aws-cdk/aws-sqs": "1.25.0",
				"@aws-cdk/core": "1.25.0"
			}
		},
		"@aws-cdk/aws-certificatemanager": {
			"version": "1.25.0",
			"resolved": "https://registry.npmjs.org/@aws-cdk/aws-certificatemanager/-/aws-certificatemanager-1.25.0.tgz",
			"integrity": "sha512-A86JoqC00Of0zqGDO/oPeFdGSHmrCw3BTP2Z8sVVSt0TMq8KWdqY3lGi/r/aOkksCSpSbY2tyAbqHVC/v3qNDA==",
			"requires": {
				"@aws-cdk/aws-cloudformation": "1.25.0",
				"@aws-cdk/aws-iam": "1.25.0",
				"@aws-cdk/aws-lambda": "1.25.0",
				"@aws-cdk/aws-route53": "1.25.0",
				"@aws-cdk/core": "1.25.0"
			}
		},
		"@aws-cdk/aws-cloudformation": {
			"version": "1.25.0",
			"resolved": "https://registry.npmjs.org/@aws-cdk/aws-cloudformation/-/aws-cloudformation-1.25.0.tgz",
			"integrity": "sha512-+mZnBLLMpqFc+5Wk9oSzORUFBIBSpRruoAZwAMj1YqGXDOiKh8eyAiIxxiB7ZQowQhZnWpMYo1G9ARzhndqNXQ==",
			"requires": {
				"@aws-cdk/aws-iam": "1.25.0",
				"@aws-cdk/aws-lambda": "1.25.0",
				"@aws-cdk/aws-s3": "1.25.0",
				"@aws-cdk/aws-sns": "1.25.0",
				"@aws-cdk/core": "1.25.0",
				"@aws-cdk/cx-api": "1.25.0"
			}
		},
		"@aws-cdk/aws-cloudfront": {
			"version": "1.25.0",
			"resolved": "https://registry.npmjs.org/@aws-cdk/aws-cloudfront/-/aws-cloudfront-1.25.0.tgz",
			"integrity": "sha512-eRoCkTMLRgNj8cXRKWnxTWRtBW6B/7QXCJ79obRPkqkIdD96nnAVYazdJjoeLFdxO8AXylKI2u64JfPqQ+LW9g==",
			"requires": {
				"@aws-cdk/aws-certificatemanager": "1.25.0",
				"@aws-cdk/aws-iam": "1.25.0",
				"@aws-cdk/aws-kms": "1.25.0",
				"@aws-cdk/aws-lambda": "1.25.0",
				"@aws-cdk/aws-s3": "1.25.0",
				"@aws-cdk/core": "1.25.0"
			}
		},
		"@aws-cdk/aws-cloudwatch": {
			"version": "1.25.0",
			"resolved": "https://registry.npmjs.org/@aws-cdk/aws-cloudwatch/-/aws-cloudwatch-1.25.0.tgz",
			"integrity": "sha512-IMHMCpJA13aebBX9/XcAqJt4bOw2afyaWA4gKFCRiqF/EF8UzDrJvNxiftctFsDjtY6kbkq7rwT7nx8ixGko9g==",
			"requires": {
				"@aws-cdk/aws-iam": "1.25.0",
				"@aws-cdk/core": "1.25.0"
			}
		},
		"@aws-cdk/aws-codebuild": {
			"version": "1.25.0",
			"resolved": "https://registry.npmjs.org/@aws-cdk/aws-codebuild/-/aws-codebuild-1.25.0.tgz",
			"integrity": "sha512-OojEEcK+SNvrQPYzVwDqQo0skD3XlFkcSsVMidIETFQZXfSbQNkQR4NDkzDjd2a/j2/obt3MB678WcUtOX6Kbw==",
			"requires": {
				"@aws-cdk/assets": "1.25.0",
				"@aws-cdk/aws-cloudwatch": "1.25.0",
				"@aws-cdk/aws-codecommit": "1.25.0",
				"@aws-cdk/aws-ec2": "1.25.0",
				"@aws-cdk/aws-ecr": "1.25.0",
				"@aws-cdk/aws-ecr-assets": "1.25.0",
				"@aws-cdk/aws-events": "1.25.0",
				"@aws-cdk/aws-iam": "1.25.0",
				"@aws-cdk/aws-kms": "1.25.0",
				"@aws-cdk/aws-s3": "1.25.0",
				"@aws-cdk/aws-s3-assets": "1.25.0",
				"@aws-cdk/aws-secretsmanager": "1.25.0",
				"@aws-cdk/core": "1.25.0"
			}
		},
		"@aws-cdk/aws-codecommit": {
			"version": "1.25.0",
			"resolved": "https://registry.npmjs.org/@aws-cdk/aws-codecommit/-/aws-codecommit-1.25.0.tgz",
			"integrity": "sha512-HMyYaoAA5DPQXeZCCX98v5hRPoX7xIKdUjCts/oEFC5tfs4mBok5wFA7v4l+5Qlurz4r9KtfUpbFOYDPturLag==",
			"requires": {
				"@aws-cdk/aws-events": "1.25.0",
				"@aws-cdk/aws-iam": "1.25.0",
				"@aws-cdk/core": "1.25.0"
			}
		},
		"@aws-cdk/aws-codepipeline": {
			"version": "1.25.0",
			"resolved": "https://registry.npmjs.org/@aws-cdk/aws-codepipeline/-/aws-codepipeline-1.25.0.tgz",
			"integrity": "sha512-+d6OlbCp8yur1+sZiBUvNAgdb4dKR6iaWdwmNEjE7EMINx99hLba40CkAoLrbqbQO7ePPkvGbLs0dbr+cTMfow==",
			"requires": {
				"@aws-cdk/aws-events": "1.25.0",
				"@aws-cdk/aws-iam": "1.25.0",
				"@aws-cdk/aws-kms": "1.25.0",
				"@aws-cdk/aws-s3": "1.25.0",
				"@aws-cdk/core": "1.25.0"
			}
		},
		"@aws-cdk/aws-ec2": {
			"version": "1.25.0",
			"resolved": "https://registry.npmjs.org/@aws-cdk/aws-ec2/-/aws-ec2-1.25.0.tgz",
			"integrity": "sha512-T/8VKhuIIzM+J04YVQ1Hvj2DzNPjB7tD9NnbwL1I9LXLBa9kl2Z1NVdejce02s0XOswZYeexo4bYcFmOohiprA==",
			"requires": {
				"@aws-cdk/aws-cloudwatch": "1.25.0",
				"@aws-cdk/aws-iam": "1.25.0",
				"@aws-cdk/aws-logs": "1.25.0",
				"@aws-cdk/aws-s3": "1.25.0",
				"@aws-cdk/aws-ssm": "1.25.0",
				"@aws-cdk/core": "1.25.0",
				"@aws-cdk/cx-api": "1.25.0"
			}
		},
		"@aws-cdk/aws-ecr": {
			"version": "1.25.0",
			"resolved": "https://registry.npmjs.org/@aws-cdk/aws-ecr/-/aws-ecr-1.25.0.tgz",
			"integrity": "sha512-I/ZthKKOIlRh8UhFIe6LUzAz3nUr+r016YmBEjV1bd7fohF4C+Uqm/IkEE2cBfpAAfBaD0ujTFcI1Zlx2Io6qA==",
			"requires": {
				"@aws-cdk/aws-events": "1.25.0",
				"@aws-cdk/aws-iam": "1.25.0",
				"@aws-cdk/core": "1.25.0"
			}
		},
		"@aws-cdk/aws-ecr-assets": {
			"version": "1.25.0",
			"resolved": "https://registry.npmjs.org/@aws-cdk/aws-ecr-assets/-/aws-ecr-assets-1.25.0.tgz",
			"integrity": "sha512-LHoKACGFL/78cyfCrQCGPw0AQsYC5ZTMmjOxNo+e3LuSYyqF0d9RgEV/bM4LmWn6idWlOATvhw69iJOIbr7LqA==",
			"requires": {
				"@aws-cdk/assets": "1.25.0",
				"@aws-cdk/aws-cloudformation": "1.25.0",
				"@aws-cdk/aws-ecr": "1.25.0",
				"@aws-cdk/aws-iam": "1.25.0",
				"@aws-cdk/aws-lambda": "1.25.0",
				"@aws-cdk/aws-s3": "1.25.0",
				"@aws-cdk/core": "1.25.0",
				"@aws-cdk/cx-api": "1.25.0",
				"minimatch": "^3.0.4"
			},
			"dependencies": {
				"balanced-match": {
					"version": "1.0.0",
					"bundled": true
				},
				"brace-expansion": {
					"version": "1.1.11",
					"bundled": true,
					"requires": {
						"balanced-match": "^1.0.0",
						"concat-map": "0.0.1"
					}
				},
				"concat-map": {
					"version": "0.0.1",
					"bundled": true
				},
				"minimatch": {
					"version": "3.0.4",
					"bundled": true,
					"requires": {
						"brace-expansion": "^1.1.7"
					}
				}
			}
		},
		"@aws-cdk/aws-ecs": {
			"version": "1.25.0",
			"resolved": "https://registry.npmjs.org/@aws-cdk/aws-ecs/-/aws-ecs-1.25.0.tgz",
			"integrity": "sha512-2gWgjTTvi/pBV7wslaIpI/VoLo6av0X0U7pt8/tvA2tXo2uFR8OZ6fvdekQQn/GXji23tvIWnUbJfydBIoLEIQ==",
			"requires": {
				"@aws-cdk/aws-applicationautoscaling": "1.25.0",
				"@aws-cdk/aws-autoscaling": "1.25.0",
				"@aws-cdk/aws-autoscaling-hooktargets": "1.25.0",
				"@aws-cdk/aws-certificatemanager": "1.25.0",
				"@aws-cdk/aws-cloudformation": "1.25.0",
				"@aws-cdk/aws-cloudwatch": "1.25.0",
				"@aws-cdk/aws-ec2": "1.25.0",
				"@aws-cdk/aws-ecr": "1.25.0",
				"@aws-cdk/aws-ecr-assets": "1.25.0",
				"@aws-cdk/aws-elasticloadbalancing": "1.25.0",
				"@aws-cdk/aws-elasticloadbalancingv2": "1.25.0",
				"@aws-cdk/aws-iam": "1.25.0",
				"@aws-cdk/aws-lambda": "1.25.0",
				"@aws-cdk/aws-logs": "1.25.0",
				"@aws-cdk/aws-route53": "1.25.0",
				"@aws-cdk/aws-route53-targets": "1.25.0",
				"@aws-cdk/aws-secretsmanager": "1.25.0",
				"@aws-cdk/aws-servicediscovery": "1.25.0",
				"@aws-cdk/aws-sns": "1.25.0",
				"@aws-cdk/aws-sqs": "1.25.0",
				"@aws-cdk/aws-ssm": "1.25.0",
				"@aws-cdk/core": "1.25.0",
				"@aws-cdk/cx-api": "1.25.0"
			}
		},
		"@aws-cdk/aws-elasticloadbalancing": {
			"version": "1.25.0",
			"resolved": "https://registry.npmjs.org/@aws-cdk/aws-elasticloadbalancing/-/aws-elasticloadbalancing-1.25.0.tgz",
			"integrity": "sha512-VaeGpL0OMf6pGdTEJlktCu+PY2tyfbXEtac5JEZ8XuGSWDDNgeZ5Y3Nd/wetdF18FLOdXhjsvPRxhYSyx2mPSw==",
			"requires": {
				"@aws-cdk/aws-ec2": "1.25.0",
				"@aws-cdk/core": "1.25.0"
			}
		},
		"@aws-cdk/aws-elasticloadbalancingv2": {
			"version": "1.25.0",
			"resolved": "https://registry.npmjs.org/@aws-cdk/aws-elasticloadbalancingv2/-/aws-elasticloadbalancingv2-1.25.0.tgz",
			"integrity": "sha512-kxlmA/S66nbJDwMGIfgTLDbxMiMW4oe9uG0yWDbH2VyF7kZmflNU+xyzUDVR3zsfwra2awhptcHMwREBK7y8tg==",
			"requires": {
				"@aws-cdk/aws-certificatemanager": "1.25.0",
				"@aws-cdk/aws-cloudwatch": "1.25.0",
				"@aws-cdk/aws-ec2": "1.25.0",
				"@aws-cdk/aws-iam": "1.25.0",
				"@aws-cdk/aws-lambda": "1.25.0",
				"@aws-cdk/aws-s3": "1.25.0",
				"@aws-cdk/core": "1.25.0"
			}
		},
		"@aws-cdk/aws-events": {
			"version": "1.25.0",
			"resolved": "https://registry.npmjs.org/@aws-cdk/aws-events/-/aws-events-1.25.0.tgz",
			"integrity": "sha512-/4ZTHR+nP4qG3ibU89IUtHJTQ5wLprMWZk+QCGATRNJOnwn2rONT92BgE9qPwzsaN6akLwCuJ9hfA1LM3MnhJg==",
			"requires": {
				"@aws-cdk/aws-iam": "1.25.0",
				"@aws-cdk/core": "1.25.0"
			}
		},
		"@aws-cdk/aws-events-targets": {
			"version": "1.25.0",
			"resolved": "https://registry.npmjs.org/@aws-cdk/aws-events-targets/-/aws-events-targets-1.25.0.tgz",
			"integrity": "sha512-5Ghk9WuaQUqk8LU42w/nT9AyqfOAsE6h5vcc8qMBT2rNhvnisRWskP0+e1wEdE3EakmcJ5rB3YJIwtuOCtFXTA==",
			"requires": {
				"@aws-cdk/aws-cloudformation": "1.25.0",
				"@aws-cdk/aws-codebuild": "1.25.0",
				"@aws-cdk/aws-codepipeline": "1.25.0",
				"@aws-cdk/aws-ec2": "1.25.0",
				"@aws-cdk/aws-ecs": "1.25.0",
				"@aws-cdk/aws-events": "1.25.0",
				"@aws-cdk/aws-iam": "1.25.0",
				"@aws-cdk/aws-lambda": "1.25.0",
				"@aws-cdk/aws-sns": "1.25.0",
				"@aws-cdk/aws-sns-subscriptions": "1.25.0",
				"@aws-cdk/aws-sqs": "1.25.0",
				"@aws-cdk/aws-stepfunctions": "1.25.0",
				"@aws-cdk/core": "1.25.0"
			}
		},
		"@aws-cdk/aws-iam": {
			"version": "1.25.0",
			"resolved": "https://registry.npmjs.org/@aws-cdk/aws-iam/-/aws-iam-1.25.0.tgz",
			"integrity": "sha512-8EI4N2rgG61KDYdZGplGllmn8NnQdfujtmCDz8LuaDywNxkVR2nY+0eIdL92h8tcVReTAJoTVuISRefGnSYOew==",
			"requires": {
				"@aws-cdk/core": "1.25.0",
				"@aws-cdk/region-info": "1.25.0"
			}
		},
		"@aws-cdk/aws-kms": {
			"version": "1.25.0",
			"resolved": "https://registry.npmjs.org/@aws-cdk/aws-kms/-/aws-kms-1.25.0.tgz",
			"integrity": "sha512-x4mJBUtSKVAT6nEv6SlIW+T9VMWbxddUZwSTUaFK8LMReJ/8S360A4HwLfbuK3yrHpFd7LyJaHmc09hePIRlug==",
			"requires": {
				"@aws-cdk/aws-iam": "1.25.0",
				"@aws-cdk/core": "1.25.0"
			}
		},
		"@aws-cdk/aws-lambda": {
			"version": "1.25.0",
			"resolved": "https://registry.npmjs.org/@aws-cdk/aws-lambda/-/aws-lambda-1.25.0.tgz",
			"integrity": "sha512-6rkoX8yW6bisXpPZjVqAWyLIaFPftIU4H1xiFtByLtyYD+LTYjVJCVTne2ZWHA3ZzjckIq8CO6ZEFyewxmHAKA==",
			"requires": {
				"@aws-cdk/aws-cloudwatch": "1.25.0",
				"@aws-cdk/aws-ec2": "1.25.0",
				"@aws-cdk/aws-events": "1.25.0",
				"@aws-cdk/aws-iam": "1.25.0",
				"@aws-cdk/aws-logs": "1.25.0",
				"@aws-cdk/aws-s3": "1.25.0",
				"@aws-cdk/aws-s3-assets": "1.25.0",
				"@aws-cdk/aws-sqs": "1.25.0",
				"@aws-cdk/core": "1.25.0",
				"@aws-cdk/cx-api": "1.25.0"
			}
		},
		"@aws-cdk/aws-logs": {
			"version": "1.25.0",
			"resolved": "https://registry.npmjs.org/@aws-cdk/aws-logs/-/aws-logs-1.25.0.tgz",
			"integrity": "sha512-GzvOSMJpORGJIH2o6Wsu3EByRXu7mrSCO9QEQY24JHkxkXqN1X1Of204mN+I2+V2xW06p09g292PhTzv4WYr8g==",
			"requires": {
				"@aws-cdk/aws-cloudwatch": "1.25.0",
				"@aws-cdk/aws-iam": "1.25.0",
				"@aws-cdk/core": "1.25.0"
			}
		},
		"@aws-cdk/aws-route53": {
			"version": "1.25.0",
			"resolved": "https://registry.npmjs.org/@aws-cdk/aws-route53/-/aws-route53-1.25.0.tgz",
			"integrity": "sha512-5ELv2KfqfoweuamvrwWVhO9GIFYmOv/09fV7ZCgLPzgtxzSWKDhjC4/ZRlWD7mtJv/SPgNqd/hoV+7woxyfitA==",
			"requires": {
				"@aws-cdk/aws-ec2": "1.25.0",
				"@aws-cdk/aws-logs": "1.25.0",
				"@aws-cdk/core": "1.25.0",
				"@aws-cdk/cx-api": "1.25.0"
			}
		},
		"@aws-cdk/aws-route53-targets": {
			"version": "1.25.0",
			"resolved": "https://registry.npmjs.org/@aws-cdk/aws-route53-targets/-/aws-route53-targets-1.25.0.tgz",
			"integrity": "sha512-C9MUVrnyNTikBxGn3+MOSmJf/s6lo7lAOtF652n3OVODatRNvaH+Y5QZdif2hn8S/WKAKArKBipHWrtr9fvjwQ==",
			"requires": {
				"@aws-cdk/aws-apigateway": "1.25.0",
				"@aws-cdk/aws-cloudfront": "1.25.0",
				"@aws-cdk/aws-ec2": "1.25.0",
				"@aws-cdk/aws-elasticloadbalancing": "1.25.0",
				"@aws-cdk/aws-elasticloadbalancingv2": "1.25.0",
				"@aws-cdk/aws-iam": "1.25.0",
				"@aws-cdk/aws-route53": "1.25.0",
				"@aws-cdk/aws-s3": "1.25.0",
				"@aws-cdk/core": "1.25.0",
				"@aws-cdk/region-info": "1.25.0"
			}
		},
		"@aws-cdk/aws-s3": {
			"version": "1.25.0",
			"resolved": "https://registry.npmjs.org/@aws-cdk/aws-s3/-/aws-s3-1.25.0.tgz",
			"integrity": "sha512-pqgaIvX3O/WA347XBd+/5d/XimJQ9QB8SwktP8j1IM/gnr1VFWbER0GB+WCjE4q4zd8NP9eAX73gKGW7Sj6ZLA==",
			"requires": {
				"@aws-cdk/aws-events": "1.25.0",
				"@aws-cdk/aws-iam": "1.25.0",
				"@aws-cdk/aws-kms": "1.25.0",
				"@aws-cdk/core": "1.25.0"
			}
		},
		"@aws-cdk/aws-s3-assets": {
			"version": "1.25.0",
			"resolved": "https://registry.npmjs.org/@aws-cdk/aws-s3-assets/-/aws-s3-assets-1.25.0.tgz",
			"integrity": "sha512-tC7MfWfZNsEnYjd/waDtbfxFEWw9AAHtoWK3vZ0NCBaOseJTdqnJFrqPsfxa5vbaWdYn9eyi3VYlMnWevtxHqg==",
			"requires": {
				"@aws-cdk/assets": "1.25.0",
				"@aws-cdk/aws-iam": "1.25.0",
				"@aws-cdk/aws-s3": "1.25.0",
				"@aws-cdk/core": "1.25.0",
				"@aws-cdk/cx-api": "1.25.0"
			}
		},
		"@aws-cdk/aws-sam": {
			"version": "1.25.0",
			"resolved": "https://registry.npmjs.org/@aws-cdk/aws-sam/-/aws-sam-1.25.0.tgz",
			"integrity": "sha512-p5Jw7qR+YXFH+9N0IQgJuRLTDQEYyQHhezj2ARQaS4Wu7dRa4pRGzjREcL/kWoydrzIqc6gUi9OIsNo5VGxosA==",
			"requires": {
				"@aws-cdk/core": "1.25.0"
			}
		},
		"@aws-cdk/aws-secretsmanager": {
			"version": "1.25.0",
			"resolved": "https://registry.npmjs.org/@aws-cdk/aws-secretsmanager/-/aws-secretsmanager-1.25.0.tgz",
			"integrity": "sha512-FTqiHzU29eJn3SCoAf03ue76ftXBFCnR19Tu8IBrWgQOnEF+rVEoCqVs9O/+db/rsZfniG2PNC5a46HU95Adhw==",
			"requires": {
				"@aws-cdk/aws-ec2": "1.25.0",
				"@aws-cdk/aws-iam": "1.25.0",
				"@aws-cdk/aws-kms": "1.25.0",
				"@aws-cdk/aws-lambda": "1.25.0",
				"@aws-cdk/aws-sam": "1.25.0",
				"@aws-cdk/core": "1.25.0"
			}
		},
		"@aws-cdk/aws-servicediscovery": {
			"version": "1.25.0",
			"resolved": "https://registry.npmjs.org/@aws-cdk/aws-servicediscovery/-/aws-servicediscovery-1.25.0.tgz",
			"integrity": "sha512-YAeMiQ6ULVX0sLCIp9zEomi0eCDH08dPPjRJJ/pTv5sip73+6cmaNHSpGz1xii+vnMjYvBPVSr8dz6tZJPeBdw==",
			"requires": {
				"@aws-cdk/aws-ec2": "1.25.0",
				"@aws-cdk/aws-elasticloadbalancingv2": "1.25.0",
				"@aws-cdk/aws-route53": "1.25.0",
				"@aws-cdk/core": "1.25.0"
			}
		},
		"@aws-cdk/aws-sns": {
			"version": "1.25.0",
			"resolved": "https://registry.npmjs.org/@aws-cdk/aws-sns/-/aws-sns-1.25.0.tgz",
			"integrity": "sha512-2gC4YUVqOox3SaMBE2t3HBF1E2roJQSWQwJnPUvXT9yXKXVrWm8hOM/nAQhWH3NX9hO7eQrPq/8fJtiNLBKI9A==",
			"requires": {
				"@aws-cdk/aws-cloudwatch": "1.25.0",
				"@aws-cdk/aws-events": "1.25.0",
				"@aws-cdk/aws-iam": "1.25.0",
				"@aws-cdk/aws-kms": "1.25.0",
				"@aws-cdk/core": "1.25.0"
			}
		},
		"@aws-cdk/aws-sns-subscriptions": {
			"version": "1.25.0",
			"resolved": "https://registry.npmjs.org/@aws-cdk/aws-sns-subscriptions/-/aws-sns-subscriptions-1.25.0.tgz",
			"integrity": "sha512-gvOnbMjMtsdoMEwvqvMeP/RJz0GSu+hOC7rtbkypavKODLyZHWu8E2Nt5MF90Qz2xkWOeVVIepxh0AbTlGueJw==",
			"requires": {
				"@aws-cdk/aws-iam": "1.25.0",
				"@aws-cdk/aws-lambda": "1.25.0",
				"@aws-cdk/aws-sns": "1.25.0",
				"@aws-cdk/aws-sqs": "1.25.0",
				"@aws-cdk/core": "1.25.0"
			}
		},
		"@aws-cdk/aws-sqs": {
			"version": "1.25.0",
			"resolved": "https://registry.npmjs.org/@aws-cdk/aws-sqs/-/aws-sqs-1.25.0.tgz",
			"integrity": "sha512-W0SNkBvEloqyHJ0sypk7N4wyMm0RDA+OPr+nmvQHjWm0QTG3o57eyW7g/iaKuqAPXItoBeM6CPdhqLakIwW87g==",
			"requires": {
				"@aws-cdk/aws-cloudwatch": "1.25.0",
				"@aws-cdk/aws-iam": "1.25.0",
				"@aws-cdk/aws-kms": "1.25.0",
				"@aws-cdk/core": "1.25.0"
			}
		},
		"@aws-cdk/aws-ssm": {
			"version": "1.25.0",
			"resolved": "https://registry.npmjs.org/@aws-cdk/aws-ssm/-/aws-ssm-1.25.0.tgz",
			"integrity": "sha512-HqkAs1CeG989rhlbaP5nI4zlRqkj9gMY5zVAHhLF/ejDsULudEFrJEgMVGaw3KpWwhdybjhmxJ0Ou3qh6fjeMQ==",
			"requires": {
				"@aws-cdk/aws-iam": "1.25.0",
				"@aws-cdk/aws-kms": "1.25.0",
				"@aws-cdk/core": "1.25.0",
				"@aws-cdk/cx-api": "1.25.0"
			}
		},
		"@aws-cdk/aws-stepfunctions": {
			"version": "1.25.0",
			"resolved": "https://registry.npmjs.org/@aws-cdk/aws-stepfunctions/-/aws-stepfunctions-1.25.0.tgz",
			"integrity": "sha512-pX/3KxWiP3LjfpaxZkhPnVlaclx0Y2jq7Ec9Qlo4omaSu9NUhfMBT85Lf7OzYFtDTYIr818MdlK2qmgn/UwhNQ==",
			"requires": {
				"@aws-cdk/aws-cloudwatch": "1.25.0",
				"@aws-cdk/aws-events": "1.25.0",
				"@aws-cdk/aws-iam": "1.25.0",
				"@aws-cdk/core": "1.25.0"
			}
		},
		"@aws-cdk/cfnspec": {
			"version": "1.25.0",
			"resolved": "https://registry.npmjs.org/@aws-cdk/cfnspec/-/cfnspec-1.25.0.tgz",
			"integrity": "sha512-4cefHawM9ly4OoNYon+T82Wao+79p0+orikkZvOdOvJS/DEiii6j3pgyR8mWBdXdAzojT6QbnYC8i0zlcoVtSQ==",
			"dev": true,
			"requires": {
				"md5": "^2.2.1"
			}
		},
		"@aws-cdk/cloudformation-diff": {
			"version": "1.25.0",
			"resolved": "https://registry.npmjs.org/@aws-cdk/cloudformation-diff/-/cloudformation-diff-1.25.0.tgz",
			"integrity": "sha512-QOyt4VEZ85BV3+XkIZMyLBmt6D0wb7NZwYuZkEvghQyJyBWIWeYqD1WGLEYzZbMCegFWRa6lXJv0Oq+Ow6tWgg==",
			"dev": true,
			"requires": {
				"@aws-cdk/cfnspec": "1.25.0",
				"@aws-cdk/cx-api": "1.25.0",
				"colors": "^1.4.0",
				"diff": "^4.0.2",
				"fast-deep-equal": "^3.1.1",
				"string-width": "^4.2.0",
				"table": "^5.4.6"
			}
		},
		"@aws-cdk/core": {
			"version": "1.25.0",
			"resolved": "https://registry.npmjs.org/@aws-cdk/core/-/core-1.25.0.tgz",
			"integrity": "sha512-9N6Y9OI/2uVE1SNMB19N0mLaz2X6EzVg0uQnkesrDWd9YYJ43FmsVl79rQYvhwqqCktV2/wQ6DvY2y02RMWp6g==",
			"requires": {
				"@aws-cdk/cx-api": "1.25.0"
			}
		},
		"@aws-cdk/cx-api": {
			"version": "1.25.0",
			"resolved": "https://registry.npmjs.org/@aws-cdk/cx-api/-/cx-api-1.25.0.tgz",
			"integrity": "sha512-DAsBhBtYf6KKGANd++AS9Q10Yqhuin4QR4Y0/85yYPWMdb5G5J/fvk9R6kiBkDom0Mac4gA+tJZdphTa3YNjMw==",
			"requires": {
				"semver": "^7.1.3"
			},
			"dependencies": {
				"semver": {
					"version": "7.1.3",
					"bundled": true
				}
			}
		},
		"@aws-cdk/region-info": {
			"version": "1.25.0",
			"resolved": "https://registry.npmjs.org/@aws-cdk/region-info/-/region-info-1.25.0.tgz",
			"integrity": "sha512-A39nDwkqfYCqoBgqyyOs70yrSCLnfgkuiZlKPsj28lTZkwyKyqszBdJCXsICt/7dG/Gz7iIEmkD/pPBfqNjygA=="
		},
		"ajv": {
			"version": "6.11.0",
			"resolved": "https://registry.npmjs.org/ajv/-/ajv-6.11.0.tgz",
			"integrity": "sha512-nCprB/0syFYy9fVYU1ox1l2KN8S9I+tziH8D4zdZuLT3N6RMlGSGt5FSTpAiHB/Whv8Qs1cWHma1aMKZyaHRKA==",
			"dev": true,
			"requires": {
				"fast-deep-equal": "^3.1.1",
				"fast-json-stable-stringify": "^2.0.0",
				"json-schema-traverse": "^0.4.1",
				"uri-js": "^4.2.2"
			}
		},
		"ansi-regex": {
			"version": "5.0.0",
			"resolved": "https://registry.npmjs.org/ansi-regex/-/ansi-regex-5.0.0.tgz",
			"integrity": "sha512-bY6fj56OUQ0hU1KjFNDQuJFezqKdrAyFdIevADiqrWHwSlbmBNMHp5ak2f40Pm8JTFyM2mqxkG6ngkHO11f/lg==",
			"dev": true
		},
		"ansi-styles": {
			"version": "3.2.1",
			"resolved": "https://registry.npmjs.org/ansi-styles/-/ansi-styles-3.2.1.tgz",
			"integrity": "sha512-VT0ZI6kZRdTh8YyJw3SMbYm/u+NqfsAxEpWO0Pf9sq8/e94WxxOpPKx9FR1FlyCtOVDNOQ+8ntlqFxiRc+r5qA==",
			"dev": true,
			"requires": {
				"color-convert": "^1.9.0"
			}
		},
		"argparse": {
			"version": "1.0.10",
			"resolved": "https://registry.npmjs.org/argparse/-/argparse-1.0.10.tgz",
			"integrity": "sha512-o5Roy6tNG4SL/FOkCAN6RzjiakZS25RLYFrcMttJqbdd8BWrnA+fGz57iN5Pb06pvBGvl5gQ0B48dJlslXvoTg==",
			"dev": true,
			"requires": {
				"sprintf-js": "~1.0.2"
			}
		},
		"astral-regex": {
			"version": "1.0.0",
			"resolved": "https://registry.npmjs.org/astral-regex/-/astral-regex-1.0.0.tgz",
			"integrity": "sha512-+Ryf6g3BKoRc7jfp7ad8tM4TtMiaWvbF/1/sQcZPkkS7ag3D5nMBCe2UfOTONtAkaG0tO0ij3C5Lwmf1EiyjHg==",
			"dev": true
		},
		"charenc": {
			"version": "0.0.2",
			"resolved": "https://registry.npmjs.org/charenc/-/charenc-0.0.2.tgz",
			"integrity": "sha1-wKHS86cJLgN3S/qD8UwPxXkKhmc=",
			"dev": true
		},
		"color-convert": {
			"version": "1.9.3",
			"resolved": "https://registry.npmjs.org/color-convert/-/color-convert-1.9.3.tgz",
			"integrity": "sha512-QfAUtd+vFdAtFQcC8CCyYt1fYWxSqAiK2cSD6zDB8N3cpsEBAvRxp9zOGg6G/SHHJYAT88/az/IuDGALsNVbGg==",
			"dev": true,
			"requires": {
				"color-name": "1.1.3"
			}
		},
		"color-name": {
			"version": "1.1.3",
			"resolved": "https://registry.npmjs.org/color-name/-/color-name-1.1.3.tgz",
			"integrity": "sha1-p9BVi9icQveV3UIyj3QIMcpTvCU=",
			"dev": true
		},
		"colors": {
			"version": "1.4.0",
			"resolved": "https://registry.npmjs.org/colors/-/colors-1.4.0.tgz",
			"integrity": "sha512-a+UqTh4kgZg/SlGvfbzDHpgRu7AAQOmmqRHJnxhRZICKFUT91brVhNNt58CMWU9PsBbv3PDCZUHbVxuDiH2mtA==",
			"dev": true
		},
		"crypt": {
			"version": "0.0.2",
			"resolved": "https://registry.npmjs.org/crypt/-/crypt-0.0.2.tgz",
			"integrity": "sha1-iNf/fsDfuG9xPch7u0LQRNPmxBs=",
			"dev": true
		},
		"diff": {
			"version": "4.0.2",
			"resolved": "https://registry.npmjs.org/diff/-/diff-4.0.2.tgz",
			"integrity": "sha512-58lmxKSA4BNyLz+HHMUzlOEpg09FV+ev6ZMe3vJihgdxzgcwZ8VoEEPmALCZG9LmqfVoNMMKpttIYTVG6uDY7A==",
			"dev": true
		},
		"emoji-regex": {
			"version": "8.0.0",
			"resolved": "https://registry.npmjs.org/emoji-regex/-/emoji-regex-8.0.0.tgz",
			"integrity": "sha512-MSjYzcWNOA0ewAHpz0MxpYFvwg6yjy1NG3xteoqz644VCo/RPgnr1/GGt+ic3iJTzQ8Eu3TdM14SawnVUmGE6A==",
			"dev": true
		},
		"esprima": {
			"version": "4.0.1",
			"resolved": "https://registry.npmjs.org/esprima/-/esprima-4.0.1.tgz",
			"integrity": "sha512-eGuFFw7Upda+g4p+QHvnW0RyTX/SVeJBDM/gCtMARO0cLuT2HcEKnTPvhjV6aGeqrCB/sbNop0Kszm0jsaWU4A==",
			"dev": true
		},
		"fast-deep-equal": {
			"version": "3.1.1",
			"resolved": "https://registry.npmjs.org/fast-deep-equal/-/fast-deep-equal-3.1.1.tgz",
			"integrity": "sha512-8UEa58QDLauDNfpbrX55Q9jrGHThw2ZMdOky5Gl1CDtVeJDPVrG4Jxx1N8jw2gkWaff5UUuX1KJd+9zGe2B+ZA==",
			"dev": true
		},
		"fast-json-stable-stringify": {
			"version": "2.1.0",
			"resolved": "https://registry.npmjs.org/fast-json-stable-stringify/-/fast-json-stable-stringify-2.1.0.tgz",
			"integrity": "sha512-lhd/wF+Lk98HZoTCtlVraHtfh5XYijIjalXck7saUtuanSDyLMxnHhSXEDJqHxD7msR8D0uCmqlkwjCV8xvwHw==",
			"dev": true
		},
		"is-buffer": {
			"version": "1.1.6",
			"resolved": "https://registry.npmjs.org/is-buffer/-/is-buffer-1.1.6.tgz",
			"integrity": "sha512-NcdALwpXkTm5Zvvbk7owOUSvVvBKDgKP5/ewfXEznmQFfs4ZRmanOeKBTjRVjka3QFoN6XJ+9F3USqfHqTaU5w==",
			"dev": true
		},
		"is-fullwidth-code-point": {
			"version": "3.0.0",
			"resolved": "https://registry.npmjs.org/is-fullwidth-code-point/-/is-fullwidth-code-point-3.0.0.tgz",
			"integrity": "sha512-zymm5+u+sCsSWyD9qNaejV3DFvhCKclKdizYaJUuHA83RLjb7nSuGnddCHGv0hk+KY7BMAlsWeK4Ueg6EV6XQg==",
			"dev": true
		},
		"jest-cdk-snapshot": {
			"version": "1.2.1",
			"resolved": "https://registry.npmjs.org/jest-cdk-snapshot/-/jest-cdk-snapshot-1.2.1.tgz",
			"integrity": "sha512-ZxhDrsB7EjB86WBVBvjffiYxBnR9pULJ/+CXmBuhj9oC7jNFcBSu2FyjUIcCCDmaD6J374hqucEUF7EiGVINdg==",
			"dev": true,
			"requires": {
				"js-yaml": "^3.13.1"
			}
		},
		"js-yaml": {
			"version": "3.13.1",
			"resolved": "https://registry.npmjs.org/js-yaml/-/js-yaml-3.13.1.tgz",
			"integrity": "sha512-YfbcO7jXDdyj0DGxYVSlSeQNHbD7XPWvrVWeVUujrQEoZzWJIRrCPoyk6kL6IAjAG2IolMK4T0hNUe0HOUs5Jw==",
			"dev": true,
			"requires": {
				"argparse": "^1.0.7",
				"esprima": "^4.0.0"
			}
		},
		"json-schema-traverse": {
			"version": "0.4.1",
			"resolved": "https://registry.npmjs.org/json-schema-traverse/-/json-schema-traverse-0.4.1.tgz",
			"integrity": "sha512-xbbCH5dCYU5T8LcEhhuh7HJ88HXuW3qsI3Y0zOZFKfZEHcpWiHU/Jxzk629Brsab/mMiHQti9wMP+845RPe3Vg==",
			"dev": true
		},
		"lodash": {
			"version": "4.17.15",
			"resolved": "https://registry.npmjs.org/lodash/-/lodash-4.17.15.tgz",
			"integrity": "sha512-8xOcRHvCjnocdS5cpwXQXVzmmh5e5+saE2QGoeQmbKmRS6J3VQppPOIt0MnmE+4xlZoumy0GPG0D0MVIQbNA1A==",
			"dev": true
		},
		"md5": {
			"version": "2.2.1",
			"resolved": "https://registry.npmjs.org/md5/-/md5-2.2.1.tgz",
			"integrity": "sha1-U6s41f48iJG6RlMp6iP6wFQBJvk=",
			"dev": true,
			"requires": {
				"charenc": "~0.0.1",
				"crypt": "~0.0.1",
				"is-buffer": "~1.1.1"
			}
		},
		"punycode": {
			"version": "2.1.1",
			"resolved": "https://registry.npmjs.org/punycode/-/punycode-2.1.1.tgz",
			"integrity": "sha512-XRsRjdf+j5ml+y/6GKHPZbrF/8p2Yga0JPtdqTIY2Xe5ohJPD9saDJJLPvp9+NSBprVvevdXZybnj2cv8OEd0A==",
			"dev": true
		},
		"slice-ansi": {
			"version": "2.1.0",
			"resolved": "https://registry.npmjs.org/slice-ansi/-/slice-ansi-2.1.0.tgz",
			"integrity": "sha512-Qu+VC3EwYLldKa1fCxuuvULvSJOKEgk9pi8dZeCVK7TqBfUNTH4sFkk4joj8afVSfAYgJoSOetjx9QWOJ5mYoQ==",
			"dev": true,
			"requires": {
				"ansi-styles": "^3.2.0",
				"astral-regex": "^1.0.0",
				"is-fullwidth-code-point": "^2.0.0"
			},
			"dependencies": {
				"is-fullwidth-code-point": {
					"version": "2.0.0",
					"resolved": "https://registry.npmjs.org/is-fullwidth-code-point/-/is-fullwidth-code-point-2.0.0.tgz",
					"integrity": "sha1-o7MKXE8ZkYMWeqq5O+764937ZU8=",
					"dev": true
				}
			}
		},
		"sprintf-js": {
			"version": "1.0.3",
			"resolved": "https://registry.npmjs.org/sprintf-js/-/sprintf-js-1.0.3.tgz",
			"integrity": "sha1-BOaSb2YolTVPPdAVIDYzuFcpfiw=",
			"dev": true
		},
		"string-width": {
			"version": "4.2.0",
			"resolved": "https://registry.npmjs.org/string-width/-/string-width-4.2.0.tgz",
			"integrity": "sha512-zUz5JD+tgqtuDjMhwIg5uFVV3dtqZ9yQJlZVfq4I01/K5Paj5UHj7VyrQOJvzawSVlKpObApbfD0Ed6yJc+1eg==",
			"dev": true,
			"requires": {
				"emoji-regex": "^8.0.0",
				"is-fullwidth-code-point": "^3.0.0",
				"strip-ansi": "^6.0.0"
			}
		},
		"strip-ansi": {
			"version": "6.0.0",
			"resolved": "https://registry.npmjs.org/strip-ansi/-/strip-ansi-6.0.0.tgz",
			"integrity": "sha512-AuvKTrTfQNYNIctbR1K/YGTR1756GycPsg7b9bdV9Duqur4gv6aKqHXah67Z8ImS7WEz5QVcOtlfW2rZEugt6w==",
			"dev": true,
			"requires": {
				"ansi-regex": "^5.0.0"
			}
		},
		"table": {
			"version": "5.4.6",
			"resolved": "https://registry.npmjs.org/table/-/table-5.4.6.tgz",
			"integrity": "sha512-wmEc8m4fjnob4gt5riFRtTu/6+4rSe12TpAELNSqHMfF3IqnA+CH37USM6/YR3qRZv7e56kAEAtd6nKZaxe0Ug==",
			"dev": true,
			"requires": {
				"ajv": "^6.10.2",
				"lodash": "^4.17.14",
				"slice-ansi": "^2.1.0",
				"string-width": "^3.0.0"
			},
			"dependencies": {
				"ansi-regex": {
					"version": "4.1.0",
					"resolved": "https://registry.npmjs.org/ansi-regex/-/ansi-regex-4.1.0.tgz",
					"integrity": "sha512-1apePfXM1UOSqw0o9IiFAovVz9M5S1Dg+4TrDwfMewQ6p/rmMueb7tWZjQ1rx4Loy1ArBggoqGpfqqdI4rondg==",
					"dev": true
				},
				"emoji-regex": {
					"version": "7.0.3",
					"resolved": "https://registry.npmjs.org/emoji-regex/-/emoji-regex-7.0.3.tgz",
					"integrity": "sha512-CwBLREIQ7LvYFB0WyRvwhq5N5qPhc6PMjD6bYggFlI5YyDgl+0vxq5VHbMOFqLg7hfWzmu8T5Z1QofhmTIhItA==",
					"dev": true
				},
				"is-fullwidth-code-point": {
					"version": "2.0.0",
					"resolved": "https://registry.npmjs.org/is-fullwidth-code-point/-/is-fullwidth-code-point-2.0.0.tgz",
					"integrity": "sha1-o7MKXE8ZkYMWeqq5O+764937ZU8=",
					"dev": true
				},
				"string-width": {
					"version": "3.1.0",
					"resolved": "https://registry.npmjs.org/string-width/-/string-width-3.1.0.tgz",
					"integrity": "sha512-vafcv6KjVZKSgz06oM/H6GDBrAtz8vdhQakGjFIvNrHA6y3HCF1CInLy+QLq8dTJPQ1b+KDUqDFctkdRW44e1w==",
					"dev": true,
					"requires": {
						"emoji-regex": "^7.0.1",
						"is-fullwidth-code-point": "^2.0.0",
						"strip-ansi": "^5.1.0"
					}
				},
				"strip-ansi": {
					"version": "5.2.0",
					"resolved": "https://registry.npmjs.org/strip-ansi/-/strip-ansi-5.2.0.tgz",
					"integrity": "sha512-DuRs1gKbBqsMKIZlrffwlug8MHkcnpjs5VPmL1PAh+mA30U0DTotfDZ0d2UUsXpPmPmMMJ6W773MaA3J+lbiWA==",
					"dev": true,
					"requires": {
						"ansi-regex": "^4.1.0"
					}
				}
			}
		},
		"typescript": {
			"version": "3.8.2",
			"resolved": "https://registry.npmjs.org/typescript/-/typescript-3.8.2.tgz",
			"integrity": "sha512-EgOVgL/4xfVrCMbhYKUQTdF37SQn4Iw73H5BgCrF1Abdun7Kwy/QZsE/ssAy0y4LxBbvua3PIbFsbRczWWnDdQ==",
			"dev": true
		},
		"uri-js": {
			"version": "4.2.2",
			"resolved": "https://registry.npmjs.org/uri-js/-/uri-js-4.2.2.tgz",
			"integrity": "sha512-KY9Frmirql91X2Qgjry0Wd4Y+YTdrdZheS8TFwvkbLWf/G5KNJDCh6pKL5OZctEW4+0Baa5idK2ZQuELRwPznQ==",
			"dev": true,
			"requires": {
				"punycode": "^2.1.0"
			}
		}
	}
}
