{
	"name": "@cloudcomponents/cdk-dependency-check",
	"version": "1.0.5",
	"lockfileVersion": 1,
	"requires": true,
	"dependencies": {
		"@aws-cdk/assert": {
			"version": "1.26.0",
			"resolved": "https://registry.npmjs.org/@aws-cdk/assert/-/assert-1.26.0.tgz",
			"integrity": "sha512-kP1K/0O2VBRDYmzZdeXz/QP3/e39+10oj3SoXn3sZn1WH8M/W/rmuBeChV1Ijd+WGouf/1xefaNXQu2slO9IDg==",
			"dev": true,
			"requires": {
				"@aws-cdk/cloudformation-diff": "1.26.0",
				"@aws-cdk/core": "1.26.0",
				"@aws-cdk/cx-api": "1.26.0"
			}
		},
		"@aws-cdk/assets": {
			"version": "1.26.0",
			"resolved": "https://registry.npmjs.org/@aws-cdk/assets/-/assets-1.26.0.tgz",
			"integrity": "sha512-2y97awHTF9xBmNscajZhir5FjM8kuftMufWeJNBFShtsDYVjXmi0LH2DCH+R0iXF3Utlj0utnaxwM2YlgTeMBw==",
			"requires": {
				"@aws-cdk/core": "1.26.0",
				"@aws-cdk/cx-api": "1.26.0",
				"minimatch": "^3.0.4"
			},
			"dependencies": {
				"balanced-match": {
					"version": "1.0.0",
					"bundled": true
				},
				"brace-expansion": {
					"version": "1.1.11",
					"bundled": true,
					"requires": {
						"balanced-match": "^1.0.0",
						"concat-map": "0.0.1"
					}
				},
				"concat-map": {
					"version": "0.0.1",
					"bundled": true
				},
				"minimatch": {
					"version": "3.0.4",
					"bundled": true,
					"requires": {
						"brace-expansion": "^1.1.7"
					}
				}
			}
		},
		"@aws-cdk/aws-apigateway": {
			"version": "1.26.0",
			"resolved": "https://registry.npmjs.org/@aws-cdk/aws-apigateway/-/aws-apigateway-1.26.0.tgz",
			"integrity": "sha512-cGV/MCEPP76Zz40pxN4Xuzxt88VoGGTmlAKeBoFNeuVqY6hzg8Iinr7k4qlg6RqNQCDKr/yqKRsyPZ0w1+HqKg==",
			"requires": {
				"@aws-cdk/aws-certificatemanager": "1.26.0",
				"@aws-cdk/aws-ec2": "1.26.0",
				"@aws-cdk/aws-elasticloadbalancingv2": "1.26.0",
				"@aws-cdk/aws-iam": "1.26.0",
				"@aws-cdk/aws-lambda": "1.26.0",
				"@aws-cdk/core": "1.26.0"
			}
		},
		"@aws-cdk/aws-applicationautoscaling": {
			"version": "1.26.0",
			"resolved": "https://registry.npmjs.org/@aws-cdk/aws-applicationautoscaling/-/aws-applicationautoscaling-1.26.0.tgz",
			"integrity": "sha512-QZ3eGl0xcqnDTn5lD6hDVtNm80ZN31Hoq3Wvzp0g7k5HBKl4BG3lzk2+dGJSQd+FBNED/doud1qRXVo48l3KXQ==",
			"requires": {
				"@aws-cdk/aws-autoscaling-common": "1.26.0",
				"@aws-cdk/aws-cloudwatch": "1.26.0",
				"@aws-cdk/aws-iam": "1.26.0",
				"@aws-cdk/core": "1.26.0"
			}
		},
		"@aws-cdk/aws-autoscaling": {
			"version": "1.26.0",
			"resolved": "https://registry.npmjs.org/@aws-cdk/aws-autoscaling/-/aws-autoscaling-1.26.0.tgz",
			"integrity": "sha512-BFTfW+iBG84kxFqxEr5iScCtjmyxcNNjDV66ONtBex8ItPYhHqtZzjqRiLaxfmAQ/rKcLmBI+q+u15xYsf1HUQ==",
			"requires": {
				"@aws-cdk/aws-autoscaling-common": "1.26.0",
				"@aws-cdk/aws-cloudwatch": "1.26.0",
				"@aws-cdk/aws-ec2": "1.26.0",
				"@aws-cdk/aws-elasticloadbalancing": "1.26.0",
				"@aws-cdk/aws-elasticloadbalancingv2": "1.26.0",
				"@aws-cdk/aws-iam": "1.26.0",
				"@aws-cdk/aws-sns": "1.26.0",
				"@aws-cdk/core": "1.26.0"
			}
		},
		"@aws-cdk/aws-autoscaling-common": {
			"version": "1.26.0",
			"resolved": "https://registry.npmjs.org/@aws-cdk/aws-autoscaling-common/-/aws-autoscaling-common-1.26.0.tgz",
			"integrity": "sha512-vcivrlOnyl48fAFui3bj5FxgJNhMi8kp4BOGU/PIXPu4s3rdfPZjrcIodp0PoH9ahVAN5pVF7umCWckhgZd7jg==",
			"requires": {
				"@aws-cdk/aws-iam": "1.26.0",
				"@aws-cdk/core": "1.26.0"
			}
		},
		"@aws-cdk/aws-autoscaling-hooktargets": {
			"version": "1.26.0",
			"resolved": "https://registry.npmjs.org/@aws-cdk/aws-autoscaling-hooktargets/-/aws-autoscaling-hooktargets-1.26.0.tgz",
			"integrity": "sha512-qs3S1WBsAe+VtKfQE/eggfKspI+1x7XYQvb1i3/rgtLeqJwmwFMdd7UY/Uq9VVlEjqNKIBkVw3A3aJuJtuB2pg==",
			"requires": {
				"@aws-cdk/aws-autoscaling": "1.26.0",
				"@aws-cdk/aws-iam": "1.26.0",
				"@aws-cdk/aws-lambda": "1.26.0",
				"@aws-cdk/aws-sns": "1.26.0",
				"@aws-cdk/aws-sns-subscriptions": "1.26.0",
				"@aws-cdk/aws-sqs": "1.26.0",
				"@aws-cdk/core": "1.26.0"
			}
		},
		"@aws-cdk/aws-certificatemanager": {
			"version": "1.26.0",
			"resolved": "https://registry.npmjs.org/@aws-cdk/aws-certificatemanager/-/aws-certificatemanager-1.26.0.tgz",
			"integrity": "sha512-ycDWvXi31ytA2kv+WrczWaUFWZ3XZH+w6v5zxsxuZWRnmIpvHM51TsjVzaV/+uULaRGGZeeT9I6mTihVeZ1fgg==",
			"requires": {
				"@aws-cdk/aws-cloudformation": "1.26.0",
				"@aws-cdk/aws-iam": "1.26.0",
				"@aws-cdk/aws-lambda": "1.26.0",
				"@aws-cdk/aws-route53": "1.26.0",
				"@aws-cdk/core": "1.26.0"
			}
		},
		"@aws-cdk/aws-cloudformation": {
			"version": "1.26.0",
			"resolved": "https://registry.npmjs.org/@aws-cdk/aws-cloudformation/-/aws-cloudformation-1.26.0.tgz",
			"integrity": "sha512-3BJhlDY+hR/v22dy/4ClM74ilryY+jcS7ezskpaupf6b3m2HFjtrzjc/LHOM/24VOOf4BY07abSLeFpx+UL+Eg==",
			"requires": {
				"@aws-cdk/aws-iam": "1.26.0",
				"@aws-cdk/aws-lambda": "1.26.0",
				"@aws-cdk/aws-s3": "1.26.0",
				"@aws-cdk/aws-sns": "1.26.0",
				"@aws-cdk/core": "1.26.0",
				"@aws-cdk/cx-api": "1.26.0"
			}
		},
		"@aws-cdk/aws-cloudfront": {
			"version": "1.26.0",
			"resolved": "https://registry.npmjs.org/@aws-cdk/aws-cloudfront/-/aws-cloudfront-1.26.0.tgz",
			"integrity": "sha512-b3GPFnzPj7B8YUw+um8NqCS6cnGE0AZsXV2wIw0bUI7dPqsdgGCD5fTWz+K2l5Wrx2RE8ROPq1XDJyDwac89uQ==",
			"requires": {
				"@aws-cdk/aws-certificatemanager": "1.26.0",
				"@aws-cdk/aws-iam": "1.26.0",
				"@aws-cdk/aws-kms": "1.26.0",
				"@aws-cdk/aws-lambda": "1.26.0",
				"@aws-cdk/aws-s3": "1.26.0",
				"@aws-cdk/core": "1.26.0"
			}
		},
		"@aws-cdk/aws-cloudwatch": {
			"version": "1.26.0",
			"resolved": "https://registry.npmjs.org/@aws-cdk/aws-cloudwatch/-/aws-cloudwatch-1.26.0.tgz",
			"integrity": "sha512-7ERcCnwSbxZ8g523SwKl8pVQRbqsVCYVK3faH3IlbGDZSgWLCqoBHkrFVaF9SQke/v8+gEt5V2WdIMiS/7fzFQ==",
			"requires": {
				"@aws-cdk/aws-iam": "1.26.0",
				"@aws-cdk/core": "1.26.0"
			}
		},
		"@aws-cdk/aws-codebuild": {
			"version": "1.26.0",
			"resolved": "https://registry.npmjs.org/@aws-cdk/aws-codebuild/-/aws-codebuild-1.26.0.tgz",
			"integrity": "sha512-t8FmGa4T+Ro/eCMy5M1h6E2+gqwfPaq/WvojD6RDdiT3iS1BPf/VCyf7j3djreCzDGzDWlfMt6ceR7DWnG1pAQ==",
			"requires": {
				"@aws-cdk/assets": "1.26.0",
				"@aws-cdk/aws-cloudwatch": "1.26.0",
				"@aws-cdk/aws-codecommit": "1.26.0",
				"@aws-cdk/aws-ec2": "1.26.0",
				"@aws-cdk/aws-ecr": "1.26.0",
				"@aws-cdk/aws-ecr-assets": "1.26.0",
				"@aws-cdk/aws-events": "1.26.0",
				"@aws-cdk/aws-iam": "1.26.0",
				"@aws-cdk/aws-kms": "1.26.0",
				"@aws-cdk/aws-s3": "1.26.0",
				"@aws-cdk/aws-s3-assets": "1.26.0",
				"@aws-cdk/aws-secretsmanager": "1.26.0",
				"@aws-cdk/core": "1.26.0"
			}
		},
		"@aws-cdk/aws-codecommit": {
			"version": "1.26.0",
			"resolved": "https://registry.npmjs.org/@aws-cdk/aws-codecommit/-/aws-codecommit-1.26.0.tgz",
			"integrity": "sha512-5WZzom3tAbmM1eCd5nAavejYECkrL8oAgjIjOufvdIqJCgf8cRYicyUbRetnAKu6HXPtS4r4lLKOzU6b4qjt7A==",
			"requires": {
				"@aws-cdk/aws-events": "1.26.0",
				"@aws-cdk/aws-iam": "1.26.0",
				"@aws-cdk/core": "1.26.0"
			}
		},
		"@aws-cdk/aws-codepipeline": {
			"version": "1.26.0",
			"resolved": "https://registry.npmjs.org/@aws-cdk/aws-codepipeline/-/aws-codepipeline-1.26.0.tgz",
			"integrity": "sha512-EkCTD83EWI6xg/7WuzVRMyXmU2wpke1TFw5wrMNPaGoN9M3DtsAdt7Zk3xZqN3fUisbmHwdmTGFovxrsPg1OCw==",
			"requires": {
				"@aws-cdk/aws-events": "1.26.0",
				"@aws-cdk/aws-iam": "1.26.0",
				"@aws-cdk/aws-kms": "1.26.0",
				"@aws-cdk/aws-s3": "1.26.0",
				"@aws-cdk/core": "1.26.0"
			}
		},
		"@aws-cdk/aws-ec2": {
			"version": "1.26.0",
			"resolved": "https://registry.npmjs.org/@aws-cdk/aws-ec2/-/aws-ec2-1.26.0.tgz",
			"integrity": "sha512-DYU99KFqRmoRF+PirOtbXOnlFtba+ivcHD4VVOyvZoKS/+E1F8ilkb/YqsPiU266mnQTpTBn/IS5O2e1TvFPpQ==",
			"requires": {
				"@aws-cdk/aws-cloudwatch": "1.26.0",
				"@aws-cdk/aws-iam": "1.26.0",
				"@aws-cdk/aws-logs": "1.26.0",
				"@aws-cdk/aws-s3": "1.26.0",
				"@aws-cdk/aws-ssm": "1.26.0",
				"@aws-cdk/core": "1.26.0",
				"@aws-cdk/cx-api": "1.26.0"
			}
		},
		"@aws-cdk/aws-ecr": {
			"version": "1.26.0",
			"resolved": "https://registry.npmjs.org/@aws-cdk/aws-ecr/-/aws-ecr-1.26.0.tgz",
			"integrity": "sha512-T4Tvz9lW3UuD8Pa8/h/aaPkZzaaVghWPZZMazUSartWsHruYiny5RXKsVXqQUoCDj8g7J9z18TR04unN2QQXTg==",
			"requires": {
				"@aws-cdk/aws-events": "1.26.0",
				"@aws-cdk/aws-iam": "1.26.0",
				"@aws-cdk/core": "1.26.0"
			}
		},
		"@aws-cdk/aws-ecr-assets": {
			"version": "1.26.0",
			"resolved": "https://registry.npmjs.org/@aws-cdk/aws-ecr-assets/-/aws-ecr-assets-1.26.0.tgz",
			"integrity": "sha512-jEJWDwPIg/aQBOpBfw1i6P1V8/QhQDmUfF9SNZWClJewvtt5pHoxPpcu334lr1TUWaZy9T3Gt1AL/WW4fkJbmA==",
			"requires": {
				"@aws-cdk/assets": "1.26.0",
				"@aws-cdk/aws-cloudformation": "1.26.0",
				"@aws-cdk/aws-ecr": "1.26.0",
				"@aws-cdk/aws-iam": "1.26.0",
				"@aws-cdk/aws-lambda": "1.26.0",
				"@aws-cdk/aws-s3": "1.26.0",
				"@aws-cdk/core": "1.26.0",
				"@aws-cdk/cx-api": "1.26.0",
				"minimatch": "^3.0.4"
			},
			"dependencies": {
				"balanced-match": {
					"version": "1.0.0",
					"bundled": true
				},
				"brace-expansion": {
					"version": "1.1.11",
					"bundled": true,
					"requires": {
						"balanced-match": "^1.0.0",
						"concat-map": "0.0.1"
					}
				},
				"concat-map": {
					"version": "0.0.1",
					"bundled": true
				},
				"minimatch": {
					"version": "3.0.4",
					"bundled": true,
					"requires": {
						"brace-expansion": "^1.1.7"
					}
				}
			}
		},
		"@aws-cdk/aws-ecs": {
			"version": "1.26.0",
			"resolved": "https://registry.npmjs.org/@aws-cdk/aws-ecs/-/aws-ecs-1.26.0.tgz",
			"integrity": "sha512-4bRh01lUleE61hzVL5JOUEbWDSnYU9FoCx9JHV9med1qFSS0k428446DI9dWhAHlj3glu7/EgK11dKm9tlqe8w==",
			"requires": {
				"@aws-cdk/aws-applicationautoscaling": "1.26.0",
				"@aws-cdk/aws-autoscaling": "1.26.0",
				"@aws-cdk/aws-autoscaling-hooktargets": "1.26.0",
				"@aws-cdk/aws-certificatemanager": "1.26.0",
				"@aws-cdk/aws-cloudformation": "1.26.0",
				"@aws-cdk/aws-cloudwatch": "1.26.0",
				"@aws-cdk/aws-ec2": "1.26.0",
				"@aws-cdk/aws-ecr": "1.26.0",
				"@aws-cdk/aws-ecr-assets": "1.26.0",
				"@aws-cdk/aws-elasticloadbalancing": "1.26.0",
				"@aws-cdk/aws-elasticloadbalancingv2": "1.26.0",
				"@aws-cdk/aws-iam": "1.26.0",
				"@aws-cdk/aws-lambda": "1.26.0",
				"@aws-cdk/aws-logs": "1.26.0",
				"@aws-cdk/aws-route53": "1.26.0",
				"@aws-cdk/aws-route53-targets": "1.26.0",
				"@aws-cdk/aws-secretsmanager": "1.26.0",
				"@aws-cdk/aws-servicediscovery": "1.26.0",
				"@aws-cdk/aws-sns": "1.26.0",
				"@aws-cdk/aws-sqs": "1.26.0",
				"@aws-cdk/aws-ssm": "1.26.0",
				"@aws-cdk/core": "1.26.0",
				"@aws-cdk/cx-api": "1.26.0"
			}
		},
		"@aws-cdk/aws-elasticloadbalancing": {
			"version": "1.26.0",
			"resolved": "https://registry.npmjs.org/@aws-cdk/aws-elasticloadbalancing/-/aws-elasticloadbalancing-1.26.0.tgz",
			"integrity": "sha512-xO/9wvOxaiZtOMNAdX/EdEgAaQPdyt5EcfUL2Cr7Ws/uWGmBqs0IPLff+nE5nQ69XMpCeLMqsPFXgPMb7Rb4gQ==",
			"requires": {
				"@aws-cdk/aws-ec2": "1.26.0",
				"@aws-cdk/core": "1.26.0"
			}
		},
		"@aws-cdk/aws-elasticloadbalancingv2": {
			"version": "1.26.0",
			"resolved": "https://registry.npmjs.org/@aws-cdk/aws-elasticloadbalancingv2/-/aws-elasticloadbalancingv2-1.26.0.tgz",
			"integrity": "sha512-BFiNiby61sgig1oGvpqfwSdciI4QwHx3lGuZkcHfKRi8MGoLOde8PAavrg16Vx4GFVCWXwdbjEZutFPG3+Jx9g==",
			"requires": {
				"@aws-cdk/aws-certificatemanager": "1.26.0",
				"@aws-cdk/aws-cloudwatch": "1.26.0",
				"@aws-cdk/aws-ec2": "1.26.0",
				"@aws-cdk/aws-iam": "1.26.0",
				"@aws-cdk/aws-lambda": "1.26.0",
				"@aws-cdk/aws-s3": "1.26.0",
				"@aws-cdk/core": "1.26.0"
			}
		},
		"@aws-cdk/aws-events": {
			"version": "1.26.0",
			"resolved": "https://registry.npmjs.org/@aws-cdk/aws-events/-/aws-events-1.26.0.tgz",
			"integrity": "sha512-VFG0EVZLuSCk8VU1LZr//OXeIBI+ox85rfzPzFHWKbhazGQ6ORHVk8nhra/vgflJ4f7mv83Nl42MWJjRMAlsCQ==",
			"requires": {
				"@aws-cdk/aws-iam": "1.26.0",
				"@aws-cdk/core": "1.26.0"
			}
		},
		"@aws-cdk/aws-events-targets": {
			"version": "1.26.0",
			"resolved": "https://registry.npmjs.org/@aws-cdk/aws-events-targets/-/aws-events-targets-1.26.0.tgz",
			"integrity": "sha512-vNP5O/r9j2bxDpsXpXk3/Wfbxg4sap3l9MjqJnZ6rynrIRX5OQhRqEQ8hOJWdaCa+v1VTdck1CxGgwE3VP7ejg==",
			"requires": {
				"@aws-cdk/aws-cloudformation": "1.26.0",
				"@aws-cdk/aws-codebuild": "1.26.0",
				"@aws-cdk/aws-codepipeline": "1.26.0",
				"@aws-cdk/aws-ec2": "1.26.0",
				"@aws-cdk/aws-ecs": "1.26.0",
				"@aws-cdk/aws-events": "1.26.0",
				"@aws-cdk/aws-iam": "1.26.0",
				"@aws-cdk/aws-lambda": "1.26.0",
				"@aws-cdk/aws-sns": "1.26.0",
				"@aws-cdk/aws-sns-subscriptions": "1.26.0",
				"@aws-cdk/aws-sqs": "1.26.0",
				"@aws-cdk/aws-stepfunctions": "1.26.0",
				"@aws-cdk/core": "1.26.0"
			}
		},
		"@aws-cdk/aws-iam": {
			"version": "1.26.0",
			"resolved": "https://registry.npmjs.org/@aws-cdk/aws-iam/-/aws-iam-1.26.0.tgz",
			"integrity": "sha512-z1cQ7KzFbBQruPpEn9fGmwyYCnVtDOvwOc58olrdZT73RXN8OVSlD2IX0+f1xmv+KXgM7HOSp+SHFTkV9ALEKg==",
			"requires": {
				"@aws-cdk/core": "1.26.0",
				"@aws-cdk/region-info": "1.26.0"
			}
		},
		"@aws-cdk/aws-kms": {
			"version": "1.26.0",
			"resolved": "https://registry.npmjs.org/@aws-cdk/aws-kms/-/aws-kms-1.26.0.tgz",
			"integrity": "sha512-2niNZlE0Fyt1IFqYbHVf1crOSg9fD1E/KUJdxIc2f3eig56uRTykKFuZmD0ArueivJiM6q91YYgVRKvA8y2sCw==",
			"requires": {
				"@aws-cdk/aws-iam": "1.26.0",
				"@aws-cdk/core": "1.26.0"
			}
		},
		"@aws-cdk/aws-lambda": {
			"version": "1.26.0",
			"resolved": "https://registry.npmjs.org/@aws-cdk/aws-lambda/-/aws-lambda-1.26.0.tgz",
			"integrity": "sha512-VSoCrVuPMbT+WK0ox4IsgtAvbruc+q/MuAb3RXPNqncjYNOSZGULQTVYxGBMEWHXb5uJPUoOq0STnIktOft9JA==",
			"requires": {
				"@aws-cdk/aws-cloudwatch": "1.26.0",
				"@aws-cdk/aws-ec2": "1.26.0",
				"@aws-cdk/aws-events": "1.26.0",
				"@aws-cdk/aws-iam": "1.26.0",
				"@aws-cdk/aws-logs": "1.26.0",
				"@aws-cdk/aws-s3": "1.26.0",
				"@aws-cdk/aws-s3-assets": "1.26.0",
				"@aws-cdk/aws-sqs": "1.26.0",
				"@aws-cdk/core": "1.26.0",
				"@aws-cdk/cx-api": "1.26.0"
			}
		},
		"@aws-cdk/aws-logs": {
			"version": "1.26.0",
			"resolved": "https://registry.npmjs.org/@aws-cdk/aws-logs/-/aws-logs-1.26.0.tgz",
			"integrity": "sha512-SU6hlfD50Le6F6kt0ejyfwvN8OS6/XUNpesBw960gDqMBNnDddKtXa7rHHjjb80GHJ+J1ZlvlHOl4lgzjQ9l3Q==",
			"requires": {
				"@aws-cdk/aws-cloudwatch": "1.26.0",
				"@aws-cdk/aws-iam": "1.26.0",
				"@aws-cdk/core": "1.26.0"
			}
		},
		"@aws-cdk/aws-route53": {
			"version": "1.26.0",
			"resolved": "https://registry.npmjs.org/@aws-cdk/aws-route53/-/aws-route53-1.26.0.tgz",
			"integrity": "sha512-CkrOd0KBggiDbELrGks4BkhQIBOhykI3795BaB7bv9fvx0AfWqs13u+obmIFyfTMN0O9F9c5UHENS7Vk99i1+Q==",
			"requires": {
				"@aws-cdk/aws-ec2": "1.26.0",
				"@aws-cdk/aws-logs": "1.26.0",
				"@aws-cdk/core": "1.26.0",
				"@aws-cdk/cx-api": "1.26.0"
			}
		},
		"@aws-cdk/aws-route53-targets": {
			"version": "1.26.0",
			"resolved": "https://registry.npmjs.org/@aws-cdk/aws-route53-targets/-/aws-route53-targets-1.26.0.tgz",
			"integrity": "sha512-BBxwfxap7maTMGnNp8t0zjkh4tDo3nq9Ua9GcoeyqQVqYbjJpjImUhSZ5Xc73LH0Ub/CjtbhMnW5k91rH/Psxw==",
			"requires": {
				"@aws-cdk/aws-apigateway": "1.26.0",
				"@aws-cdk/aws-cloudfront": "1.26.0",
				"@aws-cdk/aws-ec2": "1.26.0",
				"@aws-cdk/aws-elasticloadbalancing": "1.26.0",
				"@aws-cdk/aws-elasticloadbalancingv2": "1.26.0",
				"@aws-cdk/aws-iam": "1.26.0",
				"@aws-cdk/aws-route53": "1.26.0",
				"@aws-cdk/aws-s3": "1.26.0",
				"@aws-cdk/core": "1.26.0",
				"@aws-cdk/region-info": "1.26.0"
			}
		},
		"@aws-cdk/aws-s3": {
			"version": "1.26.0",
			"resolved": "https://registry.npmjs.org/@aws-cdk/aws-s3/-/aws-s3-1.26.0.tgz",
			"integrity": "sha512-LG3H+uHRXMZQSLvxVU22Rldd4+3rhrT9skJFF8pxaeWZDaP3omtJnoEgIR4uPYsV4DHDBh+P1zmqTzpdvdho1A==",
			"requires": {
				"@aws-cdk/aws-events": "1.26.0",
				"@aws-cdk/aws-iam": "1.26.0",
				"@aws-cdk/aws-kms": "1.26.0",
				"@aws-cdk/core": "1.26.0"
			}
		},
		"@aws-cdk/aws-s3-assets": {
			"version": "1.26.0",
			"resolved": "https://registry.npmjs.org/@aws-cdk/aws-s3-assets/-/aws-s3-assets-1.26.0.tgz",
			"integrity": "sha512-r1vQ1n6n2qIEscmEJqbr9uxk+6p5KvD7QduA8uS77eHb3qnKtSLG+bcdc2ohiCbJP8wyGDsOT1tBA/+W5bdKKQ==",
			"requires": {
				"@aws-cdk/assets": "1.26.0",
				"@aws-cdk/aws-iam": "1.26.0",
				"@aws-cdk/aws-s3": "1.26.0",
				"@aws-cdk/core": "1.26.0",
				"@aws-cdk/cx-api": "1.26.0"
			}
		},
		"@aws-cdk/aws-sam": {
			"version": "1.26.0",
			"resolved": "https://registry.npmjs.org/@aws-cdk/aws-sam/-/aws-sam-1.26.0.tgz",
			"integrity": "sha512-hT6gg8ipx5Jq0eiQWfskG5eMevV5mZuPnYgbyktawBlYZJdUVkVEP21MYB6NKXfe4a6Dum1OzCdPbFtqeyARSQ==",
			"requires": {
				"@aws-cdk/core": "1.26.0"
			}
		},
		"@aws-cdk/aws-secretsmanager": {
			"version": "1.26.0",
			"resolved": "https://registry.npmjs.org/@aws-cdk/aws-secretsmanager/-/aws-secretsmanager-1.26.0.tgz",
			"integrity": "sha512-bm8N2Z7LZkt3UhKUEafxMHXVtSMcEhj+D8iU3j2Ioo3J1oC3j1VUnkLE0VVA59rsAaLj/6XxJffEeD4mRCcZ9Q==",
			"requires": {
				"@aws-cdk/aws-ec2": "1.26.0",
				"@aws-cdk/aws-iam": "1.26.0",
				"@aws-cdk/aws-kms": "1.26.0",
				"@aws-cdk/aws-lambda": "1.26.0",
				"@aws-cdk/aws-sam": "1.26.0",
				"@aws-cdk/core": "1.26.0"
			}
		},
		"@aws-cdk/aws-servicediscovery": {
			"version": "1.26.0",
			"resolved": "https://registry.npmjs.org/@aws-cdk/aws-servicediscovery/-/aws-servicediscovery-1.26.0.tgz",
			"integrity": "sha512-cnbXxxGXH/66/S9MR1RtanIf9eRYXBP6eudPwME1WvOUpwkaE9GicaI3hQj1zqtiWQDSMX1LuXe+jr4SGgef3w==",
			"requires": {
				"@aws-cdk/aws-ec2": "1.26.0",
				"@aws-cdk/aws-elasticloadbalancingv2": "1.26.0",
				"@aws-cdk/aws-route53": "1.26.0",
				"@aws-cdk/core": "1.26.0"
			}
		},
		"@aws-cdk/aws-sns": {
			"version": "1.26.0",
			"resolved": "https://registry.npmjs.org/@aws-cdk/aws-sns/-/aws-sns-1.26.0.tgz",
			"integrity": "sha512-V/mLUT5M1JVhBwBw2V59edajuH8pyMbZqdOvtU/wrWGKsGRs2qJEr1MRZJMcErJiqvkAWJnaxWMEVtFXpTLZOg==",
			"requires": {
				"@aws-cdk/aws-cloudwatch": "1.26.0",
				"@aws-cdk/aws-events": "1.26.0",
				"@aws-cdk/aws-iam": "1.26.0",
				"@aws-cdk/aws-kms": "1.26.0",
				"@aws-cdk/core": "1.26.0"
			}
		},
		"@aws-cdk/aws-sns-subscriptions": {
			"version": "1.26.0",
			"resolved": "https://registry.npmjs.org/@aws-cdk/aws-sns-subscriptions/-/aws-sns-subscriptions-1.26.0.tgz",
			"integrity": "sha512-akBDG+AsCvjVFUZsIIbgtqk7Hwz04hnwT9/SJEi/JeOXjMR5RYwjDVnuoftM51LR+YsLC7U8oVX+/5e3CVp5qw==",
			"requires": {
				"@aws-cdk/aws-iam": "1.26.0",
				"@aws-cdk/aws-lambda": "1.26.0",
				"@aws-cdk/aws-sns": "1.26.0",
				"@aws-cdk/aws-sqs": "1.26.0",
				"@aws-cdk/core": "1.26.0"
			}
		},
		"@aws-cdk/aws-sqs": {
			"version": "1.26.0",
			"resolved": "https://registry.npmjs.org/@aws-cdk/aws-sqs/-/aws-sqs-1.26.0.tgz",
			"integrity": "sha512-k1hNBhilqVAi49s/qYDBRMIhQlnSLp+foEgHzUoqXThXUv/UuunfHb/JIcNxGthXMN1vNQRgE4QvpARPV8SsXQ==",
			"requires": {
				"@aws-cdk/aws-cloudwatch": "1.26.0",
				"@aws-cdk/aws-iam": "1.26.0",
				"@aws-cdk/aws-kms": "1.26.0",
				"@aws-cdk/core": "1.26.0"
			}
		},
		"@aws-cdk/aws-ssm": {
			"version": "1.26.0",
			"resolved": "https://registry.npmjs.org/@aws-cdk/aws-ssm/-/aws-ssm-1.26.0.tgz",
			"integrity": "sha512-VPcRFSCfZ+aIgiqidj3FVdjjxIJAIaAwpppKxDXaTSLmetKijHAI+FA3/2r12HJ8C9Xdfe5FN19oyWPnGJU48A==",
			"requires": {
				"@aws-cdk/aws-iam": "1.26.0",
				"@aws-cdk/aws-kms": "1.26.0",
				"@aws-cdk/core": "1.26.0",
				"@aws-cdk/cx-api": "1.26.0"
			}
		},
		"@aws-cdk/aws-stepfunctions": {
			"version": "1.26.0",
			"resolved": "https://registry.npmjs.org/@aws-cdk/aws-stepfunctions/-/aws-stepfunctions-1.26.0.tgz",
			"integrity": "sha512-mISQVP4EJhi3VOJ/FYNfU41VYw8l+oGfNL+g0yM/Duor+Qw9vHxBUikG0wFv/+3hygGHJIo07St+CE2CY6E/Sg==",
			"requires": {
				"@aws-cdk/aws-cloudwatch": "1.26.0",
				"@aws-cdk/aws-events": "1.26.0",
				"@aws-cdk/aws-iam": "1.26.0",
				"@aws-cdk/core": "1.26.0"
			}
		},
		"@aws-cdk/cfnspec": {
			"version": "1.26.0",
			"resolved": "https://registry.npmjs.org/@aws-cdk/cfnspec/-/cfnspec-1.26.0.tgz",
			"integrity": "sha512-kjB67zcZJk7EEFTJ8uWe+c6+uLdcy1fM0Fi+rPQXtSl9csJ8loabV8bL8v4Pcuf+5zlfY01MgvH+X2foa1IVYg==",
			"dev": true,
			"requires": {
				"md5": "^2.2.1"
			}
		},
		"@aws-cdk/cloudformation-diff": {
			"version": "1.26.0",
			"resolved": "https://registry.npmjs.org/@aws-cdk/cloudformation-diff/-/cloudformation-diff-1.26.0.tgz",
			"integrity": "sha512-KAdS3P4lCorstqMeJNVs5Qa94dXgaMyUIAlowHNm+qBBsz3UwgsidxL2W0TorHcBbnCcQkknAC58qZX5wz+6AA==",
			"dev": true,
			"requires": {
				"@aws-cdk/cfnspec": "1.26.0",
				"colors": "^1.4.0",
				"diff": "^4.0.2",
				"fast-deep-equal": "^3.1.1",
				"string-width": "^4.2.0",
				"table": "^5.4.6"
			}
		},
		"@aws-cdk/core": {
			"version": "1.26.0",
			"resolved": "https://registry.npmjs.org/@aws-cdk/core/-/core-1.26.0.tgz",
			"integrity": "sha512-VeCFrLf45+3WiVjgMUwjGnEhBf9wcTVf6WXNHJybBZaxlQjQGhoKaE2GscknATb7SwR1GXxHyXDEvfCz90A5JQ==",
			"requires": {
				"@aws-cdk/cx-api": "1.26.0"
			}
		},
		"@aws-cdk/cx-api": {
			"version": "1.26.0",
			"resolved": "https://registry.npmjs.org/@aws-cdk/cx-api/-/cx-api-1.26.0.tgz",
			"integrity": "sha512-/u+CI5TEiZV75AOCmYT1rhlASyKDy1No8zdwyN9rWoHKKQLTwz7e94niqvhvQKijrf7Vg9i3Ygz1yorCip4q3w==",
			"requires": {
				"semver": "^7.1.3"
			},
			"dependencies": {
				"semver": {
					"version": "7.1.3",
					"bundled": true
				}
			}
		},
		"@aws-cdk/region-info": {
			"version": "1.26.0",
			"resolved": "https://registry.npmjs.org/@aws-cdk/region-info/-/region-info-1.26.0.tgz",
			"integrity": "sha512-4Tpfm6JHgBjB4z9VhKQ0NcYY1cgYnFHtranW+iTblj1fVmd0/GV/BVIzRXuk0w8u1WmDFnO6uRo+aVi2ZaU1nQ=="
		},
		"ajv": {
			"version": "6.12.0",
			"resolved": "https://registry.npmjs.org/ajv/-/ajv-6.12.0.tgz",
			"integrity": "sha512-D6gFiFA0RRLyUbvijN74DWAjXSFxWKaWP7mldxkVhyhAV3+SWA9HEJPHQ2c9soIeTFJqcSdFDGFgdqs1iUU2Hw==",
			"dev": true,
			"requires": {
				"fast-deep-equal": "^3.1.1",
				"fast-json-stable-stringify": "^2.0.0",
				"json-schema-traverse": "^0.4.1",
				"uri-js": "^4.2.2"
			}
		},
		"ansi-regex": {
			"version": "5.0.0",
			"resolved": "https://registry.npmjs.org/ansi-regex/-/ansi-regex-5.0.0.tgz",
			"integrity": "sha512-bY6fj56OUQ0hU1KjFNDQuJFezqKdrAyFdIevADiqrWHwSlbmBNMHp5ak2f40Pm8JTFyM2mqxkG6ngkHO11f/lg==",
			"dev": true
		},
		"ansi-styles": {
			"version": "3.2.1",
			"resolved": "https://registry.npmjs.org/ansi-styles/-/ansi-styles-3.2.1.tgz",
			"integrity": "sha512-VT0ZI6kZRdTh8YyJw3SMbYm/u+NqfsAxEpWO0Pf9sq8/e94WxxOpPKx9FR1FlyCtOVDNOQ+8ntlqFxiRc+r5qA==",
			"dev": true,
			"requires": {
				"color-convert": "^1.9.0"
			}
		},
		"argparse": {
			"version": "1.0.10",
			"resolved": "https://registry.npmjs.org/argparse/-/argparse-1.0.10.tgz",
			"integrity": "sha512-o5Roy6tNG4SL/FOkCAN6RzjiakZS25RLYFrcMttJqbdd8BWrnA+fGz57iN5Pb06pvBGvl5gQ0B48dJlslXvoTg==",
			"dev": true,
			"requires": {
				"sprintf-js": "~1.0.2"
			}
		},
		"astral-regex": {
			"version": "1.0.0",
			"resolved": "https://registry.npmjs.org/astral-regex/-/astral-regex-1.0.0.tgz",
			"integrity": "sha512-+Ryf6g3BKoRc7jfp7ad8tM4TtMiaWvbF/1/sQcZPkkS7ag3D5nMBCe2UfOTONtAkaG0tO0ij3C5Lwmf1EiyjHg==",
			"dev": true
		},
		"charenc": {
			"version": "0.0.2",
			"resolved": "https://registry.npmjs.org/charenc/-/charenc-0.0.2.tgz",
			"integrity": "sha1-wKHS86cJLgN3S/qD8UwPxXkKhmc=",
			"dev": true
		},
		"color-convert": {
			"version": "1.9.3",
			"resolved": "https://registry.npmjs.org/color-convert/-/color-convert-1.9.3.tgz",
			"integrity": "sha512-QfAUtd+vFdAtFQcC8CCyYt1fYWxSqAiK2cSD6zDB8N3cpsEBAvRxp9zOGg6G/SHHJYAT88/az/IuDGALsNVbGg==",
			"dev": true,
			"requires": {
				"color-name": "1.1.3"
			}
		},
		"color-name": {
			"version": "1.1.3",
			"resolved": "https://registry.npmjs.org/color-name/-/color-name-1.1.3.tgz",
			"integrity": "sha1-p9BVi9icQveV3UIyj3QIMcpTvCU=",
			"dev": true
		},
		"colors": {
			"version": "1.4.0",
			"resolved": "https://registry.npmjs.org/colors/-/colors-1.4.0.tgz",
			"integrity": "sha512-a+UqTh4kgZg/SlGvfbzDHpgRu7AAQOmmqRHJnxhRZICKFUT91brVhNNt58CMWU9PsBbv3PDCZUHbVxuDiH2mtA==",
			"dev": true
		},
		"crypt": {
			"version": "0.0.2",
			"resolved": "https://registry.npmjs.org/crypt/-/crypt-0.0.2.tgz",
			"integrity": "sha1-iNf/fsDfuG9xPch7u0LQRNPmxBs=",
			"dev": true
		},
		"diff": {
			"version": "4.0.2",
			"resolved": "https://registry.npmjs.org/diff/-/diff-4.0.2.tgz",
			"integrity": "sha512-58lmxKSA4BNyLz+HHMUzlOEpg09FV+ev6ZMe3vJihgdxzgcwZ8VoEEPmALCZG9LmqfVoNMMKpttIYTVG6uDY7A==",
			"dev": true
		},
		"emoji-regex": {
			"version": "8.0.0",
			"resolved": "https://registry.npmjs.org/emoji-regex/-/emoji-regex-8.0.0.tgz",
			"integrity": "sha512-MSjYzcWNOA0ewAHpz0MxpYFvwg6yjy1NG3xteoqz644VCo/RPgnr1/GGt+ic3iJTzQ8Eu3TdM14SawnVUmGE6A==",
			"dev": true
		},
		"esprima": {
			"version": "4.0.1",
			"resolved": "https://registry.npmjs.org/esprima/-/esprima-4.0.1.tgz",
			"integrity": "sha512-eGuFFw7Upda+g4p+QHvnW0RyTX/SVeJBDM/gCtMARO0cLuT2HcEKnTPvhjV6aGeqrCB/sbNop0Kszm0jsaWU4A==",
			"dev": true
		},
		"fast-deep-equal": {
			"version": "3.1.1",
			"resolved": "https://registry.npmjs.org/fast-deep-equal/-/fast-deep-equal-3.1.1.tgz",
			"integrity": "sha512-8UEa58QDLauDNfpbrX55Q9jrGHThw2ZMdOky5Gl1CDtVeJDPVrG4Jxx1N8jw2gkWaff5UUuX1KJd+9zGe2B+ZA==",
			"dev": true
		},
		"fast-json-stable-stringify": {
			"version": "2.1.0",
			"resolved": "https://registry.npmjs.org/fast-json-stable-stringify/-/fast-json-stable-stringify-2.1.0.tgz",
			"integrity": "sha512-lhd/wF+Lk98HZoTCtlVraHtfh5XYijIjalXck7saUtuanSDyLMxnHhSXEDJqHxD7msR8D0uCmqlkwjCV8xvwHw==",
			"dev": true
		},
		"is-buffer": {
			"version": "1.1.6",
			"resolved": "https://registry.npmjs.org/is-buffer/-/is-buffer-1.1.6.tgz",
			"integrity": "sha512-NcdALwpXkTm5Zvvbk7owOUSvVvBKDgKP5/ewfXEznmQFfs4ZRmanOeKBTjRVjka3QFoN6XJ+9F3USqfHqTaU5w==",
			"dev": true
		},
		"is-fullwidth-code-point": {
			"version": "3.0.0",
			"resolved": "https://registry.npmjs.org/is-fullwidth-code-point/-/is-fullwidth-code-point-3.0.0.tgz",
			"integrity": "sha512-zymm5+u+sCsSWyD9qNaejV3DFvhCKclKdizYaJUuHA83RLjb7nSuGnddCHGv0hk+KY7BMAlsWeK4Ueg6EV6XQg==",
			"dev": true
		},
		"jest-cdk-snapshot": {
			"version": "1.2.1",
			"resolved": "https://registry.npmjs.org/jest-cdk-snapshot/-/jest-cdk-snapshot-1.2.1.tgz",
			"integrity": "sha512-ZxhDrsB7EjB86WBVBvjffiYxBnR9pULJ/+CXmBuhj9oC7jNFcBSu2FyjUIcCCDmaD6J374hqucEUF7EiGVINdg==",
			"dev": true,
			"requires": {
				"js-yaml": "^3.13.1"
			}
		},
		"js-yaml": {
			"version": "3.13.1",
			"resolved": "https://registry.npmjs.org/js-yaml/-/js-yaml-3.13.1.tgz",
			"integrity": "sha512-YfbcO7jXDdyj0DGxYVSlSeQNHbD7XPWvrVWeVUujrQEoZzWJIRrCPoyk6kL6IAjAG2IolMK4T0hNUe0HOUs5Jw==",
			"dev": true,
			"requires": {
				"argparse": "^1.0.7",
				"esprima": "^4.0.0"
			}
		},
		"json-schema-traverse": {
			"version": "0.4.1",
			"resolved": "https://registry.npmjs.org/json-schema-traverse/-/json-schema-traverse-0.4.1.tgz",
			"integrity": "sha512-xbbCH5dCYU5T8LcEhhuh7HJ88HXuW3qsI3Y0zOZFKfZEHcpWiHU/Jxzk629Brsab/mMiHQti9wMP+845RPe3Vg==",
			"dev": true
		},
		"lodash": {
			"version": "4.17.15",
			"resolved": "https://registry.npmjs.org/lodash/-/lodash-4.17.15.tgz",
			"integrity": "sha512-8xOcRHvCjnocdS5cpwXQXVzmmh5e5+saE2QGoeQmbKmRS6J3VQppPOIt0MnmE+4xlZoumy0GPG0D0MVIQbNA1A==",
			"dev": true
		},
		"md5": {
			"version": "2.2.1",
			"resolved": "https://registry.npmjs.org/md5/-/md5-2.2.1.tgz",
			"integrity": "sha1-U6s41f48iJG6RlMp6iP6wFQBJvk=",
			"dev": true,
			"requires": {
				"charenc": "~0.0.1",
				"crypt": "~0.0.1",
				"is-buffer": "~1.1.1"
			}
		},
		"punycode": {
			"version": "2.1.1",
			"resolved": "https://registry.npmjs.org/punycode/-/punycode-2.1.1.tgz",
			"integrity": "sha512-XRsRjdf+j5ml+y/6GKHPZbrF/8p2Yga0JPtdqTIY2Xe5ohJPD9saDJJLPvp9+NSBprVvevdXZybnj2cv8OEd0A==",
			"dev": true
		},
		"slice-ansi": {
			"version": "2.1.0",
			"resolved": "https://registry.npmjs.org/slice-ansi/-/slice-ansi-2.1.0.tgz",
			"integrity": "sha512-Qu+VC3EwYLldKa1fCxuuvULvSJOKEgk9pi8dZeCVK7TqBfUNTH4sFkk4joj8afVSfAYgJoSOetjx9QWOJ5mYoQ==",
			"dev": true,
			"requires": {
				"ansi-styles": "^3.2.0",
				"astral-regex": "^1.0.0",
				"is-fullwidth-code-point": "^2.0.0"
			},
			"dependencies": {
				"is-fullwidth-code-point": {
					"version": "2.0.0",
					"resolved": "https://registry.npmjs.org/is-fullwidth-code-point/-/is-fullwidth-code-point-2.0.0.tgz",
					"integrity": "sha1-o7MKXE8ZkYMWeqq5O+764937ZU8=",
					"dev": true
				}
			}
		},
		"sprintf-js": {
			"version": "1.0.3",
			"resolved": "https://registry.npmjs.org/sprintf-js/-/sprintf-js-1.0.3.tgz",
			"integrity": "sha1-BOaSb2YolTVPPdAVIDYzuFcpfiw=",
			"dev": true
		},
		"string-width": {
			"version": "4.2.0",
			"resolved": "https://registry.npmjs.org/string-width/-/string-width-4.2.0.tgz",
			"integrity": "sha512-zUz5JD+tgqtuDjMhwIg5uFVV3dtqZ9yQJlZVfq4I01/K5Paj5UHj7VyrQOJvzawSVlKpObApbfD0Ed6yJc+1eg==",
			"dev": true,
			"requires": {
				"emoji-regex": "^8.0.0",
				"is-fullwidth-code-point": "^3.0.0",
				"strip-ansi": "^6.0.0"
			}
		},
		"strip-ansi": {
			"version": "6.0.0",
			"resolved": "https://registry.npmjs.org/strip-ansi/-/strip-ansi-6.0.0.tgz",
			"integrity": "sha512-AuvKTrTfQNYNIctbR1K/YGTR1756GycPsg7b9bdV9Duqur4gv6aKqHXah67Z8ImS7WEz5QVcOtlfW2rZEugt6w==",
			"dev": true,
			"requires": {
				"ansi-regex": "^5.0.0"
			}
		},
		"table": {
			"version": "5.4.6",
			"resolved": "https://registry.npmjs.org/table/-/table-5.4.6.tgz",
			"integrity": "sha512-wmEc8m4fjnob4gt5riFRtTu/6+4rSe12TpAELNSqHMfF3IqnA+CH37USM6/YR3qRZv7e56kAEAtd6nKZaxe0Ug==",
			"dev": true,
			"requires": {
				"ajv": "^6.10.2",
				"lodash": "^4.17.14",
				"slice-ansi": "^2.1.0",
				"string-width": "^3.0.0"
			},
			"dependencies": {
				"ansi-regex": {
					"version": "4.1.0",
					"resolved": "https://registry.npmjs.org/ansi-regex/-/ansi-regex-4.1.0.tgz",
					"integrity": "sha512-1apePfXM1UOSqw0o9IiFAovVz9M5S1Dg+4TrDwfMewQ6p/rmMueb7tWZjQ1rx4Loy1ArBggoqGpfqqdI4rondg==",
					"dev": true
				},
				"emoji-regex": {
					"version": "7.0.3",
					"resolved": "https://registry.npmjs.org/emoji-regex/-/emoji-regex-7.0.3.tgz",
					"integrity": "sha512-CwBLREIQ7LvYFB0WyRvwhq5N5qPhc6PMjD6bYggFlI5YyDgl+0vxq5VHbMOFqLg7hfWzmu8T5Z1QofhmTIhItA==",
					"dev": true
				},
				"is-fullwidth-code-point": {
					"version": "2.0.0",
					"resolved": "https://registry.npmjs.org/is-fullwidth-code-point/-/is-fullwidth-code-point-2.0.0.tgz",
					"integrity": "sha1-o7MKXE8ZkYMWeqq5O+764937ZU8=",
					"dev": true
				},
				"string-width": {
					"version": "3.1.0",
					"resolved": "https://registry.npmjs.org/string-width/-/string-width-3.1.0.tgz",
					"integrity": "sha512-vafcv6KjVZKSgz06oM/H6GDBrAtz8vdhQakGjFIvNrHA6y3HCF1CInLy+QLq8dTJPQ1b+KDUqDFctkdRW44e1w==",
					"dev": true,
					"requires": {
						"emoji-regex": "^7.0.1",
						"is-fullwidth-code-point": "^2.0.0",
						"strip-ansi": "^5.1.0"
					}
				},
				"strip-ansi": {
					"version": "5.2.0",
					"resolved": "https://registry.npmjs.org/strip-ansi/-/strip-ansi-5.2.0.tgz",
					"integrity": "sha512-DuRs1gKbBqsMKIZlrffwlug8MHkcnpjs5VPmL1PAh+mA30U0DTotfDZ0d2UUsXpPmPmMMJ6W773MaA3J+lbiWA==",
					"dev": true,
					"requires": {
						"ansi-regex": "^4.1.0"
					}
				}
			}
		},
		"typescript": {
			"version": "3.8.2",
			"resolved": "https://registry.npmjs.org/typescript/-/typescript-3.8.2.tgz",
			"integrity": "sha512-EgOVgL/4xfVrCMbhYKUQTdF37SQn4Iw73H5BgCrF1Abdun7Kwy/QZsE/ssAy0y4LxBbvua3PIbFsbRczWWnDdQ==",
			"dev": true
		},
		"uri-js": {
			"version": "4.2.2",
			"resolved": "https://registry.npmjs.org/uri-js/-/uri-js-4.2.2.tgz",
			"integrity": "sha512-KY9Frmirql91X2Qgjry0Wd4Y+YTdrdZheS8TFwvkbLWf/G5KNJDCh6pKL5OZctEW4+0Baa5idK2ZQuELRwPznQ==",
			"dev": true,
			"requires": {
				"punycode": "^2.1.0"
			}
		}
	}
}
